// !$*UTF8*$!
{
	archiveVersion = 1;
	classes = {
	};
	objectVersion = 45;
	objects = {

/* Begin PBXBuildFile section */
		1D60589F0D05DD5A006BFB54 /* Foundation.framework in Frameworks */ = {isa = PBXBuildFile; fileRef = 1D30AB110D05D00D00671497 /* Foundation.framework */; };
		1DF5F4E00D08C38300B7A737 /* UIKit.framework in Frameworks */ = {isa = PBXBuildFile; fileRef = 1DF5F4DF0D08C38300B7A737 /* UIKit.framework */; };
		288765FD0DF74451002DB57D /* CoreGraphics.framework in Frameworks */ = {isa = PBXBuildFile; fileRef = 288765FC0DF74451002DB57D /* CoreGraphics.framework */; };
		5326AEA810A23A0500278DE6 /* CoreLocation.framework in Frameworks */ = {isa = PBXBuildFile; fileRef = 5326AEA710A23A0500278DE6 /* CoreLocation.framework */; };
		53F323EB10A20EDB00E0DAE4 /* OpenAL.framework in Frameworks */ = {isa = PBXBuildFile; fileRef = 53F323EA10A20EDB00E0DAE4 /* OpenAL.framework */; };
		5E142AE9127E09F10072C153 /* saved_data in Resources */ = {isa = PBXBuildFile; fileRef = 5E142AE7127E09F10072C153 /* saved_data */; };
		5E25689710ED26CC00A9501C /* CppUnit.a in Frameworks */ = {isa = PBXBuildFile; fileRef = 5E25687010ED26CC00A9501C /* CppUnit.a */; };
		5E25689810ED26CC00A9501C /* PocoFoundation.a in Frameworks */ = {isa = PBXBuildFile; fileRef = 5E25687110ED26CC00A9501C /* PocoFoundation.a */; };
		5E25689910ED26CC00A9501C /* PocoNet.a in Frameworks */ = {isa = PBXBuildFile; fileRef = 5E25687210ED26CC00A9501C /* PocoNet.a */; };
		5E25689A10ED26CC00A9501C /* PocoUtil.a in Frameworks */ = {isa = PBXBuildFile; fileRef = 5E25687310ED26CC00A9501C /* PocoUtil.a */; };
		5E25689B10ED26CC00A9501C /* PocoXML.a in Frameworks */ = {isa = PBXBuildFile; fileRef = 5E25687410ED26CC00A9501C /* PocoXML.a */; };
		5E2568A410ED26CD00A9501C /* CppUnit.a in Frameworks */ = {isa = PBXBuildFile; fileRef = 5E25688010ED26CC00A9501C /* CppUnit.a */; };
		5E2568A510ED26CD00A9501C /* PocoFoundation.a in Frameworks */ = {isa = PBXBuildFile; fileRef = 5E25688110ED26CC00A9501C /* PocoFoundation.a */; };
		5E2568A610ED26CD00A9501C /* PocoNet.a in Frameworks */ = {isa = PBXBuildFile; fileRef = 5E25688210ED26CC00A9501C /* PocoNet.a */; };
		5E2568A710ED26CD00A9501C /* PocoUtil.a in Frameworks */ = {isa = PBXBuildFile; fileRef = 5E25688310ED26CC00A9501C /* PocoUtil.a */; };
		5E2568A810ED26CD00A9501C /* PocoXML.a in Frameworks */ = {isa = PBXBuildFile; fileRef = 5E25688410ED26CC00A9501C /* PocoXML.a */; };
		5E30B78D125D524100B68658 /* synthLink.mm in Sources */ = {isa = PBXBuildFile; fileRef = 5E30B78C125D524100B68658 /* synthLink.mm */; };
		5E5ECA51127C872E00DC5B9A /* FileOpsViewController.mm in Sources */ = {isa = PBXBuildFile; fileRef = 5E5ECA3D127C872E00DC5B9A /* FileOpsViewController.mm */; };
		5E5ECA52127C872E00DC5B9A /* LoadViewController.mm in Sources */ = {isa = PBXBuildFile; fileRef = 5E5ECA3F127C872E00DC5B9A /* LoadViewController.mm */; };
		5E5ECA53127C872E00DC5B9A /* MainController.mm in Sources */ = {isa = PBXBuildFile; fileRef = 5E5ECA41127C872E00DC5B9A /* MainController.mm */; };
		5E5ECA54127C872E00DC5B9A /* NotePopController.mm in Sources */ = {isa = PBXBuildFile; fileRef = 5E5ECA43127C872E00DC5B9A /* NotePopController.mm */; };
		5E5ECA55127C872E00DC5B9A /* SaveViewController.mm in Sources */ = {isa = PBXBuildFile; fileRef = 5E5ECA45127C872E00DC5B9A /* SaveViewController.mm */; };
		5E5ECA56127C872E00DC5B9A /* scrollView.mm in Sources */ = {isa = PBXBuildFile; fileRef = 5E5ECA47127C872E00DC5B9A /* scrollView.mm */; };
		5E5ECA57127C872E00DC5B9A /* speedController.mm in Sources */ = {isa = PBXBuildFile; fileRef = 5E5ECA49127C872E00DC5B9A /* speedController.mm */; };
		5E5ECA58127C872E00DC5B9A /* SynthEditController.mm in Sources */ = {isa = PBXBuildFile; fileRef = 5E5ECA4B127C872E00DC5B9A /* SynthEditController.mm */; };
		5E5ECA59127C872E00DC5B9A /* SynthListController.mm in Sources */ = {isa = PBXBuildFile; fileRef = 5E5ECA4D127C872E00DC5B9A /* SynthListController.mm */; };
		5E5ECA5A127C872E00DC5B9A /* TopBarController.mm in Sources */ = {isa = PBXBuildFile; fileRef = 5E5ECA4F127C872E00DC5B9A /* TopBarController.mm */; };
		5EAD8E27125571A80063BF47 /* MixerController.mm in Sources */ = {isa = PBXBuildFile; fileRef = 5EAD8E03125571A80063BF47 /* MixerController.mm */; };
		5EAD8E28125571A80063BF47 /* MoogFilter.mm in Sources */ = {isa = PBXBuildFile; fileRef = 5EAD8E05125571A80063BF47 /* MoogFilter.mm */; };
		5EAD8E29125571A80063BF47 /* synthUnit.cpp in Sources */ = {isa = PBXBuildFile; fileRef = 5EAD8E06125571A80063BF47 /* synthUnit.cpp */; };
		5EAD8E2F125571A80063BF47 /* Button.cpp in Sources */ = {isa = PBXBuildFile; fileRef = 5EAD8E15125571A80063BF47 /* Button.cpp */; };
		5EAD8E30125571A80063BF47 /* CircleButton.cpp in Sources */ = {isa = PBXBuildFile; fileRef = 5EAD8E17125571A80063BF47 /* CircleButton.cpp */; };
		5EAD8E31125571A80063BF47 /* MultiButton.cpp in Sources */ = {isa = PBXBuildFile; fileRef = 5EAD8E19125571A80063BF47 /* MultiButton.cpp */; };
		5EAD8E32125571A80063BF47 /* ofPointUtils.cpp in Sources */ = {isa = PBXBuildFile; fileRef = 5EAD8E1B125571A80063BF47 /* ofPointUtils.cpp */; };
		5EAD8E33125571A80063BF47 /* Slider.mm in Sources */ = {isa = PBXBuildFile; fileRef = 5EAD8E1E125571A80063BF47 /* Slider.mm */; };
		5EAD8E34125571A80063BF47 /* main.mm in Sources */ = {isa = PBXBuildFile; fileRef = 5EAD8E1F125571A80063BF47 /* main.mm */; };
		5EAD8E35125571A80063BF47 /* RootModel.mm in Sources */ = {isa = PBXBuildFile; fileRef = 5EAD8E22125571A80063BF47 /* RootModel.mm */; };
		5EAD8E36125571A80063BF47 /* SynthModel.mm in Sources */ = {isa = PBXBuildFile; fileRef = 5EAD8E24125571A80063BF47 /* SynthModel.mm */; };
		5EAD8E37125571A80063BF47 /* testApp.mm in Sources */ = {isa = PBXBuildFile; fileRef = 5EAD8E26125571A80063BF47 /* testApp.mm */; };
		5EAD8EB91255790A0063BF47 /* Default.png in Resources */ = {isa = PBXBuildFile; fileRef = 5EAD8E981255790A0063BF47 /* Default.png */; };
		5EAD8EBB1255790A0063BF47 /* Icon.png in Resources */ = {isa = PBXBuildFile; fileRef = 5EAD8E9A1255790A0063BF47 /* Icon.png */; };
		5EAD8ED71255790A0063BF47 /* test.data in Resources */ = {isa = PBXBuildFile; fileRef = 5EAD8EB71255790A0063BF47 /* test.data */; };
		5EAD8ED81255790A0063BF47 /* transparency.png in Resources */ = {isa = PBXBuildFile; fileRef = 5EAD8EB81255790A0063BF47 /* transparency.png */; };
		5EAD8EF5125579160063BF47 /* images in Resources */ = {isa = PBXBuildFile; fileRef = 5EAD8ED9125579160063BF47 /* images */; };
		5EAD8FA012557DBB0063BF47 /* freetype.a in Frameworks */ = {isa = PBXBuildFile; fileRef = 5EAD8F9F12557DBB0063BF47 /* freetype.a */; };
		5EAD90F8125793320063BF47 /* OpenDin.ttf in Resources */ = {isa = PBXBuildFile; fileRef = 5EAD90F7125793320063BF47 /* OpenDin.ttf */; };
		5EB30F461255672C00E3B866 /* ofxMSAInteractiveObject.cpp in Sources */ = {isa = PBXBuildFile; fileRef = 5EB30F3F1255672C00E3B866 /* ofxMSAInteractiveObject.cpp */; };
		5EB30F5C1255673D00E3B866 /* ofxColorBase.cpp in Sources */ = {isa = PBXBuildFile; fileRef = 5EB30F521255673D00E3B866 /* ofxColorBase.cpp */; };
		5ECD80C8126E1D7900AF36EC /* Icon@2x.png in Resources */ = {isa = PBXBuildFile; fileRef = 5ECD80C7126E1D7900AF36EC /* Icon@2x.png */; };
		BB16EBD20F2B2A9500518274 /* OpenGLES.framework in Frameworks */ = {isa = PBXBuildFile; fileRef = BB16EBD10F2B2A9500518274 /* OpenGLES.framework */; };
		BB16EBD90F2B2AB500518274 /* QuartzCore.framework in Frameworks */ = {isa = PBXBuildFile; fileRef = BB16EBD80F2B2AB500518274 /* QuartzCore.framework */; };
		BB24DDCA10DA781C00E9C588 /* ofxiphone-Info.plist in Resources */ = {isa = PBXBuildFile; fileRef = BB24DDC910DA781C00E9C588 /* ofxiphone-Info.plist */; };
		BBE5EAB80F49AD8400F28951 /* AudioToolbox.framework in Frameworks */ = {isa = PBXBuildFile; fileRef = BBE5EAB70F49AD8400F28951 /* AudioToolbox.framework */; };
		E434BF6512477ED500452519 /* freeimage-iphone.a in Frameworks */ = {isa = PBXBuildFile; fileRef = E434BF6412477ED500452519 /* freeimage-iphone.a */; };
		E434BF6812477EDE00452519 /* freeimage.a in Frameworks */ = {isa = PBXBuildFile; fileRef = E434BF6712477EDE00452519 /* freeimage.a */; };
		E434BF7312477FBA00452519 /* freetype-iphone.a in Frameworks */ = {isa = PBXBuildFile; fileRef = E434BF7212477FBA00452519 /* freetype-iphone.a */; };
		E496D5B11252C8210098A2B3 /* glu-iphone.a in Frameworks */ = {isa = PBXBuildFile; fileRef = E496D5AF1252C8210098A2B3 /* glu-iphone.a */; };
		E496D5B21252C8210098A2B3 /* glu.a in Frameworks */ = {isa = PBXBuildFile; fileRef = E496D5B01252C8210098A2B3 /* glu.a */; };
		E49BCC7A12554CD6009F19D0 /* libofxiPhone_iphoneos_Release.a in Frameworks */ = {isa = PBXBuildFile; fileRef = E49BCC5012554B6A009F19D0 /* libofxiPhone_iphoneos_Release.a */; };
/* End PBXBuildFile section */

/* Begin PBXContainerItemProxy section */
		E49BCC4F12554B6A009F19D0 /* PBXContainerItemProxy */ = {
			isa = PBXContainerItemProxy;
			containerPortal = E49BCC4812554B69009F19D0 /* iPhone+OF Lib.xcodeproj */;
			proxyType = 2;
			remoteGlobalIDString = BB24DED610DA7A3F00E9C588;
			remoteInfo = "iPhone+OF Static Library";
		};
		E49BCC6D12554C6C009F19D0 /* PBXContainerItemProxy */ = {
			isa = PBXContainerItemProxy;
			containerPortal = E49BCC4812554B69009F19D0 /* iPhone+OF Lib.xcodeproj */;
			proxyType = 1;
			remoteGlobalIDString = BB24DE5C10DA7A3F00E9C588;
			remoteInfo = "iPhone+OF Static Library";
		};
/* End PBXContainerItemProxy section */

/* Begin PBXFileReference section */
		1D30AB110D05D00D00671497 /* Foundation.framework */ = {isa = PBXFileReference; lastKnownFileType = wrapper.framework; name = Foundation.framework; path = System/Library/Frameworks/Foundation.framework; sourceTree = SDKROOT; };
		1D6058910D05DD3D006BFB54 /* wiresq.app */ = {isa = PBXFileReference; explicitFileType = wrapper.application; includeInIndex = 0; path = wiresq.app; sourceTree = BUILT_PRODUCTS_DIR; };
		1DF5F4DF0D08C38300B7A737 /* UIKit.framework */ = {isa = PBXFileReference; lastKnownFileType = wrapper.framework; name = UIKit.framework; path = System/Library/Frameworks/UIKit.framework; sourceTree = SDKROOT; };
		288765FC0DF74451002DB57D /* CoreGraphics.framework */ = {isa = PBXFileReference; lastKnownFileType = wrapper.framework; name = CoreGraphics.framework; path = System/Library/Frameworks/CoreGraphics.framework; sourceTree = SDKROOT; };
		32CA4F630368D1EE00C91783 /* iPhone_Prefix.pch */ = {isa = PBXFileReference; fileEncoding = 4; lastKnownFileType = sourcecode.c.h; path = iPhone_Prefix.pch; sourceTree = "<group>"; };
		5326AEA710A23A0500278DE6 /* CoreLocation.framework */ = {isa = PBXFileReference; lastKnownFileType = wrapper.framework; name = CoreLocation.framework; path = System/Library/Frameworks/CoreLocation.framework; sourceTree = SDKROOT; };
		53F323EA10A20EDB00E0DAE4 /* OpenAL.framework */ = {isa = PBXFileReference; lastKnownFileType = wrapper.framework; name = OpenAL.framework; path = System/Library/Frameworks/OpenAL.framework; sourceTree = SDKROOT; };
		5E142AE7127E09F10072C153 /* saved_data */ = {isa = PBXFileReference; lastKnownFileType = folder; name = saved_data; path = bin/data/saved_data; sourceTree = SOURCE_ROOT; };
		5E25687010ED26CC00A9501C /* CppUnit.a */ = {isa = PBXFileReference; lastKnownFileType = archive.ar; name = CppUnit.a; path = ../../../libs/poco/lib/iphone/CppUnit.a; sourceTree = SOURCE_ROOT; };
		5E25687110ED26CC00A9501C /* PocoFoundation.a */ = {isa = PBXFileReference; lastKnownFileType = archive.ar; name = PocoFoundation.a; path = ../../../libs/poco/lib/iphone/PocoFoundation.a; sourceTree = SOURCE_ROOT; };
		5E25687210ED26CC00A9501C /* PocoNet.a */ = {isa = PBXFileReference; lastKnownFileType = archive.ar; name = PocoNet.a; path = ../../../libs/poco/lib/iphone/PocoNet.a; sourceTree = SOURCE_ROOT; };
		5E25687310ED26CC00A9501C /* PocoUtil.a */ = {isa = PBXFileReference; lastKnownFileType = archive.ar; name = PocoUtil.a; path = ../../../libs/poco/lib/iphone/PocoUtil.a; sourceTree = SOURCE_ROOT; };
		5E25687410ED26CC00A9501C /* PocoXML.a */ = {isa = PBXFileReference; lastKnownFileType = archive.ar; name = PocoXML.a; path = ../../../libs/poco/lib/iphone/PocoXML.a; sourceTree = SOURCE_ROOT; };
		5E25688010ED26CC00A9501C /* CppUnit.a */ = {isa = PBXFileReference; lastKnownFileType = archive.ar; name = CppUnit.a; path = ../../../libs/poco/lib/osx/CppUnit.a; sourceTree = SOURCE_ROOT; };
		5E25688110ED26CC00A9501C /* PocoFoundation.a */ = {isa = PBXFileReference; lastKnownFileType = archive.ar; name = PocoFoundation.a; path = ../../../libs/poco/lib/osx/PocoFoundation.a; sourceTree = SOURCE_ROOT; };
		5E25688210ED26CC00A9501C /* PocoNet.a */ = {isa = PBXFileReference; lastKnownFileType = archive.ar; name = PocoNet.a; path = ../../../libs/poco/lib/osx/PocoNet.a; sourceTree = SOURCE_ROOT; };
		5E25688310ED26CC00A9501C /* PocoUtil.a */ = {isa = PBXFileReference; lastKnownFileType = archive.ar; name = PocoUtil.a; path = ../../../libs/poco/lib/osx/PocoUtil.a; sourceTree = SOURCE_ROOT; };
		5E25688410ED26CC00A9501C /* PocoXML.a */ = {isa = PBXFileReference; lastKnownFileType = archive.ar; name = PocoXML.a; path = ../../../libs/poco/lib/osx/PocoXML.a; sourceTree = SOURCE_ROOT; };
		5E30B78B125D524100B68658 /* synthLink.h */ = {isa = PBXFileReference; fileEncoding = 4; lastKnownFileType = sourcecode.c.h; name = synthLink.h; path = openFrameworks/apps/my_apps/ww_working/src/models/synthLink.h; sourceTree = DEVELOPER_DIR; };
		5E30B78C125D524100B68658 /* synthLink.mm */ = {isa = PBXFileReference; fileEncoding = 4; lastKnownFileType = sourcecode.cpp.objcpp; name = synthLink.mm; path = openFrameworks/apps/my_apps/ww_working/src/models/synthLink.mm; sourceTree = DEVELOPER_DIR; };
		5E5ECA3C127C872E00DC5B9A /* FileOpsViewController.h */ = {isa = PBXFileReference; fileEncoding = 4; lastKnownFileType = sourcecode.c.h; name = FileOpsViewController.h; path = openFrameworks/apps/my_apps/ww_working/src/controllers/FileOpsViewController.h; sourceTree = DEVELOPER_DIR; };
		5E5ECA3D127C872E00DC5B9A /* FileOpsViewController.mm */ = {isa = PBXFileReference; fileEncoding = 4; lastKnownFileType = sourcecode.cpp.objcpp; name = FileOpsViewController.mm; path = openFrameworks/apps/my_apps/ww_working/src/controllers/FileOpsViewController.mm; sourceTree = DEVELOPER_DIR; };
		5E5ECA3E127C872E00DC5B9A /* LoadViewController.h */ = {isa = PBXFileReference; fileEncoding = 4; lastKnownFileType = sourcecode.c.h; name = LoadViewController.h; path = openFrameworks/apps/my_apps/ww_working/src/controllers/LoadViewController.h; sourceTree = DEVELOPER_DIR; };
		5E5ECA3F127C872E00DC5B9A /* LoadViewController.mm */ = {isa = PBXFileReference; fileEncoding = 4; lastKnownFileType = sourcecode.cpp.objcpp; name = LoadViewController.mm; path = openFrameworks/apps/my_apps/ww_working/src/controllers/LoadViewController.mm; sourceTree = DEVELOPER_DIR; };
		5E5ECA40127C872E00DC5B9A /* MainController.h */ = {isa = PBXFileReference; fileEncoding = 4; lastKnownFileType = sourcecode.c.h; name = MainController.h; path = src/controllers/MainController.h; sourceTree = SOURCE_ROOT; };
		5E5ECA41127C872E00DC5B9A /* MainController.mm */ = {isa = PBXFileReference; fileEncoding = 4; lastKnownFileType = sourcecode.cpp.objcpp; name = MainController.mm; path = src/controllers/MainController.mm; sourceTree = SOURCE_ROOT; };
		5E5ECA42127C872E00DC5B9A /* NotePopController.h */ = {isa = PBXFileReference; fileEncoding = 4; lastKnownFileType = sourcecode.c.h; name = NotePopController.h; path = src/controllers/NotePopController.h; sourceTree = SOURCE_ROOT; };
		5E5ECA43127C872E00DC5B9A /* NotePopController.mm */ = {isa = PBXFileReference; fileEncoding = 4; lastKnownFileType = sourcecode.cpp.objcpp; name = NotePopController.mm; path = src/controllers/NotePopController.mm; sourceTree = SOURCE_ROOT; };
		5E5ECA44127C872E00DC5B9A /* SaveViewController.h */ = {isa = PBXFileReference; fileEncoding = 4; lastKnownFileType = sourcecode.c.h; name = SaveViewController.h; path = openFrameworks/apps/my_apps/ww_working/src/controllers/SaveViewController.h; sourceTree = DEVELOPER_DIR; };
		5E5ECA45127C872E00DC5B9A /* SaveViewController.mm */ = {isa = PBXFileReference; fileEncoding = 4; lastKnownFileType = sourcecode.cpp.objcpp; name = SaveViewController.mm; path = openFrameworks/apps/my_apps/ww_working/src/controllers/SaveViewController.mm; sourceTree = DEVELOPER_DIR; };
		5E5ECA46127C872E00DC5B9A /* scrollView.h */ = {isa = PBXFileReference; fileEncoding = 4; lastKnownFileType = sourcecode.c.h; name = scrollView.h; path = src/controllers/scrollView.h; sourceTree = SOURCE_ROOT; };
		5E5ECA47127C872E00DC5B9A /* scrollView.mm */ = {isa = PBXFileReference; fileEncoding = 4; lastKnownFileType = sourcecode.cpp.objcpp; name = scrollView.mm; path = src/controllers/scrollView.mm; sourceTree = SOURCE_ROOT; };
		5E5ECA48127C872E00DC5B9A /* speedController.h */ = {isa = PBXFileReference; fileEncoding = 4; lastKnownFileType = sourcecode.c.h; name = speedController.h; path = src/controllers/speedController.h; sourceTree = SOURCE_ROOT; };
		5E5ECA49127C872E00DC5B9A /* speedController.mm */ = {isa = PBXFileReference; fileEncoding = 4; lastKnownFileType = sourcecode.cpp.objcpp; name = speedController.mm; path = src/controllers/speedController.mm; sourceTree = SOURCE_ROOT; };
		5E5ECA4A127C872E00DC5B9A /* SynthEditController.h */ = {isa = PBXFileReference; fileEncoding = 4; lastKnownFileType = sourcecode.c.h; name = SynthEditController.h; path = src/controllers/SynthEditController.h; sourceTree = SOURCE_ROOT; };
		5E5ECA4B127C872E00DC5B9A /* SynthEditController.mm */ = {isa = PBXFileReference; fileEncoding = 4; lastKnownFileType = sourcecode.cpp.objcpp; name = SynthEditController.mm; path = src/controllers/SynthEditController.mm; sourceTree = SOURCE_ROOT; };
		5E5ECA4C127C872E00DC5B9A /* SynthListController.h */ = {isa = PBXFileReference; fileEncoding = 4; lastKnownFileType = sourcecode.c.h; name = SynthListController.h; path = src/controllers/SynthListController.h; sourceTree = SOURCE_ROOT; };
		5E5ECA4D127C872E00DC5B9A /* SynthListController.mm */ = {isa = PBXFileReference; fileEncoding = 4; lastKnownFileType = sourcecode.cpp.objcpp; name = SynthListController.mm; path = src/controllers/SynthListController.mm; sourceTree = SOURCE_ROOT; };
		5E5ECA4E127C872E00DC5B9A /* TopBarController.h */ = {isa = PBXFileReference; fileEncoding = 4; lastKnownFileType = sourcecode.c.h; name = TopBarController.h; path = src/controllers/TopBarController.h; sourceTree = SOURCE_ROOT; };
		5E5ECA4F127C872E00DC5B9A /* TopBarController.mm */ = {isa = PBXFileReference; fileEncoding = 4; lastKnownFileType = sourcecode.cpp.objcpp; name = TopBarController.mm; path = src/controllers/TopBarController.mm; sourceTree = SOURCE_ROOT; };
		5EAD8E02125571A80063BF47 /* MixerController.h */ = {isa = PBXFileReference; fileEncoding = 4; lastKnownFileType = sourcecode.c.h; name = MixerController.h; path = src/audioSystem/MixerController.h; sourceTree = SOURCE_ROOT; };
		5EAD8E03125571A80063BF47 /* MixerController.mm */ = {isa = PBXFileReference; fileEncoding = 4; lastKnownFileType = sourcecode.cpp.objcpp; name = MixerController.mm; path = src/audioSystem/MixerController.mm; sourceTree = SOURCE_ROOT; };
		5EAD8E04125571A80063BF47 /* MoogFilter.h */ = {isa = PBXFileReference; fileEncoding = 4; lastKnownFileType = sourcecode.c.h; name = MoogFilter.h; path = src/audioSystem/MoogFilter.h; sourceTree = SOURCE_ROOT; };
		5EAD8E05125571A80063BF47 /* MoogFilter.mm */ = {isa = PBXFileReference; fileEncoding = 4; lastKnownFileType = sourcecode.cpp.objcpp; name = MoogFilter.mm; path = src/audioSystem/MoogFilter.mm; sourceTree = SOURCE_ROOT; };
		5EAD8E06125571A80063BF47 /* synthUnit.cpp */ = {isa = PBXFileReference; fileEncoding = 4; lastKnownFileType = sourcecode.cpp.cpp; name = synthUnit.cpp; path = src/audioSystem/synthUnit.cpp; sourceTree = SOURCE_ROOT; };
		5EAD8E07125571A80063BF47 /* synthUnit.h */ = {isa = PBXFileReference; fileEncoding = 4; lastKnownFileType = sourcecode.c.h; name = synthUnit.h; path = src/audioSystem/synthUnit.h; sourceTree = SOURCE_ROOT; };
		5EAD8E13125571A80063BF47 /* defines.h */ = {isa = PBXFileReference; fileEncoding = 4; lastKnownFileType = sourcecode.c.h; name = defines.h; path = src/defines.h; sourceTree = SOURCE_ROOT; };
		5EAD8E15125571A80063BF47 /* Button.cpp */ = {isa = PBXFileReference; fileEncoding = 4; lastKnownFileType = sourcecode.cpp.cpp; name = Button.cpp; path = src/interface/Button.cpp; sourceTree = SOURCE_ROOT; };
		5EAD8E16125571A80063BF47 /* Button.h */ = {isa = PBXFileReference; fileEncoding = 4; lastKnownFileType = sourcecode.c.h; name = Button.h; path = src/interface/Button.h; sourceTree = SOURCE_ROOT; };
		5EAD8E17125571A80063BF47 /* CircleButton.cpp */ = {isa = PBXFileReference; fileEncoding = 4; lastKnownFileType = sourcecode.cpp.cpp; name = CircleButton.cpp; path = src/interface/CircleButton.cpp; sourceTree = SOURCE_ROOT; };
		5EAD8E18125571A80063BF47 /* CircleButton.h */ = {isa = PBXFileReference; fileEncoding = 4; lastKnownFileType = sourcecode.c.h; name = CircleButton.h; path = src/interface/CircleButton.h; sourceTree = SOURCE_ROOT; };
		5EAD8E19125571A80063BF47 /* MultiButton.cpp */ = {isa = PBXFileReference; fileEncoding = 4; lastKnownFileType = sourcecode.cpp.cpp; name = MultiButton.cpp; path = src/interface/MultiButton.cpp; sourceTree = SOURCE_ROOT; };
		5EAD8E1A125571A80063BF47 /* MultiButton.h */ = {isa = PBXFileReference; fileEncoding = 4; lastKnownFileType = sourcecode.c.h; name = MultiButton.h; path = src/interface/MultiButton.h; sourceTree = SOURCE_ROOT; };
		5EAD8E1B125571A80063BF47 /* ofPointUtils.cpp */ = {isa = PBXFileReference; fileEncoding = 4; lastKnownFileType = sourcecode.cpp.cpp; name = ofPointUtils.cpp; path = src/interface/ofPointUtils.cpp; sourceTree = SOURCE_ROOT; };
		5EAD8E1C125571A80063BF47 /* ofPointUtils.h */ = {isa = PBXFileReference; fileEncoding = 4; lastKnownFileType = sourcecode.c.h; name = ofPointUtils.h; path = src/interface/ofPointUtils.h; sourceTree = SOURCE_ROOT; };
		5EAD8E1D125571A80063BF47 /* Slider.h */ = {isa = PBXFileReference; fileEncoding = 4; lastKnownFileType = sourcecode.c.h; name = Slider.h; path = src/interface/Slider.h; sourceTree = SOURCE_ROOT; };
		5EAD8E1E125571A80063BF47 /* Slider.mm */ = {isa = PBXFileReference; fileEncoding = 4; lastKnownFileType = sourcecode.cpp.objcpp; name = Slider.mm; path = src/interface/Slider.mm; sourceTree = SOURCE_ROOT; };
		5EAD8E1F125571A80063BF47 /* main.mm */ = {isa = PBXFileReference; fileEncoding = 4; lastKnownFileType = sourcecode.cpp.objcpp; name = main.mm; path = openFrameworks/apps/my_apps/ww_working/src/main.mm; sourceTree = DEVELOPER_DIR; };
		5EAD8E21125571A80063BF47 /* RootModel.h */ = {isa = PBXFileReference; fileEncoding = 4; lastKnownFileType = sourcecode.c.h; name = RootModel.h; path = src/models/RootModel.h; sourceTree = SOURCE_ROOT; };
		5EAD8E22125571A80063BF47 /* RootModel.mm */ = {isa = PBXFileReference; fileEncoding = 4; lastKnownFileType = sourcecode.cpp.objcpp; name = RootModel.mm; path = src/models/RootModel.mm; sourceTree = SOURCE_ROOT; };
		5EAD8E23125571A80063BF47 /* SynthModel.h */ = {isa = PBXFileReference; fileEncoding = 4; lastKnownFileType = sourcecode.c.h; name = SynthModel.h; path = src/models/SynthModel.h; sourceTree = SOURCE_ROOT; };
		5EAD8E24125571A80063BF47 /* SynthModel.mm */ = {isa = PBXFileReference; fileEncoding = 4; lastKnownFileType = sourcecode.cpp.objcpp; name = SynthModel.mm; path = src/models/SynthModel.mm; sourceTree = SOURCE_ROOT; };
		5EAD8E25125571A80063BF47 /* testApp.h */ = {isa = PBXFileReference; fileEncoding = 4; lastKnownFileType = sourcecode.c.h; name = testApp.h; path = src/testApp.h; sourceTree = SOURCE_ROOT; };
		5EAD8E26125571A80063BF47 /* testApp.mm */ = {isa = PBXFileReference; fileEncoding = 4; lastKnownFileType = sourcecode.cpp.objcpp; name = testApp.mm; path = src/testApp.mm; sourceTree = SOURCE_ROOT; };
		5EAD8E981255790A0063BF47 /* Default.png */ = {isa = PBXFileReference; lastKnownFileType = image.png; name = Default.png; path = bin/data/Default.png; sourceTree = SOURCE_ROOT; };
		5EAD8E9A1255790A0063BF47 /* Icon.png */ = {isa = PBXFileReference; lastKnownFileType = image.png; name = Icon.png; path = bin/data/Icon.png; sourceTree = SOURCE_ROOT; };
		5EAD8EB71255790A0063BF47 /* test.data */ = {isa = PBXFileReference; fileEncoding = 4; lastKnownFileType = text; name = test.data; path = bin/data/test.data; sourceTree = SOURCE_ROOT; };
		5EAD8EB81255790A0063BF47 /* transparency.png */ = {isa = PBXFileReference; lastKnownFileType = image.png; name = transparency.png; path = bin/data/transparency.png; sourceTree = SOURCE_ROOT; };
		5EAD8ED9125579160063BF47 /* images */ = {isa = PBXFileReference; lastKnownFileType = folder; name = images; path = bin/data/images; sourceTree = SOURCE_ROOT; };
		5EAD8F9F12557DBB0063BF47 /* freetype.a */ = {isa = PBXFileReference; lastKnownFileType = archive.ar; name = freetype.a; path = ../../../libs/freetype/lib/osx/freetype.a; sourceTree = SOURCE_ROOT; };
		5EAD90F7125793320063BF47 /* OpenDin.ttf */ = {isa = PBXFileReference; lastKnownFileType = file; name = OpenDin.ttf; path = bin/data/OpenDin.ttf; sourceTree = SOURCE_ROOT; };
		5EAD91E91257CC790063BF47 /* MSAShape3D.h */ = {isa = PBXFileReference; fileEncoding = 4; lastKnownFileType = sourcecode.c.h; name = MSAShape3D.h; path = ../../../addons/msalibs/MSAShape3D/src/MSAShape3D.h; sourceTree = SOURCE_ROOT; };
		5EB30F3F1255672C00E3B866 /* ofxMSAInteractiveObject.cpp */ = {isa = PBXFileReference; fileEncoding = 4; lastKnownFileType = sourcecode.cpp.cpp; name = ofxMSAInteractiveObject.cpp; path = ../../../addons/msalibs/ofxMSAInteractiveObject/src/ofxMSAInteractiveObject.cpp; sourceTree = SOURCE_ROOT; };
		5EB30F401255672C00E3B866 /* ofxMSAInteractiveObject.h */ = {isa = PBXFileReference; fileEncoding = 4; lastKnownFileType = sourcecode.c.h; name = ofxMSAInteractiveObject.h; path = ../../../addons/msalibs/ofxMSAInteractiveObject/src/ofxMSAInteractiveObject.h; sourceTree = SOURCE_ROOT; };
		5EB30F511255673D00E3B866 /* ofxColor.h */ = {isa = PBXFileReference; fileEncoding = 4; lastKnownFileType = sourcecode.c.h; name = ofxColor.h; path = ../../../addons/kyleLibs/ofxColor/src/ofxColor.h; sourceTree = SOURCE_ROOT; };
		5EB30F521255673D00E3B866 /* ofxColorBase.cpp */ = {isa = PBXFileReference; fileEncoding = 4; lastKnownFileType = sourcecode.cpp.cpp; name = ofxColorBase.cpp; path = ../../../addons/kyleLibs/ofxColor/src/ofxColorBase.cpp; sourceTree = SOURCE_ROOT; };
		5EB30F531255673D00E3B866 /* ofxColorBase.h */ = {isa = PBXFileReference; fileEncoding = 4; lastKnownFileType = sourcecode.c.h; name = ofxColorBase.h; path = ../../../addons/kyleLibs/ofxColor/src/ofxColorBase.h; sourceTree = SOURCE_ROOT; };
		5EB30F541255673D00E3B866 /* ofxColorConversion.h */ = {isa = PBXFileReference; fileEncoding = 4; lastKnownFileType = sourcecode.c.h; name = ofxColorConversion.h; path = ../../../addons/kyleLibs/ofxColor/src/ofxColorConversion.h; sourceTree = SOURCE_ROOT; };
		5EB30F551255673D00E3B866 /* ofxColorMatching.h */ = {isa = PBXFileReference; fileEncoding = 4; lastKnownFileType = sourcecode.c.h; name = ofxColorMatching.h; path = ../../../addons/kyleLibs/ofxColor/src/ofxColorMatching.h; sourceTree = SOURCE_ROOT; };
		5EB30F561255673D00E3B866 /* ofxColorMath.h */ = {isa = PBXFileReference; fileEncoding = 4; lastKnownFileType = sourcecode.c.h; name = ofxColorMath.h; path = ../../../addons/kyleLibs/ofxColor/src/ofxColorMath.h; sourceTree = SOURCE_ROOT; };
		5EB30F571255673D00E3B866 /* ofxColorShared.h */ = {isa = PBXFileReference; fileEncoding = 4; lastKnownFileType = sourcecode.c.h; name = ofxColorShared.h; path = ../../../addons/kyleLibs/ofxColor/src/ofxColorShared.h; sourceTree = SOURCE_ROOT; };
		5ECD80C7126E1D7900AF36EC /* Icon@2x.png */ = {isa = PBXFileReference; lastKnownFileType = image.png; name = "Icon@2x.png"; path = "openFrameworks/apps/my_apps/ww_working/bin/data/Icon@2x.png"; sourceTree = DEVELOPER_DIR; };
		BB16EBD10F2B2A9500518274 /* OpenGLES.framework */ = {isa = PBXFileReference; lastKnownFileType = wrapper.framework; name = OpenGLES.framework; path = System/Library/Frameworks/OpenGLES.framework; sourceTree = SDKROOT; };
		BB16EBD80F2B2AB500518274 /* QuartzCore.framework */ = {isa = PBXFileReference; lastKnownFileType = wrapper.framework; name = QuartzCore.framework; path = System/Library/Frameworks/QuartzCore.framework; sourceTree = SDKROOT; };
		BB24DDC910DA781C00E9C588 /* ofxiphone-Info.plist */ = {isa = PBXFileReference; fileEncoding = 4; lastKnownFileType = text.plist.xml; path = "ofxiphone-Info.plist"; sourceTree = "<group>"; };
		BB24DDCF10DA784F00E9C588 /* FreeImage.h */ = {isa = PBXFileReference; fileEncoding = 4; lastKnownFileType = sourcecode.c.h; path = FreeImage.h; sourceTree = "<group>"; };
		BB24DDE210DA785000E9C588 /* ftconfig.h */ = {isa = PBXFileReference; fileEncoding = 4; lastKnownFileType = sourcecode.c.h; path = ftconfig.h; sourceTree = "<group>"; };
		BB24DDE310DA785000E9C588 /* ftheader.h */ = {isa = PBXFileReference; fileEncoding = 4; lastKnownFileType = sourcecode.c.h; path = ftheader.h; sourceTree = "<group>"; };
		BB24DDE410DA785000E9C588 /* ftmodule.h */ = {isa = PBXFileReference; fileEncoding = 4; lastKnownFileType = sourcecode.c.h; path = ftmodule.h; sourceTree = "<group>"; };
		BB24DDE510DA785000E9C588 /* ftoption.h */ = {isa = PBXFileReference; fileEncoding = 4; lastKnownFileType = sourcecode.c.h; path = ftoption.h; sourceTree = "<group>"; };
		BB24DDE610DA785000E9C588 /* ftstdlib.h */ = {isa = PBXFileReference; fileEncoding = 4; lastKnownFileType = sourcecode.c.h; path = ftstdlib.h; sourceTree = "<group>"; };
		BB24DDE710DA785000E9C588 /* freetype.h */ = {isa = PBXFileReference; fileEncoding = 4; lastKnownFileType = sourcecode.c.h; path = freetype.h; sourceTree = "<group>"; };
		BB24DDE810DA785000E9C588 /* ftbbox.h */ = {isa = PBXFileReference; fileEncoding = 4; lastKnownFileType = sourcecode.c.h; path = ftbbox.h; sourceTree = "<group>"; };
		BB24DDE910DA785000E9C588 /* ftbdf.h */ = {isa = PBXFileReference; fileEncoding = 4; lastKnownFileType = sourcecode.c.h; path = ftbdf.h; sourceTree = "<group>"; };
		BB24DDEA10DA785000E9C588 /* ftbitmap.h */ = {isa = PBXFileReference; fileEncoding = 4; lastKnownFileType = sourcecode.c.h; path = ftbitmap.h; sourceTree = "<group>"; };
		BB24DDEB10DA785000E9C588 /* ftcache.h */ = {isa = PBXFileReference; fileEncoding = 4; lastKnownFileType = sourcecode.c.h; path = ftcache.h; sourceTree = "<group>"; };
		BB24DDEC10DA785000E9C588 /* ftchapters.h */ = {isa = PBXFileReference; fileEncoding = 4; lastKnownFileType = sourcecode.c.h; path = ftchapters.h; sourceTree = "<group>"; };
		BB24DDED10DA785000E9C588 /* fterrdef.h */ = {isa = PBXFileReference; fileEncoding = 4; lastKnownFileType = sourcecode.c.h; path = fterrdef.h; sourceTree = "<group>"; };
		BB24DDEE10DA785000E9C588 /* fterrors.h */ = {isa = PBXFileReference; fileEncoding = 4; lastKnownFileType = sourcecode.c.h; path = fterrors.h; sourceTree = "<group>"; };
		BB24DDEF10DA785000E9C588 /* ftgasp.h */ = {isa = PBXFileReference; fileEncoding = 4; lastKnownFileType = sourcecode.c.h; path = ftgasp.h; sourceTree = "<group>"; };
		BB24DDF010DA785000E9C588 /* ftglyph.h */ = {isa = PBXFileReference; fileEncoding = 4; lastKnownFileType = sourcecode.c.h; path = ftglyph.h; sourceTree = "<group>"; };
		BB24DDF110DA785000E9C588 /* ftgxval.h */ = {isa = PBXFileReference; fileEncoding = 4; lastKnownFileType = sourcecode.c.h; path = ftgxval.h; sourceTree = "<group>"; };
		BB24DDF210DA785000E9C588 /* ftgzip.h */ = {isa = PBXFileReference; fileEncoding = 4; lastKnownFileType = sourcecode.c.h; path = ftgzip.h; sourceTree = "<group>"; };
		BB24DDF310DA785000E9C588 /* ftimage.h */ = {isa = PBXFileReference; fileEncoding = 4; lastKnownFileType = sourcecode.c.h; path = ftimage.h; sourceTree = "<group>"; };
		BB24DDF410DA785000E9C588 /* ftincrem.h */ = {isa = PBXFileReference; fileEncoding = 4; lastKnownFileType = sourcecode.c.h; path = ftincrem.h; sourceTree = "<group>"; };
		BB24DDF510DA785000E9C588 /* ftlcdfil.h */ = {isa = PBXFileReference; fileEncoding = 4; lastKnownFileType = sourcecode.c.h; path = ftlcdfil.h; sourceTree = "<group>"; };
		BB24DDF610DA785000E9C588 /* ftlist.h */ = {isa = PBXFileReference; fileEncoding = 4; lastKnownFileType = sourcecode.c.h; path = ftlist.h; sourceTree = "<group>"; };
		BB24DDF710DA785000E9C588 /* ftlzw.h */ = {isa = PBXFileReference; fileEncoding = 4; lastKnownFileType = sourcecode.c.h; path = ftlzw.h; sourceTree = "<group>"; };
		BB24DDF810DA785000E9C588 /* ftmac.h */ = {isa = PBXFileReference; fileEncoding = 4; lastKnownFileType = sourcecode.c.h; path = ftmac.h; sourceTree = "<group>"; };
		BB24DDF910DA785000E9C588 /* ftmm.h */ = {isa = PBXFileReference; fileEncoding = 4; lastKnownFileType = sourcecode.c.h; path = ftmm.h; sourceTree = "<group>"; };
		BB24DDFA10DA785000E9C588 /* ftmodapi.h */ = {isa = PBXFileReference; fileEncoding = 4; lastKnownFileType = sourcecode.c.h; path = ftmodapi.h; sourceTree = "<group>"; };
		BB24DDFB10DA785000E9C588 /* ftmoderr.h */ = {isa = PBXFileReference; fileEncoding = 4; lastKnownFileType = sourcecode.c.h; path = ftmoderr.h; sourceTree = "<group>"; };
		BB24DDFC10DA785000E9C588 /* ftotval.h */ = {isa = PBXFileReference; fileEncoding = 4; lastKnownFileType = sourcecode.c.h; path = ftotval.h; sourceTree = "<group>"; };
		BB24DDFD10DA785000E9C588 /* ftoutln.h */ = {isa = PBXFileReference; fileEncoding = 4; lastKnownFileType = sourcecode.c.h; path = ftoutln.h; sourceTree = "<group>"; };
		BB24DDFE10DA785000E9C588 /* ftpfr.h */ = {isa = PBXFileReference; fileEncoding = 4; lastKnownFileType = sourcecode.c.h; path = ftpfr.h; sourceTree = "<group>"; };
		BB24DDFF10DA785000E9C588 /* ftrender.h */ = {isa = PBXFileReference; fileEncoding = 4; lastKnownFileType = sourcecode.c.h; path = ftrender.h; sourceTree = "<group>"; };
		BB24DE0010DA785000E9C588 /* ftsizes.h */ = {isa = PBXFileReference; fileEncoding = 4; lastKnownFileType = sourcecode.c.h; path = ftsizes.h; sourceTree = "<group>"; };
		BB24DE0110DA785000E9C588 /* ftsnames.h */ = {isa = PBXFileReference; fileEncoding = 4; lastKnownFileType = sourcecode.c.h; path = ftsnames.h; sourceTree = "<group>"; };
		BB24DE0210DA785000E9C588 /* ftstroke.h */ = {isa = PBXFileReference; fileEncoding = 4; lastKnownFileType = sourcecode.c.h; path = ftstroke.h; sourceTree = "<group>"; };
		BB24DE0310DA785000E9C588 /* ftsynth.h */ = {isa = PBXFileReference; fileEncoding = 4; lastKnownFileType = sourcecode.c.h; path = ftsynth.h; sourceTree = "<group>"; };
		BB24DE0410DA785000E9C588 /* ftsystem.h */ = {isa = PBXFileReference; fileEncoding = 4; lastKnownFileType = sourcecode.c.h; path = ftsystem.h; sourceTree = "<group>"; };
		BB24DE0510DA785000E9C588 /* fttrigon.h */ = {isa = PBXFileReference; fileEncoding = 4; lastKnownFileType = sourcecode.c.h; path = fttrigon.h; sourceTree = "<group>"; };
		BB24DE0610DA785000E9C588 /* fttypes.h */ = {isa = PBXFileReference; fileEncoding = 4; lastKnownFileType = sourcecode.c.h; path = fttypes.h; sourceTree = "<group>"; };
		BB24DE0710DA785000E9C588 /* ftwinfnt.h */ = {isa = PBXFileReference; fileEncoding = 4; lastKnownFileType = sourcecode.c.h; path = ftwinfnt.h; sourceTree = "<group>"; };
		BB24DE0810DA785000E9C588 /* ftxf86.h */ = {isa = PBXFileReference; fileEncoding = 4; lastKnownFileType = sourcecode.c.h; path = ftxf86.h; sourceTree = "<group>"; };
		BB24DE0910DA785000E9C588 /* t1tables.h */ = {isa = PBXFileReference; fileEncoding = 4; lastKnownFileType = sourcecode.c.h; path = t1tables.h; sourceTree = "<group>"; };
		BB24DE0A10DA785000E9C588 /* ttnameid.h */ = {isa = PBXFileReference; fileEncoding = 4; lastKnownFileType = sourcecode.c.h; path = ttnameid.h; sourceTree = "<group>"; };
		BB24DE0B10DA785000E9C588 /* tttables.h */ = {isa = PBXFileReference; fileEncoding = 4; lastKnownFileType = sourcecode.c.h; path = tttables.h; sourceTree = "<group>"; };
		BB24DE0C10DA785000E9C588 /* tttags.h */ = {isa = PBXFileReference; fileEncoding = 4; lastKnownFileType = sourcecode.c.h; path = tttags.h; sourceTree = "<group>"; };
		BB24DE0D10DA785000E9C588 /* ttunpat.h */ = {isa = PBXFileReference; fileEncoding = 4; lastKnownFileType = sourcecode.c.h; path = ttunpat.h; sourceTree = "<group>"; };
		BB24DE0E10DA785000E9C588 /* ft2build.h */ = {isa = PBXFileReference; fileEncoding = 4; lastKnownFileType = sourcecode.c.h; path = ft2build.h; sourceTree = "<group>"; };
		BBE5EAB70F49AD8400F28951 /* AudioToolbox.framework */ = {isa = PBXFileReference; lastKnownFileType = wrapper.framework; name = AudioToolbox.framework; path = System/Library/Frameworks/AudioToolbox.framework; sourceTree = SDKROOT; };
		DA7851271105C039007EFC90 /* glu.h */ = {isa = PBXFileReference; fileEncoding = 4; lastKnownFileType = sourcecode.c.h; path = glu.h; sourceTree = "<group>"; };
		DA7851281105C039007EFC90 /* gluos.h */ = {isa = PBXFileReference; fileEncoding = 4; lastKnownFileType = sourcecode.c.h; path = gluos.h; sourceTree = "<group>"; };
		E434BF6412477ED500452519 /* freeimage-iphone.a */ = {isa = PBXFileReference; lastKnownFileType = archive.ar; name = "freeimage-iphone.a"; path = "../../../libs/FreeImage/lib/iphone/freeimage-iphone.a"; sourceTree = SOURCE_ROOT; };
		E434BF6712477EDE00452519 /* freeimage.a */ = {isa = PBXFileReference; lastKnownFileType = archive.ar; name = freeimage.a; path = ../../../libs/FreeImage/lib/osx/freeimage.a; sourceTree = SOURCE_ROOT; };
		E434BF7212477FBA00452519 /* freetype-iphone.a */ = {isa = PBXFileReference; lastKnownFileType = archive.ar; name = "freetype-iphone.a"; path = "../../../libs/freetype/lib/iphone/freetype-iphone.a"; sourceTree = SOURCE_ROOT; };
		E496D5AF1252C8210098A2B3 /* glu-iphone.a */ = {isa = PBXFileReference; lastKnownFileType = archive.ar; name = "glu-iphone.a"; path = "../../../libs/glu/lib/iphone/glu-iphone.a"; sourceTree = SOURCE_ROOT; };
		E496D5B01252C8210098A2B3 /* glu.a */ = {isa = PBXFileReference; lastKnownFileType = archive.ar; name = glu.a; path = ../../../libs/glu/lib/iphone/glu.a; sourceTree = SOURCE_ROOT; };
		E49BCC4812554B69009F19D0 /* iPhone+OF Lib.xcodeproj */ = {isa = PBXFileReference; lastKnownFileType = "wrapper.pb-project"; name = "iPhone+OF Lib.xcodeproj"; path = "../../../libs/openFrameworksCompiled/project/iphone/iPhone+OF Lib.xcodeproj"; sourceTree = SOURCE_ROOT; };
/* End PBXFileReference section */

/* Begin PBXFrameworksBuildPhase section */
		1D60588F0D05DD3D006BFB54 /* Frameworks */ = {
			isa = PBXFrameworksBuildPhase;
			buildActionMask = 2147483647;
			files = (
				E49BCC7A12554CD6009F19D0 /* libofxiPhone_iphoneos_Release.a in Frameworks */,
				1D60589F0D05DD5A006BFB54 /* Foundation.framework in Frameworks */,
				1DF5F4E00D08C38300B7A737 /* UIKit.framework in Frameworks */,
				288765FD0DF74451002DB57D /* CoreGraphics.framework in Frameworks */,
				BB16EBD20F2B2A9500518274 /* OpenGLES.framework in Frameworks */,
				BB16EBD90F2B2AB500518274 /* QuartzCore.framework in Frameworks */,
				BBE5EAB80F49AD8400F28951 /* AudioToolbox.framework in Frameworks */,
				53F323EB10A20EDB00E0DAE4 /* OpenAL.framework in Frameworks */,
				5326AEA810A23A0500278DE6 /* CoreLocation.framework in Frameworks */,
				5E25689710ED26CC00A9501C /* CppUnit.a in Frameworks */,
				5E25689810ED26CC00A9501C /* PocoFoundation.a in Frameworks */,
				5E25689910ED26CC00A9501C /* PocoNet.a in Frameworks */,
				5E25689A10ED26CC00A9501C /* PocoUtil.a in Frameworks */,
				5E25689B10ED26CC00A9501C /* PocoXML.a in Frameworks */,
				5E2568A410ED26CD00A9501C /* CppUnit.a in Frameworks */,
				5E2568A510ED26CD00A9501C /* PocoFoundation.a in Frameworks */,
				5E2568A610ED26CD00A9501C /* PocoNet.a in Frameworks */,
				5E2568A710ED26CD00A9501C /* PocoUtil.a in Frameworks */,
				5E2568A810ED26CD00A9501C /* PocoXML.a in Frameworks */,
				E434BF6512477ED500452519 /* freeimage-iphone.a in Frameworks */,
				E434BF6812477EDE00452519 /* freeimage.a in Frameworks */,
				E434BF7312477FBA00452519 /* freetype-iphone.a in Frameworks */,
				E496D5B11252C8210098A2B3 /* glu-iphone.a in Frameworks */,
				E496D5B21252C8210098A2B3 /* glu.a in Frameworks */,
				5EAD8FA012557DBB0063BF47 /* freetype.a in Frameworks */,
			);
			runOnlyForDeploymentPostprocessing = 0;
		};
/* End PBXFrameworksBuildPhase section */

/* Begin PBXGroup section */
		19C28FACFE9D520D11CA2CBB /* Products */ = {
			isa = PBXGroup;
			children = (
				1D6058910D05DD3D006BFB54 /* wiresq.app */,
			);
			name = Products;
			sourceTree = "<group>";
		};
		29B97314FDCFA39411CA2CEA /* CustomTemplate */ = {
			isa = PBXGroup;
			children = (
				BB24DDC910DA781C00E9C588 /* ofxiphone-Info.plist */,
				E4D8936A11527B74007E1F53 /* src */,
				BB24DD8B10DA77E000E9C588 /* data */,
				BB24E1F710DAA51900E9C588 /* openFrameworks */,
				BB16F26B0F2B646B00518274 /* addons */,
				BB16E9930F2B1E5900518274 /* libs */,
				19C28FACFE9D520D11CA2CBB /* Products */,
			);
			name = CustomTemplate;
			sourceTree = "<group>";
		};
		29B97315FDCFA39411CA2CEA /* Other Sources */ = {
			isa = PBXGroup;
			children = (
				32CA4F630368D1EE00C91783 /* iPhone_Prefix.pch */,
			);
			name = "Other Sources";
			sourceTree = "<group>";
		};
		29B97323FDCFA39411CA2CEA /* core frameworks */ = {
			isa = PBXGroup;
			children = (
				BBE5EAB70F49AD8400F28951 /* AudioToolbox.framework */,
				BB16EBD80F2B2AB500518274 /* QuartzCore.framework */,
				BB16EBD10F2B2A9500518274 /* OpenGLES.framework */,
				1DF5F4DF0D08C38300B7A737 /* UIKit.framework */,
				1D30AB110D05D00D00671497 /* Foundation.framework */,
				288765FC0DF74451002DB57D /* CoreGraphics.framework */,
				53F323EA10A20EDB00E0DAE4 /* OpenAL.framework */,
				5326AEA710A23A0500278DE6 /* CoreLocation.framework */,
			);
			name = "core frameworks";
			sourceTree = "<group>";
		};
		5E142A02127DF31C0072C153 /* additional_screens */ = {
			isa = PBXGroup;
			children = (
				5E5ECA44127C872E00DC5B9A /* SaveViewController.h */,
				5E5ECA45127C872E00DC5B9A /* SaveViewController.mm */,
				5E5ECA3C127C872E00DC5B9A /* FileOpsViewController.h */,
				5E5ECA3D127C872E00DC5B9A /* FileOpsViewController.mm */,
				5E5ECA3E127C872E00DC5B9A /* LoadViewController.h */,
				5E5ECA3F127C872E00DC5B9A /* LoadViewController.mm */,
			);
			name = additional_screens;
			sourceTree = "<group>";
		};
		5E25686A10ED26BE00A9501C /* poco */ = {
			isa = PBXGroup;
			children = (
				5E25686E10ED26CC00A9501C /* lib */,
			);
			name = poco;
			sourceTree = "<group>";
		};
		5E25686E10ED26CC00A9501C /* lib */ = {
			isa = PBXGroup;
			children = (
				5E25686F10ED26CC00A9501C /* iphone */,
				5E25687F10ED26CC00A9501C /* osx */,
			);
			name = lib;
			path = ../../../libs/poco/lib;
			sourceTree = SOURCE_ROOT;
		};
		5E25686F10ED26CC00A9501C /* iphone */ = {
			isa = PBXGroup;
			children = (
				5E25687010ED26CC00A9501C /* CppUnit.a */,
				5E25687110ED26CC00A9501C /* PocoFoundation.a */,
				5E25687210ED26CC00A9501C /* PocoNet.a */,
				5E25687310ED26CC00A9501C /* PocoUtil.a */,
				5E25687410ED26CC00A9501C /* PocoXML.a */,
			);
			name = iphone;
			path = ../../../libs/poco/lib/iphone;
			sourceTree = SOURCE_ROOT;
		};
		5E25687F10ED26CC00A9501C /* osx */ = {
			isa = PBXGroup;
			children = (
				5E25688010ED26CC00A9501C /* CppUnit.a */,
				5E25688110ED26CC00A9501C /* PocoFoundation.a */,
				5E25688210ED26CC00A9501C /* PocoNet.a */,
				5E25688310ED26CC00A9501C /* PocoUtil.a */,
				5E25688410ED26CC00A9501C /* PocoXML.a */,
			);
			name = osx;
			path = ../../../libs/poco/lib/osx;
			sourceTree = SOURCE_ROOT;
		};
		5E5ECA39127C872E00DC5B9A /* controllers */ = {
			isa = PBXGroup;
			children = (
				5E142A02127DF31C0072C153 /* additional_screens */,
				5E5ECA40127C872E00DC5B9A /* MainController.h */,
				5E5ECA41127C872E00DC5B9A /* MainController.mm */,
				5E5ECA42127C872E00DC5B9A /* NotePopController.h */,
				5E5ECA43127C872E00DC5B9A /* NotePopController.mm */,
				5E5ECA46127C872E00DC5B9A /* scrollView.h */,
				5E5ECA47127C872E00DC5B9A /* scrollView.mm */,
				5E5ECA48127C872E00DC5B9A /* speedController.h */,
				5E5ECA49127C872E00DC5B9A /* speedController.mm */,
				5E5ECA4A127C872E00DC5B9A /* SynthEditController.h */,
				5E5ECA4B127C872E00DC5B9A /* SynthEditController.mm */,
				5E5ECA4C127C872E00DC5B9A /* SynthListController.h */,
				5E5ECA4D127C872E00DC5B9A /* SynthListController.mm */,
				5E5ECA4E127C872E00DC5B9A /* TopBarController.h */,
				5E5ECA4F127C872E00DC5B9A /* TopBarController.mm */,
			);
			name = controllers;
			path = src/controllers;
			sourceTree = SOURCE_ROOT;
		};
		5EAD8E01125571A80063BF47 /* audioSystem */ = {
			isa = PBXGroup;
			children = (
				5EAD8E02125571A80063BF47 /* MixerController.h */,
				5EAD8E03125571A80063BF47 /* MixerController.mm */,
				5EAD8E04125571A80063BF47 /* MoogFilter.h */,
				5EAD8E05125571A80063BF47 /* MoogFilter.mm */,
				5EAD8E06125571A80063BF47 /* synthUnit.cpp */,
				5EAD8E07125571A80063BF47 /* synthUnit.h */,
			);
			name = audioSystem;
			path = src/audioSystem;
			sourceTree = SOURCE_ROOT;
		};
		5EAD8E14125571A80063BF47 /* interface */ = {
			isa = PBXGroup;
			children = (
				5EAD8E15125571A80063BF47 /* Button.cpp */,
				5EAD8E16125571A80063BF47 /* Button.h */,
				5EAD8E17125571A80063BF47 /* CircleButton.cpp */,
				5EAD8E18125571A80063BF47 /* CircleButton.h */,
				5EAD8E19125571A80063BF47 /* MultiButton.cpp */,
				5EAD8E1A125571A80063BF47 /* MultiButton.h */,
				5EAD8E1B125571A80063BF47 /* ofPointUtils.cpp */,
				5EAD8E1C125571A80063BF47 /* ofPointUtils.h */,
				5EAD8E1D125571A80063BF47 /* Slider.h */,
				5EAD8E1E125571A80063BF47 /* Slider.mm */,
			);
			name = interface;
			path = src/interface;
			sourceTree = SOURCE_ROOT;
		};
		5EAD8E20125571A80063BF47 /* models */ = {
			isa = PBXGroup;
			children = (
				5EAD8E21125571A80063BF47 /* RootModel.h */,
				5EAD8E22125571A80063BF47 /* RootModel.mm */,
				5EAD8E23125571A80063BF47 /* SynthModel.h */,
				5EAD8E24125571A80063BF47 /* SynthModel.mm */,
				5E30B78B125D524100B68658 /* synthLink.h */,
				5E30B78C125D524100B68658 /* synthLink.mm */,
			);
			name = models;
			path = src/models;
			sourceTree = SOURCE_ROOT;
		};
		5EAD8F9E12557DBB0063BF47 /* osx */ = {
			isa = PBXGroup;
			children = (
				5EAD8F9F12557DBB0063BF47 /* freetype.a */,
			);
			name = osx;
			path = ../../../libs/freetype/lib/osx;
			sourceTree = SOURCE_ROOT;
		};
		5EAD91DD1257CC790063BF47 /* MSAShape3D */ = {
			isa = PBXGroup;
			children = (
				5EAD91E81257CC790063BF47 /* src */,
			);
			name = MSAShape3D;
			path = ../../../addons/msalibs/MSAShape3D;
			sourceTree = SOURCE_ROOT;
		};
		5EAD91E81257CC790063BF47 /* src */ = {
			isa = PBXGroup;
			children = (
				5EAD91E91257CC790063BF47 /* MSAShape3D.h */,
			);
			name = src;
			path = ../../../addons/msalibs/MSAShape3D/src;
			sourceTree = SOURCE_ROOT;
		};
		5EB30F321255672C00E3B866 /* ofxMSAInteractiveObject */ = {
			isa = PBXGroup;
			children = (
				5EB30F3E1255672C00E3B866 /* src */,
			);
			name = ofxMSAInteractiveObject;
			path = ../../../addons/msalibs/ofxMSAInteractiveObject;
			sourceTree = SOURCE_ROOT;
		};
		5EB30F3E1255672C00E3B866 /* src */ = {
			isa = PBXGroup;
			children = (
				5EB30F3F1255672C00E3B866 /* ofxMSAInteractiveObject.cpp */,
				5EB30F401255672C00E3B866 /* ofxMSAInteractiveObject.h */,
			);
			name = src;
			path = ../../../addons/msalibs/ofxMSAInteractiveObject/src;
			sourceTree = SOURCE_ROOT;
		};
		5EB30F471255673D00E3B866 /* ofxColor */ = {
			isa = PBXGroup;
			children = (
				5EB30F501255673D00E3B866 /* src */,
			);
			name = ofxColor;
			path = ../../../addons/kyleLibs/ofxColor;
			sourceTree = SOURCE_ROOT;
		};
		5EB30F501255673D00E3B866 /* src */ = {
			isa = PBXGroup;
			children = (
				5EB30F511255673D00E3B866 /* ofxColor.h */,
				5EB30F521255673D00E3B866 /* ofxColorBase.cpp */,
				5EB30F531255673D00E3B866 /* ofxColorBase.h */,
				5EB30F541255673D00E3B866 /* ofxColorConversion.h */,
				5EB30F551255673D00E3B866 /* ofxColorMatching.h */,
				5EB30F561255673D00E3B866 /* ofxColorMath.h */,
				5EB30F571255673D00E3B866 /* ofxColorShared.h */,
			);
			name = src;
			path = ../../../addons/kyleLibs/ofxColor/src;
			sourceTree = SOURCE_ROOT;
		};
		BB16E9930F2B1E5900518274 /* libs */ = {
			isa = PBXGroup;
			children = (
				BBE5E94E0F497BD800F28951 /* core */,
			);
			name = libs;
			sourceTree = "<group>";
		};
		BB16F26B0F2B646B00518274 /* addons */ = {
			isa = PBXGroup;
			children = (
				5EAD91DD1257CC790063BF47 /* MSAShape3D */,
				5EB30F471255673D00E3B866 /* ofxColor */,
				5EB30F321255672C00E3B866 /* ofxMSAInteractiveObject */,
			);
			name = addons;
			sourceTree = "<group>";
		};
		BB24DD8B10DA77E000E9C588 /* data */ = {
			isa = PBXGroup;
			children = (
				5E142AE7127E09F10072C153 /* saved_data */,
				5EAD90F7125793320063BF47 /* OpenDin.ttf */,
				5EAD8ED9125579160063BF47 /* images */,
				5EAD8E981255790A0063BF47 /* Default.png */,
				5EAD8E9A1255790A0063BF47 /* Icon.png */,
				5ECD80C7126E1D7900AF36EC /* Icon@2x.png */,
				5EAD8EB71255790A0063BF47 /* test.data */,
				5EAD8EB81255790A0063BF47 /* transparency.png */,
			);
			name = data;
			path = bin/data;
			sourceTree = "<group>";
		};
		BB24DDCD10DA784F00E9C588 /* FreeImage */ = {
			isa = PBXGroup;
			children = (
				BB24DDCE10DA784F00E9C588 /* include */,
				BB24DDD010DA784F00E9C588 /* lib */,
			);
			name = FreeImage;
			path = ../../../libs/FreeImage;
			sourceTree = SOURCE_ROOT;
		};
		BB24DDCE10DA784F00E9C588 /* include */ = {
			isa = PBXGroup;
			children = (
				BB24DDCF10DA784F00E9C588 /* FreeImage.h */,
			);
			path = include;
			sourceTree = "<group>";
		};
		BB24DDD010DA784F00E9C588 /* lib */ = {
			isa = PBXGroup;
			children = (
				E434BF6612477EDE00452519 /* osx */,
				BB24DDD110DA784F00E9C588 /* iphone */,
			);
			path = lib;
			sourceTree = "<group>";
		};
		BB24DDD110DA784F00E9C588 /* iphone */ = {
			isa = PBXGroup;
			children = (
				E434BF6412477ED500452519 /* freeimage-iphone.a */,
			);
			path = iphone;
			sourceTree = "<group>";
		};
		BB24DDDD10DA785000E9C588 /* freetype */ = {
			isa = PBXGroup;
			children = (
				BB24DDDE10DA785000E9C588 /* include */,
				BB24DE1110DA785000E9C588 /* lib */,
			);
			name = freetype;
			path = ../../../libs/freetype;
			sourceTree = SOURCE_ROOT;
		};
		BB24DDDE10DA785000E9C588 /* include */ = {
			isa = PBXGroup;
			children = (
				BB24DDDF10DA785000E9C588 /* freetype2 */,
				BB24DE0E10DA785000E9C588 /* ft2build.h */,
			);
			path = include;
			sourceTree = "<group>";
		};
		BB24DDDF10DA785000E9C588 /* freetype2 */ = {
			isa = PBXGroup;
			children = (
				BB24DDE010DA785000E9C588 /* freetype */,
			);
			path = freetype2;
			sourceTree = "<group>";
		};
		BB24DDE010DA785000E9C588 /* freetype */ = {
			isa = PBXGroup;
			children = (
				BB24DDE110DA785000E9C588 /* config */,
				BB24DDE710DA785000E9C588 /* freetype.h */,
				BB24DDE810DA785000E9C588 /* ftbbox.h */,
				BB24DDE910DA785000E9C588 /* ftbdf.h */,
				BB24DDEA10DA785000E9C588 /* ftbitmap.h */,
				BB24DDEB10DA785000E9C588 /* ftcache.h */,
				BB24DDEC10DA785000E9C588 /* ftchapters.h */,
				BB24DDED10DA785000E9C588 /* fterrdef.h */,
				BB24DDEE10DA785000E9C588 /* fterrors.h */,
				BB24DDEF10DA785000E9C588 /* ftgasp.h */,
				BB24DDF010DA785000E9C588 /* ftglyph.h */,
				BB24DDF110DA785000E9C588 /* ftgxval.h */,
				BB24DDF210DA785000E9C588 /* ftgzip.h */,
				BB24DDF310DA785000E9C588 /* ftimage.h */,
				BB24DDF410DA785000E9C588 /* ftincrem.h */,
				BB24DDF510DA785000E9C588 /* ftlcdfil.h */,
				BB24DDF610DA785000E9C588 /* ftlist.h */,
				BB24DDF710DA785000E9C588 /* ftlzw.h */,
				BB24DDF810DA785000E9C588 /* ftmac.h */,
				BB24DDF910DA785000E9C588 /* ftmm.h */,
				BB24DDFA10DA785000E9C588 /* ftmodapi.h */,
				BB24DDFB10DA785000E9C588 /* ftmoderr.h */,
				BB24DDFC10DA785000E9C588 /* ftotval.h */,
				BB24DDFD10DA785000E9C588 /* ftoutln.h */,
				BB24DDFE10DA785000E9C588 /* ftpfr.h */,
				BB24DDFF10DA785000E9C588 /* ftrender.h */,
				BB24DE0010DA785000E9C588 /* ftsizes.h */,
				BB24DE0110DA785000E9C588 /* ftsnames.h */,
				BB24DE0210DA785000E9C588 /* ftstroke.h */,
				BB24DE0310DA785000E9C588 /* ftsynth.h */,
				BB24DE0410DA785000E9C588 /* ftsystem.h */,
				BB24DE0510DA785000E9C588 /* fttrigon.h */,
				BB24DE0610DA785000E9C588 /* fttypes.h */,
				BB24DE0710DA785000E9C588 /* ftwinfnt.h */,
				BB24DE0810DA785000E9C588 /* ftxf86.h */,
				BB24DE0910DA785000E9C588 /* t1tables.h */,
				BB24DE0A10DA785000E9C588 /* ttnameid.h */,
				BB24DE0B10DA785000E9C588 /* tttables.h */,
				BB24DE0C10DA785000E9C588 /* tttags.h */,
				BB24DE0D10DA785000E9C588 /* ttunpat.h */,
			);
			path = freetype;
			sourceTree = "<group>";
		};
		BB24DDE110DA785000E9C588 /* config */ = {
			isa = PBXGroup;
			children = (
				BB24DDE210DA785000E9C588 /* ftconfig.h */,
				BB24DDE310DA785000E9C588 /* ftheader.h */,
				BB24DDE410DA785000E9C588 /* ftmodule.h */,
				BB24DDE510DA785000E9C588 /* ftoption.h */,
				BB24DDE610DA785000E9C588 /* ftstdlib.h */,
			);
			path = config;
			sourceTree = "<group>";
		};
		BB24DE1110DA785000E9C588 /* lib */ = {
			isa = PBXGroup;
			children = (
				5EAD8F9E12557DBB0063BF47 /* osx */,
				BB24DE1210DA785000E9C588 /* iphone */,
			);
			path = lib;
			sourceTree = "<group>";
		};
		BB24DE1210DA785000E9C588 /* iphone */ = {
			isa = PBXGroup;
			children = (
				E434BF7212477FBA00452519 /* freetype-iphone.a */,
			);
			path = iphone;
			sourceTree = "<group>";
		};
		BB24DE1F10DA785000E9C588 /* glu */ = {
			isa = PBXGroup;
			children = (
				DA7851261105C039007EFC90 /* include_iphone */,
				BB24DE2510DA785000E9C588 /* lib */,
			);
			name = glu;
			path = ../../../libs/glu;
			sourceTree = SOURCE_ROOT;
		};
		BB24DE2510DA785000E9C588 /* lib */ = {
			isa = PBXGroup;
			children = (
				BB24DE2610DA785000E9C588 /* iphone */,
			);
			path = lib;
			sourceTree = "<group>";
		};
		BB24DE2610DA785000E9C588 /* iphone */ = {
			isa = PBXGroup;
			children = (
				E496D5AF1252C8210098A2B3 /* glu-iphone.a */,
				E496D5B01252C8210098A2B3 /* glu.a */,
			);
			path = iphone;
			sourceTree = "<group>";
		};
		BB24E1F710DAA51900E9C588 /* openFrameworks */ = {
			isa = PBXGroup;
			children = (
				E49BCC4812554B69009F19D0 /* iPhone+OF Lib.xcodeproj */,
			);
			name = openFrameworks;
			sourceTree = "<group>";
		};
		BB3F144E0F4C6BF200A33527 /* core libraries */ = {
			isa = PBXGroup;
			children = (
				5E25686A10ED26BE00A9501C /* poco */,
				BB24DDCD10DA784F00E9C588 /* FreeImage */,
				BB24DDDD10DA785000E9C588 /* freetype */,
				BB24DE1F10DA785000E9C588 /* glu */,
				29B97315FDCFA39411CA2CEA /* Other Sources */,
			);
			name = "core libraries";
			sourceTree = "<group>";
		};
		BBE5E94E0F497BD800F28951 /* core */ = {
			isa = PBXGroup;
			children = (
				BB3F144E0F4C6BF200A33527 /* core libraries */,
				29B97323FDCFA39411CA2CEA /* core frameworks */,
			);
			name = core;
			sourceTree = "<group>";
		};
		DA7851261105C039007EFC90 /* include_iphone */ = {
			isa = PBXGroup;
			children = (
				DA7851271105C039007EFC90 /* glu.h */,
				DA7851281105C039007EFC90 /* gluos.h */,
			);
			path = include_iphone;
			sourceTree = "<group>";
		};
		E434BF6612477EDE00452519 /* osx */ = {
			isa = PBXGroup;
			children = (
				E434BF6712477EDE00452519 /* freeimage.a */,
			);
			name = osx;
			path = ../../../libs/FreeImage/lib/osx;
			sourceTree = SOURCE_ROOT;
		};
		E49BCC4912554B69009F19D0 /* Products */ = {
			isa = PBXGroup;
			children = (
				E49BCC5012554B6A009F19D0 /* libofxiPhone_iphoneos_Release.a */,
			);
			name = Products;
			sourceTree = "<group>";
		};
		E4D8936A11527B74007E1F53 /* src */ = {
			isa = PBXGroup;
			children = (
				5E5ECA39127C872E00DC5B9A /* controllers */,
				5EAD8E01125571A80063BF47 /* audioSystem */,
				5EAD8E14125571A80063BF47 /* interface */,
				5EAD8E20125571A80063BF47 /* models */,
				5EAD8E1F125571A80063BF47 /* main.mm */,
				5EAD8E25125571A80063BF47 /* testApp.h */,
				5EAD8E26125571A80063BF47 /* testApp.mm */,
				5EAD8E13125571A80063BF47 /* defines.h */,
			);
			path = src;
			sourceTree = SOURCE_ROOT;
		};
/* End PBXGroup section */

/* Begin PBXNativeTarget section */
		1D6058900D05DD3D006BFB54 /* wiresq */ = {
			isa = PBXNativeTarget;
			buildConfigurationList = 1D6058960D05DD3E006BFB54 /* Build configuration list for PBXNativeTarget "wiresq" */;
			buildPhases = (
				1D60588D0D05DD3D006BFB54 /* Resources */,
				1D60588E0D05DD3D006BFB54 /* Sources */,
				1D60588F0D05DD3D006BFB54 /* Frameworks */,
				9255DD331112741900D6945E /* ShellScript */,
			);
			buildRules = (
			);
			dependencies = (
				E49BCC6E12554C6C009F19D0 /* PBXTargetDependency */,
			);
			name = wiresq;
			productName = iPhone;
			productReference = 1D6058910D05DD3D006BFB54 /* wiresq.app */;
			productType = "com.apple.product-type.application";
		};
/* End PBXNativeTarget section */

/* Begin PBXProject section */
		29B97313FDCFA39411CA2CEA /* Project object */ = {
			isa = PBXProject;
			buildConfigurationList = C01FCF4E08A954540054247B /* Build configuration list for PBXProject "ww" */;
			compatibilityVersion = "Xcode 3.1";
			developmentRegion = English;
			hasScannedForEncodings = 1;
			knownRegions = (
				English,
				Japanese,
				French,
				German,
			);
			mainGroup = 29B97314FDCFA39411CA2CEA /* CustomTemplate */;
			projectDirPath = "";
			projectReferences = (
				{
					ProductGroup = E49BCC4912554B69009F19D0 /* Products */;
					ProjectRef = E49BCC4812554B69009F19D0 /* iPhone+OF Lib.xcodeproj */;
				},
			);
			projectRoot = "";
			targets = (
				1D6058900D05DD3D006BFB54 /* wiresq */,
			);
		};
/* End PBXProject section */

/* Begin PBXReferenceProxy section */
		E49BCC5012554B6A009F19D0 /* libofxiPhone_iphoneos_Release.a */ = {
			isa = PBXReferenceProxy;
			fileType = archive.ar;
			path = libofxiPhone_iphoneos_Release.a;
			remoteRef = E49BCC4F12554B6A009F19D0 /* PBXContainerItemProxy */;
			sourceTree = BUILT_PRODUCTS_DIR;
		};
/* End PBXReferenceProxy section */

/* Begin PBXResourcesBuildPhase section */
		1D60588D0D05DD3D006BFB54 /* Resources */ = {
			isa = PBXResourcesBuildPhase;
			buildActionMask = 2147483647;
			files = (
				BB24DDCA10DA781C00E9C588 /* ofxiphone-Info.plist in Resources */,
				5EAD8EB91255790A0063BF47 /* Default.png in Resources */,
				5EAD8EBB1255790A0063BF47 /* Icon.png in Resources */,
				5EAD8ED71255790A0063BF47 /* test.data in Resources */,
				5EAD8ED81255790A0063BF47 /* transparency.png in Resources */,
				5EAD8EF5125579160063BF47 /* images in Resources */,
				5EAD90F8125793320063BF47 /* OpenDin.ttf in Resources */,
				5ECD80C8126E1D7900AF36EC /* Icon@2x.png in Resources */,
				5E142AE9127E09F10072C153 /* saved_data in Resources */,
			);
			runOnlyForDeploymentPostprocessing = 0;
		};
/* End PBXResourcesBuildPhase section */

/* Begin PBXShellScriptBuildPhase section */
		9255DD331112741900D6945E /* ShellScript */ = {
			isa = PBXShellScriptBuildPhase;
			buildActionMask = 2147483647;
			files = (
			);
			inputPaths = (
			);
			outputPaths = (
			);
			runOnlyForDeploymentPostprocessing = 0;
			shellPath = /bin/sh;
			shellScript = "cp -rf bin/data/ \"$TARGET_BUILD_DIR/$PRODUCT_NAME.app\"\n";
		};
/* End PBXShellScriptBuildPhase section */

/* Begin PBXSourcesBuildPhase section */
		1D60588E0D05DD3D006BFB54 /* Sources */ = {
			isa = PBXSourcesBuildPhase;
			buildActionMask = 2147483647;
			files = (
				5EB30F461255672C00E3B866 /* ofxMSAInteractiveObject.cpp in Sources */,
				5EB30F5C1255673D00E3B866 /* ofxColorBase.cpp in Sources */,
				5EAD8E27125571A80063BF47 /* MixerController.mm in Sources */,
				5EAD8E28125571A80063BF47 /* MoogFilter.mm in Sources */,
				5EAD8E29125571A80063BF47 /* synthUnit.cpp in Sources */,
				5EAD8E2F125571A80063BF47 /* Button.cpp in Sources */,
				5EAD8E30125571A80063BF47 /* CircleButton.cpp in Sources */,
				5EAD8E31125571A80063BF47 /* MultiButton.cpp in Sources */,
				5EAD8E32125571A80063BF47 /* ofPointUtils.cpp in Sources */,
				5EAD8E33125571A80063BF47 /* Slider.mm in Sources */,
				5EAD8E34125571A80063BF47 /* main.mm in Sources */,
				5EAD8E35125571A80063BF47 /* RootModel.mm in Sources */,
				5EAD8E36125571A80063BF47 /* SynthModel.mm in Sources */,
				5EAD8E37125571A80063BF47 /* testApp.mm in Sources */,
				5E30B78D125D524100B68658 /* synthLink.mm in Sources */,
				5E5ECA51127C872E00DC5B9A /* FileOpsViewController.mm in Sources */,
				5E5ECA52127C872E00DC5B9A /* LoadViewController.mm in Sources */,
				5E5ECA53127C872E00DC5B9A /* MainController.mm in Sources */,
				5E5ECA54127C872E00DC5B9A /* NotePopController.mm in Sources */,
				5E5ECA55127C872E00DC5B9A /* SaveViewController.mm in Sources */,
				5E5ECA56127C872E00DC5B9A /* scrollView.mm in Sources */,
				5E5ECA57127C872E00DC5B9A /* speedController.mm in Sources */,
				5E5ECA58127C872E00DC5B9A /* SynthEditController.mm in Sources */,
				5E5ECA59127C872E00DC5B9A /* SynthListController.mm in Sources */,
				5E5ECA5A127C872E00DC5B9A /* TopBarController.mm in Sources */,
			);
			runOnlyForDeploymentPostprocessing = 0;
		};
/* End PBXSourcesBuildPhase section */

/* Begin PBXTargetDependency section */
		E49BCC6E12554C6C009F19D0 /* PBXTargetDependency */ = {
			isa = PBXTargetDependency;
			name = "iPhone+OF Static Library";
			targetProxy = E49BCC6D12554C6C009F19D0 /* PBXContainerItemProxy */;
		};
/* End PBXTargetDependency section */

/* Begin XCBuildConfiguration section */
		1D6058940D05DD3E006BFB54 /* Debug */ = {
			isa = XCBuildConfiguration;
			buildSettings = {
				ALWAYS_SEARCH_USER_PATHS = NO;
				GCC_OPTIMIZATION_LEVEL = 0;
				GCC_PRECOMPILE_PREFIX_HEADER = YES;
				GCC_PREFIX_HEADER = iPhone_Prefix.pch;
				GCC_THUMB_SUPPORT = NO;
				INFOPLIST_FILE = "ofxiphone-Info.plist";
				LIBRARY_SEARCH_PATHS = "$(inherited)";
				ONLY_ACTIVE_ARCH = YES;
				PRODUCT_NAME = "${TARGET_NAME}";
			};
			name = Debug;
		};
		1D6058950D05DD3E006BFB54 /* Release */ = {
			isa = XCBuildConfiguration;
			buildSettings = {
				ALWAYS_SEARCH_USER_PATHS = NO;
				GCC_PRECOMPILE_PREFIX_HEADER = YES;
				GCC_PREFIX_HEADER = iPhone_Prefix.pch;
				GCC_THUMB_SUPPORT = NO;
				INFOPLIST_FILE = "ofxiphone-Info.plist";
				LIBRARY_SEARCH_PATHS = (
					"$(inherited)",
					"\"$(DEVELOPER_DIR)/openFrameworks/libs/freetype/lib/osx\"",
				);
				ONLY_ACTIVE_ARCH = YES;
				PRODUCT_NAME = "${TARGET_NAME}";
			};
			name = Release;
		};
		C01FCF4F08A954540054247B /* Debug */ = {
			isa = XCBuildConfiguration;
			buildSettings = {
				ARCHS = "$(ARCHS_STANDARD_32_BIT)";
				"CODE_SIGN_IDENTITY[sdk=iphoneos*]" = "iPhone Developer";
				COMPRESS_PNG_FILES = NO;
				GCC_C_LANGUAGE_STANDARD = c99;
				GCC_OPTIMIZATION_LEVEL = 0;
				GCC_SYMBOLS_PRIVATE_EXTERN = NO;
				GCC_THUMB_SUPPORT = NO;
				GCC_WARN_ABOUT_DEPRECATED_FUNCTIONS = NO;
				GCC_WARN_ABOUT_INVALID_OFFSETOF_MACRO = NO;
				GCC_WARN_ABOUT_POINTER_SIGNEDNESS = NO;
				GCC_WARN_ABOUT_RETURN_TYPE = YES;
				GCC_WARN_ALLOW_INCOMPLETE_PROTOCOL = NO;
				GCC_WARN_PROTOTYPE_CONVERSION = NO;
				GCC_WARN_UNUSED_VARIABLE = YES;
				HEADER_SEARCH_PATHS = (
					../../../libs/poco/include,
					"../../../addons/ofxAccelerometer/**",
					"../../../addons/ofxMultitouch/**",
					"../../../addons/ofxiPhone/**",
					"../../../libs/openFrameworks/**",
					"../../../libs/freetype/**",
				);
				IPHONEOS_DEPLOYMENT_TARGET = 3.1;
				LIBRARY_SEARCH_PATHS = (
					"$(inherited)",
					"\"$(SRCROOT)/../../../libs/freetype/lib\"",
					"\"$(SRCROOT)/../../../libs/freeimage/lib\"",
					"\"$(SRCROOT)/../../../libs/FreeImage/lib/iphone\"",
					"\"$(SRCROOT)/../../../libs/FreeImage/lib/osx\"",
					"\"$(SRCROOT)/../../../libs/freetype/lib/iphone\"",
					"\"$(SRCROOT)/../../../libs/freetype/lib/osx\"",
					"\"$(SRCROOT)/../../../libs/glu/lib/iphone\"",
					"\"$(SRCROOT)/../../../libs/poco/lib/osx\"",
					"\"$(SRCROOT)/../../../libs/poco/lib/iphone\"",
				);
				MACOSX_DEPLOYMENT_TARGET = 10.5;
				ONLY_ACTIVE_ARCH = NO;
				OTHER_LDFLAGS = "-ObjC";
				PREBINDING = NO;
				"PROVISIONING_PROFILE[sdk=iphoneos*]" = "";
				SDKROOT = iphoneos4.1;
				TARGETED_DEVICE_FAMILY = 1;
				WARNING_LDFLAGS = "";
			};
			name = Debug;
		};
		C01FCF5008A954540054247B /* Release */ = {
			isa = XCBuildConfiguration;
			buildSettings = {
				ARCHS = "$(ARCHS_STANDARD_32_BIT)";
				"CODE_SIGN_IDENTITY[sdk=iphoneos*]" = "iPhone Developer";
				COMPRESS_PNG_FILES = NO;
				GCC_C_LANGUAGE_STANDARD = c99;
				GCC_DYNAMIC_NO_PIC = YES;
				GCC_GENERATE_DEBUGGING_SYMBOLS = NO;
				GCC_SYMBOLS_PRIVATE_EXTERN = NO;
				GCC_THUMB_SUPPORT = NO;
				GCC_WARN_ABOUT_RETURN_TYPE = YES;
				GCC_WARN_UNUSED_VARIABLE = YES;
				HEADER_SEARCH_PATHS = (
					../../../libs/poco/include,
					"../../../addons/ofxAccelerometer/**",
					"../../../addons/ofxMultitouch/**",
					"../../../addons/ofxiPhone/**",
					"../../../libs/openFrameworks/**",
					"../../../libs/freetype/**",
				);
				IPHONEOS_DEPLOYMENT_TARGET = 3.1;
				LIBRARY_SEARCH_PATHS = (
					"$(inherited)",
					"\"$(SRCROOT)/../../../libs/freetype/lib\"",
					"\"$(SRCROOT)/../../../libs/freeimage/lib\"",
					"\"$(SRCROOT)/../../../libs/FreeImage/lib/iphone\"",
					"\"$(SRCROOT)/../../../libs/FreeImage/lib/osx\"",
					"\"$(SRCROOT)/../../../libs/freetype/lib/iphone\"",
					"\"$(SRCROOT)/../../../libs/freetype/lib/osx\"",
					"\"$(SRCROOT)/../../../libs/glu/lib/iphone\"",
					"\"$(SRCROOT)/../../../libs/poco/lib/osx\"",
					"\"$(SRCROOT)/../../../libs/poco/lib/iphone\"",
				);
				MACOSX_DEPLOYMENT_TARGET = 10.5;
				ONLY_ACTIVE_ARCH = NO;
				OTHER_LDFLAGS = "-ObjC";
				PREBINDING = NO;
				"PROVISIONING_PROFILE[sdk=iphoneos*]" = "";
				SDKROOT = iphoneos4.1;
				TARGETED_DEVICE_FAMILY = 1;
			};
			name = Release;
		};
		E49BCC2F12554938009F19D0 /* ReleaseArmv7 */ = {
			isa = XCBuildConfiguration;
			buildSettings = {
				ARCHS = "$(ARCHS_UNIVERSAL_IPHONE_OS)";
				"CODE_SIGN_IDENTITY[sdk=iphoneos*]" = "iPhone Developer";
				COMPRESS_PNG_FILES = NO;
				GCC_C_LANGUAGE_STANDARD = c99;
				GCC_DYNAMIC_NO_PIC = YES;
				GCC_GENERATE_DEBUGGING_SYMBOLS = NO;
				GCC_SYMBOLS_PRIVATE_EXTERN = NO;
				GCC_THUMB_SUPPORT = NO;
				GCC_WARN_ABOUT_RETURN_TYPE = YES;
				GCC_WARN_UNUSED_VARIABLE = YES;
				HEADER_SEARCH_PATHS = (
					../../../libs/poco/include,
					"../../../addons/ofxAccelerometer/**",
					"../../../addons/ofxMultitouch/**",
					"../../../addons/ofxiPhone/**",
					"../../../libs/openFrameworks/**",
					"../../../libs/freetype/**",
				);
				IPHONEOS_DEPLOYMENT_TARGET = 3.1;
				LIBRARY_SEARCH_PATHS = (
					"$(inherited)",
					"\"$(SRCROOT)/../../../libs/freetype/lib\"",
					"\"$(SRCROOT)/../../../libs/freeimage/lib\"",
					"\"$(SRCROOT)/../../../libs/FreeImage/lib/iphone\"",
					"\"$(SRCROOT)/../../../libs/FreeImage/lib/osx\"",
					"\"$(SRCROOT)/../../../libs/freetype/lib/iphone\"",
					"\"$(SRCROOT)/../../../libs/freetype/lib/osx\"",
					"\"$(SRCROOT)/../../../libs/glu/lib/iphone\"",
					"\"$(SRCROOT)/../../../libs/poco/lib/osx\"",
					"\"$(SRCROOT)/../../../libs/poco/lib/iphone\"",
				);
				MACOSX_DEPLOYMENT_TARGET = 10.5;
				ONLY_ACTIVE_ARCH = NO;
				OTHER_LDFLAGS = "-ObjC";
				PREBINDING = NO;
				"PROVISIONING_PROFILE[sdk=iphoneos*]" = "";
				SDKROOT = iphoneos4.1;
				TARGETED_DEVICE_FAMILY = 1;
			};
			name = ReleaseArmv7;
		};
		E49BCC3012554938009F19D0 /* ReleaseArmv7 */ = {
			isa = XCBuildConfiguration;
			buildSettings = {
				ALWAYS_SEARCH_USER_PATHS = NO;
				GCC_PRECOMPILE_PREFIX_HEADER = YES;
				GCC_PREFIX_HEADER = iPhone_Prefix.pch;
				GCC_THUMB_SUPPORT = NO;
				INFOPLIST_FILE = "ofxiphone-Info.plist";
				LIBRARY_SEARCH_PATHS = (
					"$(inherited)",
					"\"$(DEVELOPER_DIR)/openFrameworks/libs/freetype/lib/osx\"",
				);
				ONLY_ACTIVE_ARCH = YES;
				PRODUCT_NAME = "${TARGET_NAME}";
			};
			name = ReleaseArmv7;
		};
/* End XCBuildConfiguration section */

/* Begin XCConfigurationList section */
		1D6058960D05DD3E006BFB54 /* Build configuration list for PBXNativeTarget "wiresq" */ = {
			isa = XCConfigurationList;
			buildConfigurations = (
				1D6058940D05DD3E006BFB54 /* Debug */,
				1D6058950D05DD3E006BFB54 /* Release */,
				E49BCC3012554938009F19D0 /* ReleaseArmv7 */,
			);
			defaultConfigurationIsVisible = 0;
			defaultConfigurationName = Release;
		};
		C01FCF4E08A954540054247B /* Build configuration list for PBXProject "ww" */ = {
			isa = XCConfigurationList;
			buildConfigurations = (
				C01FCF4F08A954540054247B /* Debug */,
				C01FCF5008A954540054247B /* Release */,
				E49BCC2F12554938009F19D0 /* ReleaseArmv7 */,
			);
			defaultConfigurationIsVisible = 0;
			defaultConfigurationName = Release;
		};
/* End XCConfigurationList section */
	};
	rootObject = 29B97313FDCFA39411CA2CEA /* Project object */;
}
