// !$*UTF8*$!
{
	archiveVersion = 1;
	classes = {
	};
	objectVersion = 45;
	objects = {

/* Begin PBXBuildFile section */
		1D60589F0D05DD5A006BFB54 /* Foundation.framework in Frameworks */ = {isa = PBXBuildFile; fileRef = 1D30AB110D05D00D00671497 /* Foundation.framework */; };
		288765FD0DF74451002DB57D /* CoreGraphics.framework in Frameworks */ = {isa = PBXBuildFile; fileRef = 288765FC0DF74451002DB57D /* CoreGraphics.framework */; };
		5E0C6ADC0FD1DBF300801469 /* InterBla in Resources */ = {isa = PBXBuildFile; fileRef = 5E0C6ADA0FD1DBF300801469 /* InterBla */; };
		5E0C6ADD0FD1DBF300801469 /* Interstate in Resources */ = {isa = PBXBuildFile; fileRef = 5E0C6ADB0FD1DBF300801469 /* Interstate */; };
		5E0C6B0B0FD1DDC500801469 /* Avenir_Medium.ttf in Resources */ = {isa = PBXBuildFile; fileRef = 5E0C6B0A0FD1DDC500801469 /* Avenir_Medium.ttf */; };
		5E1CF79110123AD200C9C20D /* color_picker.png in Resources */ = {isa = PBXBuildFile; fileRef = 5E1CF79010123AD200C9C20D /* color_picker.png */; };
		5E5600FC100A6BFD00E0681A /* move_atlas.png in Resources */ = {isa = PBXBuildFile; fileRef = 5E5600FB100A6BFD00E0681A /* move_atlas.png */; };
		5ED76A6210167CD400126A8B /* bob.png in Resources */ = {isa = PBXBuildFile; fileRef = 5ED76A6110167CD400126A8B /* bob.png */; };
		5ED76AEC1016AEAF00126A8B /* bob2.png in Resources */ = {isa = PBXBuildFile; fileRef = 5ED76AEB1016AEAF00126A8B /* bob2.png */; };
		5ED76C4F1017E81400126A8B /* bob.png in Resources */ = {isa = PBXBuildFile; fileRef = 5ED76C4E1017E81400126A8B /* bob.png */; };
		5EE77D41100C22100035A344 /* control_atlas.png in Resources */ = {isa = PBXBuildFile; fileRef = 5EE77D40100C22100035A344 /* control_atlas.png */; };
		BB16E9C90F2B1E6900518274 /* ofAppRunner.cpp in Sources */ = {isa = PBXBuildFile; fileRef = BB16E9990F2B1E6900518274 /* ofAppRunner.cpp */; };
		BB16E9D40F2B1E6900518274 /* ofMath.cpp in Sources */ = {isa = PBXBuildFile; fileRef = BB16E9B90F2B1E6900518274 /* ofMath.cpp */; };
		BB16E9D50F2B1E6900518274 /* ofUtils.cpp in Sources */ = {isa = PBXBuildFile; fileRef = BB16E9BC0F2B1E6900518274 /* ofUtils.cpp */; };
		BB16EBD20F2B2A9500518274 /* OpenGLES.framework in Frameworks */ = {isa = PBXBuildFile; fileRef = BB16EBD10F2B2A9500518274 /* OpenGLES.framework */; };
		BB16EBD90F2B2AB500518274 /* QuartzCore.framework in Frameworks */ = {isa = PBXBuildFile; fileRef = BB16EBD80F2B2AB500518274 /* QuartzCore.framework */; };
		BB16EDCB0F2B368400518274 /* ofGraphics.cpp in Sources */ = {isa = PBXBuildFile; fileRef = BB16E9A90F2B1E6900518274 /* ofGraphics.cpp */; };
		BB4B3E4D0F7AFE100030C0C6 /* EAGLView.mm in Sources */ = {isa = PBXBuildFile; fileRef = BB4B3E1A0F7AFE100030C0C6 /* EAGLView.mm */; };
		BB4B3E4E0F7AFE100030C0C6 /* iPhoneAppDelegate.mm in Sources */ = {isa = PBXBuildFile; fileRef = BB4B3E1C0F7AFE100030C0C6 /* iPhoneAppDelegate.mm */; };
		BB4B3E4F0F7AFE100030C0C6 /* iPhoneGlobals.mm in Sources */ = {isa = PBXBuildFile; fileRef = BB4B3E1E0F7AFE100030C0C6 /* iPhoneGlobals.mm */; };
		BB4B3E500F7AFE100030C0C6 /* iPhoneSoundPlayer.mm in Sources */ = {isa = PBXBuildFile; fileRef = BB4B3E1F0F7AFE100030C0C6 /* iPhoneSoundPlayer.mm */; };
		BB4B3E510F7AFE100030C0C6 /* iPhoneSoundStream.mm in Sources */ = {isa = PBXBuildFile; fileRef = BB4B3E200F7AFE100030C0C6 /* iPhoneSoundStream.mm */; };
		BB4B3E520F7AFE100030C0C6 /* MSARootViewController.mm in Sources */ = {isa = PBXBuildFile; fileRef = BB4B3E220F7AFE100030C0C6 /* MSARootViewController.mm */; };
		BB4B3E530F7AFE100030C0C6 /* ofAppiPhoneWindow.mm in Sources */ = {isa = PBXBuildFile; fileRef = BB4B3E240F7AFE100030C0C6 /* ofAppiPhoneWindow.mm */; };
		BB4B3E540F7AFE100030C0C6 /* ofxiPhoneAccelerometer.mm in Sources */ = {isa = PBXBuildFile; fileRef = BB4B3E250F7AFE100030C0C6 /* ofxiPhoneAccelerometer.mm */; };
		BB4B3E550F7AFE100030C0C6 /* ofxiPhoneUtils.mm in Sources */ = {isa = PBXBuildFile; fileRef = BB4B3E260F7AFE100030C0C6 /* ofxiPhoneUtils.mm */; };
		BB4B3E580F7AFE100030C0C6 /* ofxMultiTouch.cpp in Sources */ = {isa = PBXBuildFile; fileRef = BB4B3E2B0F7AFE100030C0C6 /* ofxMultiTouch.cpp */; };
		BB4B3E5B0F7AFE100030C0C6 /* ofxAccelerometer.cpp in Sources */ = {isa = PBXBuildFile; fileRef = BB4B3E320F7AFE100030C0C6 /* ofxAccelerometer.cpp */; };
		BB91E5520F4085C900AD1FB1 /* ofTexture.cpp in Sources */ = {isa = PBXBuildFile; fileRef = BB16E9AD0F2B1E6900518274 /* ofTexture.cpp */; };
		BBD1C2780F39143F007FCFB3 /* Default.png in Resources */ = {isa = PBXBuildFile; fileRef = BBD1C2760F39143F007FCFB3 /* Default.png */; };
		BBD1C2790F39143F007FCFB3 /* Icon.png in Resources */ = {isa = PBXBuildFile; fileRef = BBD1C2770F39143F007FCFB3 /* Icon.png */; };
		BBE5E9B10F497C3100F28951 /* libFreeType_iphone_universal.a in Frameworks */ = {isa = PBXBuildFile; fileRef = BBE5E9AB0F497C3100F28951 /* libFreeType_iphone_universal.a */; };
		BBE5E9B20F497C3100F28951 /* libFreeImage_iphone_universal.a in Frameworks */ = {isa = PBXBuildFile; fileRef = BBE5E9B00F497C3100F28951 /* libFreeImage_iphone_universal.a */; };
		BBE5E9F50F497D5F00F28951 /* libGLU.a in Frameworks */ = {isa = PBXBuildFile; fileRef = BBE5E9F30F497D5F00F28951 /* libGLU.a */; };
		BBE5E9F60F497D5F00F28951 /* libGLU_arm.a in Frameworks */ = {isa = PBXBuildFile; fileRef = BBE5E9F40F497D5F00F28951 /* libGLU_arm.a */; };
		BBE5E9F90F497D9200F28951 /* ofImage.cpp in Sources */ = {isa = PBXBuildFile; fileRef = BB16E9AB0F2B1E6900518274 /* ofImage.cpp */; };
		BBE5E9FA0F497D9500F28951 /* ofTrueTypeFont.cpp in Sources */ = {isa = PBXBuildFile; fileRef = BB16E9AF0F2B1E6900518274 /* ofTrueTypeFont.cpp */; };
		BBE5EAB80F49AD8400F28951 /* AudioToolbox.framework in Frameworks */ = {isa = PBXBuildFile; fileRef = BBE5EAB70F49AD8400F28951 /* AudioToolbox.framework */; };
		E4E7C74210299BC700983B8D /* CGPointUtils.m in Sources */ = {isa = PBXBuildFile; fileRef = E4E7C6FF10299BC700983B8D /* CGPointUtils.m */; };
		E4E7C74310299BC700983B8D /* Color.mm in Sources */ = {isa = PBXBuildFile; fileRef = E4E7C70110299BC700983B8D /* Color.mm */; };
		E4E7C74410299BC700983B8D /* colorScheme.mm in Sources */ = {isa = PBXBuildFile; fileRef = E4E7C70310299BC700983B8D /* colorScheme.mm */; };
		E4E7C74510299BC700983B8D /* ConnectionNode.mm in Sources */ = {isa = PBXBuildFile; fileRef = E4E7C70510299BC700983B8D /* ConnectionNode.mm */; };
		E4E7C74610299BC700983B8D /* CustomEventResponder.mm in Sources */ = {isa = PBXBuildFile; fileRef = E4E7C70710299BC700983B8D /* CustomEventResponder.mm */; };
		E4E7C74710299BC700983B8D /* DrawSprite.cpp in Sources */ = {isa = PBXBuildFile; fileRef = E4E7C70810299BC700983B8D /* DrawSprite.cpp */; };
		E4E7C74810299BC700983B8D /* editor_screen.m in Sources */ = {isa = PBXBuildFile; fileRef = E4E7C70B10299BC700983B8D /* editor_screen.m */; };
		E4E7C74910299BC700983B8D /* EditorScreen.mm in Sources */ = {isa = PBXBuildFile; fileRef = E4E7C70D10299BC700983B8D /* EditorScreen.mm */; };
		E4E7C74A10299BC700983B8D /* Events.mm in Sources */ = {isa = PBXBuildFile; fileRef = E4E7C70F10299BC700983B8D /* Events.mm */; };
		E4E7C74B10299BC700983B8D /* GLButton.mm in Sources */ = {isa = PBXBuildFile; fileRef = E4E7C71110299BC700983B8D /* GLButton.mm */; };
		E4E7C74C10299BC700983B8D /* GLColorPickerView.mm in Sources */ = {isa = PBXBuildFile; fileRef = E4E7C71310299BC700983B8D /* GLColorPickerView.mm */; };
		E4E7C74D10299BC700983B8D /* glHelper.mm in Sources */ = {isa = PBXBuildFile; fileRef = E4E7C71510299BC700983B8D /* glHelper.mm */; };
		E4E7C74E10299BC700983B8D /* GLPickerView.mm in Sources */ = {isa = PBXBuildFile; fileRef = E4E7C71810299BC700983B8D /* GLPickerView.mm */; };
		E4E7C74F10299BC700983B8D /* GLScrollView.mm in Sources */ = {isa = PBXBuildFile; fileRef = E4E7C71A10299BC700983B8D /* GLScrollView.mm */; };
		E4E7C75010299BC700983B8D /* GLValuePickerView.mm in Sources */ = {isa = PBXBuildFile; fileRef = E4E7C71C10299BC700983B8D /* GLValuePickerView.mm */; };
		E4E7C75110299BC700983B8D /* BaseInstruction.mm in Sources */ = {isa = PBXBuildFile; fileRef = E4E7C71F10299BC700983B8D /* BaseInstruction.mm */; };
		E4E7C75210299BC700983B8D /* ColorInstruction.mm in Sources */ = {isa = PBXBuildFile; fileRef = E4E7C72110299BC700983B8D /* ColorInstruction.mm */; };
		E4E7C75310299BC700983B8D /* ColorShiftInstruction.mm in Sources */ = {isa = PBXBuildFile; fileRef = E4E7C72310299BC700983B8D /* ColorShiftInstruction.mm */; };
		E4E7C75410299BC700983B8D /* ForeverLoop.mm in Sources */ = {isa = PBXBuildFile; fileRef = E4E7C72510299BC700983B8D /* ForeverLoop.mm */; };
		E4E7C75510299BC700983B8D /* LineWeightInstruction.mm in Sources */ = {isa = PBXBuildFile; fileRef = E4E7C72710299BC700983B8D /* LineWeightInstruction.mm */; };
		E4E7C75610299BC700983B8D /* MovePitchInstruction.mm in Sources */ = {isa = PBXBuildFile; fileRef = E4E7C72910299BC700983B8D /* MovePitchInstruction.mm */; };
		E4E7C75710299BC700983B8D /* RepeatInstruction.mm in Sources */ = {isa = PBXBuildFile; fileRef = E4E7C72B10299BC700983B8D /* RepeatInstruction.mm */; };
		E4E7C75810299BC700983B8D /* InstructionSet.mm in Sources */ = {isa = PBXBuildFile; fileRef = E4E7C72D10299BC700983B8D /* InstructionSet.mm */; };
		E4E7C75910299BC700983B8D /* main.mm in Sources */ = {isa = PBXBuildFile; fileRef = E4E7C72E10299BC700983B8D /* main.mm */; };
		E4E7C75A10299BC700983B8D /* MoveInstruction.mm in Sources */ = {isa = PBXBuildFile; fileRef = E4E7C73010299BC700983B8D /* MoveInstruction.mm */; };
		E4E7C75B10299BC700983B8D /* MoveUpInstruction.mm in Sources */ = {isa = PBXBuildFile; fileRef = E4E7C73210299BC700983B8D /* MoveUpInstruction.mm */; };
		E4E7C75C10299BC700983B8D /* testApp.mm in Sources */ = {isa = PBXBuildFile; fileRef = E4E7C73410299BC700983B8D /* testApp.mm */; };
		E4E7C75D10299BC700983B8D /* TouchEvent.mm in Sources */ = {isa = PBXBuildFile; fileRef = E4E7C73610299BC700983B8D /* TouchEvent.mm */; };
		E4E7C75E10299BC700983B8D /* turtle.mm in Sources */ = {isa = PBXBuildFile; fileRef = E4E7C73810299BC700983B8D /* turtle.mm */; };
		E4E7C76010299BC700983B8D /* TransformUtils.mm in Sources */ = {isa = PBXBuildFile; fileRef = E4E7C73D10299BC700983B8D /* TransformUtils.mm */; };
		E4E7C76110299BC700983B8D /* Vector2d.m in Sources */ = {isa = PBXBuildFile; fileRef = E4E7C73F10299BC700983B8D /* Vector2d.m */; };
		E4E7C76210299BC700983B8D /* vmath.cpp in Sources */ = {isa = PBXBuildFile; fileRef = E4E7C74010299BC700983B8D /* vmath.cpp */; };
		E4E7C76510299BD400983B8D /* StartInstruction.mm in Sources */ = {isa = PBXBuildFile; fileRef = E4E7C76410299BD400983B8D /* StartInstruction.mm */; };
		E4E7C85F10299D9500983B8D /* UIKit.framework in Frameworks */ = {isa = PBXBuildFile; fileRef = E4E7C85E10299D9500983B8D /* UIKit.framework */; };
		E4E7C8A010299F2100983B8D /* MoveArbInstruction.mm in Sources */ = {isa = PBXBuildFile; fileRef = E4E7C89D10299F2100983B8D /* MoveArbInstruction.mm */; };
		E4E7C8A110299F2100983B8D /* MoveLeftInstruction.mm in Sources */ = {isa = PBXBuildFile; fileRef = E4E7C89F10299F2100983B8D /* MoveLeftInstruction.mm */; };
		E4E7C9551029A5F300983B8D /* ProFont.ttf in Resources */ = {isa = PBXBuildFile; fileRef = E4E7C9541029A5F300983B8D /* ProFont.ttf */; };
/* End PBXBuildFile section */

/* Begin PBXFileReference section */
		1D30AB110D05D00D00671497 /* Foundation.framework */ = {isa = PBXFileReference; lastKnownFileType = wrapper.framework; name = Foundation.framework; path = System/Library/Frameworks/Foundation.framework; sourceTree = SDKROOT; };
		1D6058910D05DD3D006BFB54 /* logofighter.app */ = {isa = PBXFileReference; explicitFileType = wrapper.application; includeInIndex = 0; path = logofighter.app; sourceTree = BUILT_PRODUCTS_DIR; };
		288765FC0DF74451002DB57D /* CoreGraphics.framework */ = {isa = PBXFileReference; lastKnownFileType = wrapper.framework; name = CoreGraphics.framework; path = System/Library/Frameworks/CoreGraphics.framework; sourceTree = SDKROOT; };
		32CA4F630368D1EE00C91783 /* iPhone_Prefix.pch */ = {isa = PBXFileReference; fileEncoding = 4; lastKnownFileType = sourcecode.c.h; path = iPhone_Prefix.pch; sourceTree = "<group>"; };
		5E0C6ADA0FD1DBF300801469 /* InterBla */ = {isa = PBXFileReference; fileEncoding = 4; lastKnownFileType = text; name = InterBla; path = data/fonts/InterBla; sourceTree = SOURCE_ROOT; };
		5E0C6ADB0FD1DBF300801469 /* Interstate */ = {isa = PBXFileReference; fileEncoding = 4; lastKnownFileType = text; path = Interstate; sourceTree = "<group>"; };
		5E0C6B0A0FD1DDC500801469 /* Avenir_Medium.ttf */ = {isa = PBXFileReference; lastKnownFileType = file; name = Avenir_Medium.ttf; path = data/fonts/Avenir_Medium.ttf; sourceTree = SOURCE_ROOT; };
		5E1CF79010123AD200C9C20D /* color_picker.png */ = {isa = PBXFileReference; lastKnownFileType = image.png; name = color_picker.png; path = data/images/color_picker.png; sourceTree = SOURCE_ROOT; };
		5E5600FB100A6BFD00E0681A /* move_atlas.png */ = {isa = PBXFileReference; lastKnownFileType = image.png; name = move_atlas.png; path = data/images/move_atlas.png; sourceTree = SOURCE_ROOT; };
		5ED76A6110167CD400126A8B /* bob.png */ = {isa = PBXFileReference; lastKnownFileType = image.png; name = bob.png; path = data/images/bob.png; sourceTree = SOURCE_ROOT; };
		5ED76AEB1016AEAF00126A8B /* bob2.png */ = {isa = PBXFileReference; lastKnownFileType = image.png; name = bob2.png; path = data/images/bob2.png; sourceTree = SOURCE_ROOT; };
		5ED76C4E1017E81400126A8B /* bob.png */ = {isa = PBXFileReference; lastKnownFileType = image.png; name = bob.png; path = images/bob.png; sourceTree = "<group>"; };
		5EE77D40100C22100035A344 /* control_atlas.png */ = {isa = PBXFileReference; lastKnownFileType = image.png; name = control_atlas.png; path = images/control_atlas.png; sourceTree = "<group>"; };
		8D1107310486CEB800E47090 /* Info.plist */ = {isa = PBXFileReference; fileEncoding = 4; lastKnownFileType = text.plist.xml; name = Info.plist; path = ../Info.plist; sourceTree = "<group>"; };
		BB16E9960F2B1E6900518274 /* ofAppBaseWindow.h */ = {isa = PBXFileReference; fileEncoding = 4; lastKnownFileType = sourcecode.c.h; path = ofAppBaseWindow.h; sourceTree = "<group>"; };
		BB16E9970F2B1E6900518274 /* ofAppGlutWindow.cpp */ = {isa = PBXFileReference; fileEncoding = 4; lastKnownFileType = sourcecode.cpp.cpp; path = ofAppGlutWindow.cpp; sourceTree = "<group>"; };
		BB16E9980F2B1E6900518274 /* ofAppGlutWindow.h */ = {isa = PBXFileReference; fileEncoding = 4; lastKnownFileType = sourcecode.c.h; path = ofAppGlutWindow.h; sourceTree = "<group>"; };
		BB16E9990F2B1E6900518274 /* ofAppRunner.cpp */ = {isa = PBXFileReference; fileEncoding = 4; lastKnownFileType = sourcecode.cpp.cpp; path = ofAppRunner.cpp; sourceTree = "<group>"; };
		BB16E99A0F2B1E6900518274 /* ofAppRunner.h */ = {isa = PBXFileReference; fileEncoding = 4; lastKnownFileType = sourcecode.c.h; path = ofAppRunner.h; sourceTree = "<group>"; };
		BB16E99B0F2B1E6900518274 /* ofBaseApp.h */ = {isa = PBXFileReference; fileEncoding = 4; lastKnownFileType = sourcecode.c.h; path = ofBaseApp.h; sourceTree = "<group>"; };
		BB16E99D0F2B1E6900518274 /* ofArduino.cpp */ = {isa = PBXFileReference; fileEncoding = 4; lastKnownFileType = sourcecode.cpp.cpp; path = ofArduino.cpp; sourceTree = "<group>"; };
		BB16E99E0F2B1E6900518274 /* ofArduino.h */ = {isa = PBXFileReference; fileEncoding = 4; lastKnownFileType = sourcecode.c.h; path = ofArduino.h; sourceTree = "<group>"; };
		BB16E99F0F2B1E6900518274 /* ofSerial.cpp */ = {isa = PBXFileReference; fileEncoding = 4; lastKnownFileType = sourcecode.cpp.cpp; path = ofSerial.cpp; sourceTree = "<group>"; };
		BB16E9A00F2B1E6900518274 /* ofSerial.h */ = {isa = PBXFileReference; fileEncoding = 4; lastKnownFileType = sourcecode.c.h; path = ofSerial.h; sourceTree = "<group>"; };
		BB16E9A10F2B1E6900518274 /* ofStandardFirmata.cpp */ = {isa = PBXFileReference; fileEncoding = 4; lastKnownFileType = sourcecode.cpp.cpp; path = ofStandardFirmata.cpp; sourceTree = "<group>"; };
		BB16E9A20F2B1E6900518274 /* ofStandardFirmata.h */ = {isa = PBXFileReference; fileEncoding = 4; lastKnownFileType = sourcecode.c.h; path = ofStandardFirmata.h; sourceTree = "<group>"; };
		BB16E9A40F2B1E6900518274 /* ofEvents.h */ = {isa = PBXFileReference; fileEncoding = 4; lastKnownFileType = sourcecode.c.h; path = ofEvents.h; sourceTree = "<group>"; };
		BB16E9A50F2B1E6900518274 /* ofEventUtils.h */ = {isa = PBXFileReference; fileEncoding = 4; lastKnownFileType = sourcecode.c.h; path = ofEventUtils.h; sourceTree = "<group>"; };
		BB16E9A70F2B1E6900518274 /* ofBitmapFont.cpp */ = {isa = PBXFileReference; fileEncoding = 4; lastKnownFileType = sourcecode.cpp.cpp; path = ofBitmapFont.cpp; sourceTree = "<group>"; };
		BB16E9A80F2B1E6900518274 /* ofBitmapFont.h */ = {isa = PBXFileReference; fileEncoding = 4; lastKnownFileType = sourcecode.c.h; path = ofBitmapFont.h; sourceTree = "<group>"; };
		BB16E9A90F2B1E6900518274 /* ofGraphics.cpp */ = {isa = PBXFileReference; fileEncoding = 4; lastKnownFileType = sourcecode.cpp.cpp; path = ofGraphics.cpp; sourceTree = "<group>"; };
		BB16E9AA0F2B1E6900518274 /* ofGraphics.h */ = {isa = PBXFileReference; fileEncoding = 4; lastKnownFileType = sourcecode.c.h; path = ofGraphics.h; sourceTree = "<group>"; };
		BB16E9AB0F2B1E6900518274 /* ofImage.cpp */ = {isa = PBXFileReference; fileEncoding = 4; lastKnownFileType = sourcecode.cpp.cpp; path = ofImage.cpp; sourceTree = "<group>"; };
		BB16E9AC0F2B1E6900518274 /* ofImage.h */ = {isa = PBXFileReference; fileEncoding = 4; lastKnownFileType = sourcecode.c.h; path = ofImage.h; sourceTree = "<group>"; };
		BB16E9AD0F2B1E6900518274 /* ofTexture.cpp */ = {isa = PBXFileReference; fileEncoding = 4; lastKnownFileType = sourcecode.cpp.cpp; path = ofTexture.cpp; sourceTree = "<group>"; };
		BB16E9AE0F2B1E6900518274 /* ofTexture.h */ = {isa = PBXFileReference; fileEncoding = 4; lastKnownFileType = sourcecode.c.h; path = ofTexture.h; sourceTree = "<group>"; };
		BB16E9AF0F2B1E6900518274 /* ofTrueTypeFont.cpp */ = {isa = PBXFileReference; fileEncoding = 4; lastKnownFileType = sourcecode.cpp.cpp; path = ofTrueTypeFont.cpp; sourceTree = "<group>"; };
		BB16E9B00F2B1E6900518274 /* ofTrueTypeFont.h */ = {isa = PBXFileReference; fileEncoding = 4; lastKnownFileType = sourcecode.c.h; path = ofTrueTypeFont.h; sourceTree = "<group>"; };
		BB16E9B10F2B1E6900518274 /* ofMain.h */ = {isa = PBXFileReference; fileEncoding = 4; lastKnownFileType = sourcecode.c.h; path = ofMain.h; sourceTree = "<group>"; };
		BB16E9B30F2B1E6900518274 /* ofSoundPlayer.cpp */ = {isa = PBXFileReference; fileEncoding = 4; lastKnownFileType = sourcecode.cpp.cpp; path = ofSoundPlayer.cpp; sourceTree = "<group>"; };
		BB16E9B40F2B1E6900518274 /* ofSoundPlayer.h */ = {isa = PBXFileReference; fileEncoding = 4; lastKnownFileType = sourcecode.c.h; path = ofSoundPlayer.h; sourceTree = "<group>"; };
		BB16E9B50F2B1E6900518274 /* ofSoundStream.cpp */ = {isa = PBXFileReference; fileEncoding = 4; lastKnownFileType = sourcecode.cpp.cpp; path = ofSoundStream.cpp; sourceTree = "<group>"; };
		BB16E9B60F2B1E6900518274 /* ofSoundStream.h */ = {isa = PBXFileReference; fileEncoding = 4; lastKnownFileType = sourcecode.c.h; path = ofSoundStream.h; sourceTree = "<group>"; };
		BB16E9B80F2B1E6900518274 /* ofConstants.h */ = {isa = PBXFileReference; fileEncoding = 4; lastKnownFileType = sourcecode.c.h; path = ofConstants.h; sourceTree = "<group>"; };
		BB16E9B90F2B1E6900518274 /* ofMath.cpp */ = {isa = PBXFileReference; fileEncoding = 4; lastKnownFileType = sourcecode.cpp.cpp; path = ofMath.cpp; sourceTree = "<group>"; };
		BB16E9BA0F2B1E6900518274 /* ofMath.h */ = {isa = PBXFileReference; fileEncoding = 4; lastKnownFileType = sourcecode.c.h; path = ofMath.h; sourceTree = "<group>"; };
		BB16E9BB0F2B1E6900518274 /* ofTypes.h */ = {isa = PBXFileReference; fileEncoding = 4; lastKnownFileType = sourcecode.c.h; path = ofTypes.h; sourceTree = "<group>"; };
		BB16E9BC0F2B1E6900518274 /* ofUtils.cpp */ = {isa = PBXFileReference; fileEncoding = 4; lastKnownFileType = sourcecode.cpp.cpp; path = ofUtils.cpp; sourceTree = "<group>"; };
		BB16E9BD0F2B1E6900518274 /* ofUtils.h */ = {isa = PBXFileReference; fileEncoding = 4; lastKnownFileType = sourcecode.c.h; path = ofUtils.h; sourceTree = "<group>"; };
		BB16E9BF0F2B1E6900518274 /* ofQtUtils.cpp */ = {isa = PBXFileReference; fileEncoding = 4; lastKnownFileType = sourcecode.cpp.cpp; path = ofQtUtils.cpp; sourceTree = "<group>"; };
		BB16E9C00F2B1E6900518274 /* ofQtUtils.h */ = {isa = PBXFileReference; fileEncoding = 4; lastKnownFileType = sourcecode.c.h; path = ofQtUtils.h; sourceTree = "<group>"; };
		BB16E9C10F2B1E6900518274 /* ofUCUtils.cpp */ = {isa = PBXFileReference; fileEncoding = 4; lastKnownFileType = sourcecode.cpp.cpp; path = ofUCUtils.cpp; sourceTree = "<group>"; };
		BB16E9C20F2B1E6900518274 /* ofUCUtils.h */ = {isa = PBXFileReference; fileEncoding = 4; lastKnownFileType = sourcecode.c.h; path = ofUCUtils.h; sourceTree = "<group>"; };
		BB16E9C30F2B1E6900518274 /* ofV4LUtils.h */ = {isa = PBXFileReference; fileEncoding = 4; lastKnownFileType = sourcecode.c.h; path = ofV4LUtils.h; sourceTree = "<group>"; };
		BB16E9C40F2B1E6900518274 /* ofVideoGrabber.cpp */ = {isa = PBXFileReference; fileEncoding = 4; lastKnownFileType = sourcecode.cpp.cpp; path = ofVideoGrabber.cpp; sourceTree = "<group>"; };
		BB16E9C50F2B1E6900518274 /* ofVideoGrabber.h */ = {isa = PBXFileReference; fileEncoding = 4; lastKnownFileType = sourcecode.c.h; path = ofVideoGrabber.h; sourceTree = "<group>"; };
		BB16E9C60F2B1E6900518274 /* ofVideoPlayer.cpp */ = {isa = PBXFileReference; fileEncoding = 4; lastKnownFileType = sourcecode.cpp.cpp; path = ofVideoPlayer.cpp; sourceTree = "<group>"; };
		BB16E9C70F2B1E6900518274 /* ofVideoPlayer.h */ = {isa = PBXFileReference; fileEncoding = 4; lastKnownFileType = sourcecode.c.h; path = ofVideoPlayer.h; sourceTree = "<group>"; };
		BB16EBD10F2B2A9500518274 /* OpenGLES.framework */ = {isa = PBXFileReference; lastKnownFileType = wrapper.framework; name = OpenGLES.framework; path = System/Library/Frameworks/OpenGLES.framework; sourceTree = SDKROOT; };
		BB16EBD80F2B2AB500518274 /* QuartzCore.framework */ = {isa = PBXFileReference; lastKnownFileType = wrapper.framework; name = QuartzCore.framework; path = System/Library/Frameworks/QuartzCore.framework; sourceTree = SDKROOT; };
		BB4B3DE40F7AFE100030C0C6 /* changelog.txt */ = {isa = PBXFileReference; fileEncoding = 4; lastKnownFileType = text; path = changelog.txt; sourceTree = "<group>"; };
		BB4B3E160F7AFE100030C0C6 /* LICENSE.txt */ = {isa = PBXFileReference; fileEncoding = 4; lastKnownFileType = text; path = LICENSE.txt; sourceTree = "<group>"; };
		BB4B3E170F7AFE100030C0C6 /* ofxiPhone.h */ = {isa = PBXFileReference; fileEncoding = 4; lastKnownFileType = sourcecode.c.h; path = ofxiPhone.h; sourceTree = "<group>"; };
		BB4B3E190F7AFE100030C0C6 /* EAGLView.h */ = {isa = PBXFileReference; fileEncoding = 4; lastKnownFileType = sourcecode.c.h; path = EAGLView.h; sourceTree = "<group>"; };
		BB4B3E1A0F7AFE100030C0C6 /* EAGLView.mm */ = {isa = PBXFileReference; fileEncoding = 4; lastKnownFileType = sourcecode.cpp.objcpp; path = EAGLView.mm; sourceTree = "<group>"; };
		BB4B3E1B0F7AFE100030C0C6 /* iPhoneAppDelegate.h */ = {isa = PBXFileReference; fileEncoding = 4; lastKnownFileType = sourcecode.c.h; path = iPhoneAppDelegate.h; sourceTree = "<group>"; };
		BB4B3E1C0F7AFE100030C0C6 /* iPhoneAppDelegate.mm */ = {isa = PBXFileReference; fileEncoding = 4; lastKnownFileType = sourcecode.cpp.objcpp; path = iPhoneAppDelegate.mm; sourceTree = "<group>"; };
		BB4B3E1D0F7AFE100030C0C6 /* iPhoneGlobals.h */ = {isa = PBXFileReference; fileEncoding = 4; lastKnownFileType = sourcecode.c.h; path = iPhoneGlobals.h; sourceTree = "<group>"; };
		BB4B3E1E0F7AFE100030C0C6 /* iPhoneGlobals.mm */ = {isa = PBXFileReference; fileEncoding = 4; lastKnownFileType = sourcecode.cpp.objcpp; path = iPhoneGlobals.mm; sourceTree = "<group>"; };
		BB4B3E1F0F7AFE100030C0C6 /* iPhoneSoundPlayer.mm */ = {isa = PBXFileReference; fileEncoding = 4; lastKnownFileType = sourcecode.cpp.objcpp; path = iPhoneSoundPlayer.mm; sourceTree = "<group>"; };
		BB4B3E200F7AFE100030C0C6 /* iPhoneSoundStream.mm */ = {isa = PBXFileReference; fileEncoding = 4; lastKnownFileType = sourcecode.cpp.objcpp; path = iPhoneSoundStream.mm; sourceTree = "<group>"; };
		BB4B3E210F7AFE100030C0C6 /* MSARootViewController.h */ = {isa = PBXFileReference; fileEncoding = 4; lastKnownFileType = sourcecode.c.h; path = MSARootViewController.h; sourceTree = "<group>"; };
		BB4B3E220F7AFE100030C0C6 /* MSARootViewController.mm */ = {isa = PBXFileReference; fileEncoding = 4; lastKnownFileType = sourcecode.cpp.objcpp; path = MSARootViewController.mm; sourceTree = "<group>"; };
		BB4B3E230F7AFE100030C0C6 /* ofAppiPhoneWindow.h */ = {isa = PBXFileReference; fileEncoding = 4; lastKnownFileType = sourcecode.c.h; path = ofAppiPhoneWindow.h; sourceTree = "<group>"; };
		BB4B3E240F7AFE100030C0C6 /* ofAppiPhoneWindow.mm */ = {isa = PBXFileReference; fileEncoding = 4; lastKnownFileType = sourcecode.cpp.objcpp; path = ofAppiPhoneWindow.mm; sourceTree = "<group>"; };
		BB4B3E250F7AFE100030C0C6 /* ofxiPhoneAccelerometer.mm */ = {isa = PBXFileReference; fileEncoding = 4; lastKnownFileType = sourcecode.cpp.objcpp; path = ofxiPhoneAccelerometer.mm; sourceTree = "<group>"; };
		BB4B3E260F7AFE100030C0C6 /* ofxiPhoneUtils.mm */ = {isa = PBXFileReference; fileEncoding = 4; lastKnownFileType = sourcecode.cpp.objcpp; path = ofxiPhoneUtils.mm; sourceTree = "<group>"; };
		BB4B3E280F7AFE100030C0C6 /* changelog.txt */ = {isa = PBXFileReference; fileEncoding = 4; lastKnownFileType = text; path = changelog.txt; sourceTree = "<group>"; };
		BB4B3E290F7AFE100030C0C6 /* LICENSE.txt */ = {isa = PBXFileReference; fileEncoding = 4; lastKnownFileType = text; path = LICENSE.txt; sourceTree = "<group>"; };
		BB4B3E2B0F7AFE100030C0C6 /* ofxMultiTouch.cpp */ = {isa = PBXFileReference; fileEncoding = 4; lastKnownFileType = sourcecode.cpp.cpp; path = ofxMultiTouch.cpp; sourceTree = "<group>"; };
		BB4B3E2C0F7AFE100030C0C6 /* ofxMultiTouch.h */ = {isa = PBXFileReference; fileEncoding = 4; lastKnownFileType = sourcecode.c.h; path = ofxMultiTouch.h; sourceTree = "<group>"; };
		BB4B3E2D0F7AFE100030C0C6 /* ofxMultiTouchListener.h */ = {isa = PBXFileReference; fileEncoding = 4; lastKnownFileType = sourcecode.c.h; path = ofxMultiTouchListener.h; sourceTree = "<group>"; };
		BB4B3E2F0F7AFE100030C0C6 /* changelog.txt */ = {isa = PBXFileReference; fileEncoding = 4; lastKnownFileType = text; path = changelog.txt; sourceTree = "<group>"; };
		BB4B3E300F7AFE100030C0C6 /* LICENSE.txt */ = {isa = PBXFileReference; fileEncoding = 4; lastKnownFileType = text; path = LICENSE.txt; sourceTree = "<group>"; };
		BB4B3E320F7AFE100030C0C6 /* ofxAccelerometer.cpp */ = {isa = PBXFileReference; fileEncoding = 4; lastKnownFileType = sourcecode.cpp.cpp; path = ofxAccelerometer.cpp; sourceTree = "<group>"; };
		BB4B3E330F7AFE100030C0C6 /* ofxAccelerometer.h */ = {isa = PBXFileReference; fileEncoding = 4; lastKnownFileType = sourcecode.c.h; path = ofxAccelerometer.h; sourceTree = "<group>"; };
		BBD1C2760F39143F007FCFB3 /* Default.png */ = {isa = PBXFileReference; lastKnownFileType = image.png; path = Default.png; sourceTree = "<group>"; };
		BBD1C2770F39143F007FCFB3 /* Icon.png */ = {isa = PBXFileReference; lastKnownFileType = image.png; path = Icon.png; sourceTree = "<group>"; };
		BBE5E9560F497C3100F28951 /* ftconfig.h */ = {isa = PBXFileReference; fileEncoding = 4; lastKnownFileType = sourcecode.c.h; path = ftconfig.h; sourceTree = "<group>"; };
		BBE5E9570F497C3100F28951 /* ftheader.h */ = {isa = PBXFileReference; fileEncoding = 4; lastKnownFileType = sourcecode.c.h; path = ftheader.h; sourceTree = "<group>"; };
		BBE5E9580F497C3100F28951 /* ftmodule.h */ = {isa = PBXFileReference; fileEncoding = 4; lastKnownFileType = sourcecode.c.h; path = ftmodule.h; sourceTree = "<group>"; };
		BBE5E9590F497C3100F28951 /* ftoption.h */ = {isa = PBXFileReference; fileEncoding = 4; lastKnownFileType = sourcecode.c.h; path = ftoption.h; sourceTree = "<group>"; };
		BBE5E95A0F497C3100F28951 /* ftstdlib.h */ = {isa = PBXFileReference; fileEncoding = 4; lastKnownFileType = sourcecode.c.h; path = ftstdlib.h; sourceTree = "<group>"; };
		BBE5E95B0F497C3100F28951 /* freetype.h */ = {isa = PBXFileReference; fileEncoding = 4; lastKnownFileType = sourcecode.c.h; path = freetype.h; sourceTree = "<group>"; };
		BBE5E95C0F497C3100F28951 /* ftbbox.h */ = {isa = PBXFileReference; fileEncoding = 4; lastKnownFileType = sourcecode.c.h; path = ftbbox.h; sourceTree = "<group>"; };
		BBE5E95D0F497C3100F28951 /* ftbdf.h */ = {isa = PBXFileReference; fileEncoding = 4; lastKnownFileType = sourcecode.c.h; path = ftbdf.h; sourceTree = "<group>"; };
		BBE5E95E0F497C3100F28951 /* ftbitmap.h */ = {isa = PBXFileReference; fileEncoding = 4; lastKnownFileType = sourcecode.c.h; path = ftbitmap.h; sourceTree = "<group>"; };
		BBE5E95F0F497C3100F28951 /* ftcache.h */ = {isa = PBXFileReference; fileEncoding = 4; lastKnownFileType = sourcecode.c.h; path = ftcache.h; sourceTree = "<group>"; };
		BBE5E9600F497C3100F28951 /* ftchapters.h */ = {isa = PBXFileReference; fileEncoding = 4; lastKnownFileType = sourcecode.c.h; path = ftchapters.h; sourceTree = "<group>"; };
		BBE5E9610F497C3100F28951 /* ftcid.h */ = {isa = PBXFileReference; fileEncoding = 4; lastKnownFileType = sourcecode.c.h; path = ftcid.h; sourceTree = "<group>"; };
		BBE5E9620F497C3100F28951 /* fterrdef.h */ = {isa = PBXFileReference; fileEncoding = 4; lastKnownFileType = sourcecode.c.h; path = fterrdef.h; sourceTree = "<group>"; };
		BBE5E9630F497C3100F28951 /* fterrors.h */ = {isa = PBXFileReference; fileEncoding = 4; lastKnownFileType = sourcecode.c.h; path = fterrors.h; sourceTree = "<group>"; };
		BBE5E9640F497C3100F28951 /* ftgasp.h */ = {isa = PBXFileReference; fileEncoding = 4; lastKnownFileType = sourcecode.c.h; path = ftgasp.h; sourceTree = "<group>"; };
		BBE5E9650F497C3100F28951 /* ftglyph.h */ = {isa = PBXFileReference; fileEncoding = 4; lastKnownFileType = sourcecode.c.h; path = ftglyph.h; sourceTree = "<group>"; };
		BBE5E9660F497C3100F28951 /* ftgxval.h */ = {isa = PBXFileReference; fileEncoding = 4; lastKnownFileType = sourcecode.c.h; path = ftgxval.h; sourceTree = "<group>"; };
		BBE5E9670F497C3100F28951 /* ftgzip.h */ = {isa = PBXFileReference; fileEncoding = 4; lastKnownFileType = sourcecode.c.h; path = ftgzip.h; sourceTree = "<group>"; };
		BBE5E9680F497C3100F28951 /* ftimage.h */ = {isa = PBXFileReference; fileEncoding = 4; lastKnownFileType = sourcecode.c.h; path = ftimage.h; sourceTree = "<group>"; };
		BBE5E9690F497C3100F28951 /* ftincrem.h */ = {isa = PBXFileReference; fileEncoding = 4; lastKnownFileType = sourcecode.c.h; path = ftincrem.h; sourceTree = "<group>"; };
		BBE5E96A0F497C3100F28951 /* ftlcdfil.h */ = {isa = PBXFileReference; fileEncoding = 4; lastKnownFileType = sourcecode.c.h; path = ftlcdfil.h; sourceTree = "<group>"; };
		BBE5E96B0F497C3100F28951 /* ftlist.h */ = {isa = PBXFileReference; fileEncoding = 4; lastKnownFileType = sourcecode.c.h; path = ftlist.h; sourceTree = "<group>"; };
		BBE5E96C0F497C3100F28951 /* ftlzw.h */ = {isa = PBXFileReference; fileEncoding = 4; lastKnownFileType = sourcecode.c.h; path = ftlzw.h; sourceTree = "<group>"; };
		BBE5E96D0F497C3100F28951 /* ftmac.h */ = {isa = PBXFileReference; fileEncoding = 4; lastKnownFileType = sourcecode.c.h; path = ftmac.h; sourceTree = "<group>"; };
		BBE5E96E0F497C3100F28951 /* ftmm.h */ = {isa = PBXFileReference; fileEncoding = 4; lastKnownFileType = sourcecode.c.h; path = ftmm.h; sourceTree = "<group>"; };
		BBE5E96F0F497C3100F28951 /* ftmodapi.h */ = {isa = PBXFileReference; fileEncoding = 4; lastKnownFileType = sourcecode.c.h; path = ftmodapi.h; sourceTree = "<group>"; };
		BBE5E9700F497C3100F28951 /* ftmoderr.h */ = {isa = PBXFileReference; fileEncoding = 4; lastKnownFileType = sourcecode.c.h; path = ftmoderr.h; sourceTree = "<group>"; };
		BBE5E9710F497C3100F28951 /* ftotval.h */ = {isa = PBXFileReference; fileEncoding = 4; lastKnownFileType = sourcecode.c.h; path = ftotval.h; sourceTree = "<group>"; };
		BBE5E9720F497C3100F28951 /* ftoutln.h */ = {isa = PBXFileReference; fileEncoding = 4; lastKnownFileType = sourcecode.c.h; path = ftoutln.h; sourceTree = "<group>"; };
		BBE5E9730F497C3100F28951 /* ftpfr.h */ = {isa = PBXFileReference; fileEncoding = 4; lastKnownFileType = sourcecode.c.h; path = ftpfr.h; sourceTree = "<group>"; };
		BBE5E9740F497C3100F28951 /* ftrender.h */ = {isa = PBXFileReference; fileEncoding = 4; lastKnownFileType = sourcecode.c.h; path = ftrender.h; sourceTree = "<group>"; };
		BBE5E9750F497C3100F28951 /* ftsizes.h */ = {isa = PBXFileReference; fileEncoding = 4; lastKnownFileType = sourcecode.c.h; path = ftsizes.h; sourceTree = "<group>"; };
		BBE5E9760F497C3100F28951 /* ftsnames.h */ = {isa = PBXFileReference; fileEncoding = 4; lastKnownFileType = sourcecode.c.h; path = ftsnames.h; sourceTree = "<group>"; };
		BBE5E9770F497C3100F28951 /* ftstroke.h */ = {isa = PBXFileReference; fileEncoding = 4; lastKnownFileType = sourcecode.c.h; path = ftstroke.h; sourceTree = "<group>"; };
		BBE5E9780F497C3100F28951 /* ftsynth.h */ = {isa = PBXFileReference; fileEncoding = 4; lastKnownFileType = sourcecode.c.h; path = ftsynth.h; sourceTree = "<group>"; };
		BBE5E9790F497C3100F28951 /* ftsystem.h */ = {isa = PBXFileReference; fileEncoding = 4; lastKnownFileType = sourcecode.c.h; path = ftsystem.h; sourceTree = "<group>"; };
		BBE5E97A0F497C3100F28951 /* fttrigon.h */ = {isa = PBXFileReference; fileEncoding = 4; lastKnownFileType = sourcecode.c.h; path = fttrigon.h; sourceTree = "<group>"; };
		BBE5E97B0F497C3100F28951 /* fttypes.h */ = {isa = PBXFileReference; fileEncoding = 4; lastKnownFileType = sourcecode.c.h; path = fttypes.h; sourceTree = "<group>"; };
		BBE5E97C0F497C3100F28951 /* ftwinfnt.h */ = {isa = PBXFileReference; fileEncoding = 4; lastKnownFileType = sourcecode.c.h; path = ftwinfnt.h; sourceTree = "<group>"; };
		BBE5E97D0F497C3100F28951 /* ftxf86.h */ = {isa = PBXFileReference; fileEncoding = 4; lastKnownFileType = sourcecode.c.h; path = ftxf86.h; sourceTree = "<group>"; };
		BBE5E97F0F497C3100F28951 /* autohint.h */ = {isa = PBXFileReference; fileEncoding = 4; lastKnownFileType = sourcecode.c.h; path = autohint.h; sourceTree = "<group>"; };
		BBE5E9800F497C3100F28951 /* ftcalc.h */ = {isa = PBXFileReference; fileEncoding = 4; lastKnownFileType = sourcecode.c.h; path = ftcalc.h; sourceTree = "<group>"; };
		BBE5E9810F497C3100F28951 /* ftdebug.h */ = {isa = PBXFileReference; fileEncoding = 4; lastKnownFileType = sourcecode.c.h; path = ftdebug.h; sourceTree = "<group>"; };
		BBE5E9820F497C3100F28951 /* ftdriver.h */ = {isa = PBXFileReference; fileEncoding = 4; lastKnownFileType = sourcecode.c.h; path = ftdriver.h; sourceTree = "<group>"; };
		BBE5E9830F497C3100F28951 /* ftgloadr.h */ = {isa = PBXFileReference; fileEncoding = 4; lastKnownFileType = sourcecode.c.h; path = ftgloadr.h; sourceTree = "<group>"; };
		BBE5E9840F497C3100F28951 /* ftmemory.h */ = {isa = PBXFileReference; fileEncoding = 4; lastKnownFileType = sourcecode.c.h; path = ftmemory.h; sourceTree = "<group>"; };
		BBE5E9850F497C3100F28951 /* ftobjs.h */ = {isa = PBXFileReference; fileEncoding = 4; lastKnownFileType = sourcecode.c.h; path = ftobjs.h; sourceTree = "<group>"; };
		BBE5E9860F497C3100F28951 /* ftrfork.h */ = {isa = PBXFileReference; fileEncoding = 4; lastKnownFileType = sourcecode.c.h; path = ftrfork.h; sourceTree = "<group>"; };
		BBE5E9870F497C3100F28951 /* ftserv.h */ = {isa = PBXFileReference; fileEncoding = 4; lastKnownFileType = sourcecode.c.h; path = ftserv.h; sourceTree = "<group>"; };
		BBE5E9880F497C3100F28951 /* ftstream.h */ = {isa = PBXFileReference; fileEncoding = 4; lastKnownFileType = sourcecode.c.h; path = ftstream.h; sourceTree = "<group>"; };
		BBE5E9890F497C3100F28951 /* fttrace.h */ = {isa = PBXFileReference; fileEncoding = 4; lastKnownFileType = sourcecode.c.h; path = fttrace.h; sourceTree = "<group>"; };
		BBE5E98A0F497C3100F28951 /* ftvalid.h */ = {isa = PBXFileReference; fileEncoding = 4; lastKnownFileType = sourcecode.c.h; path = ftvalid.h; sourceTree = "<group>"; };
		BBE5E98B0F497C3100F28951 /* internal.h */ = {isa = PBXFileReference; fileEncoding = 4; lastKnownFileType = sourcecode.c.h; path = internal.h; sourceTree = "<group>"; };
		BBE5E98C0F497C3100F28951 /* pcftypes.h */ = {isa = PBXFileReference; fileEncoding = 4; lastKnownFileType = sourcecode.c.h; path = pcftypes.h; sourceTree = "<group>"; };
		BBE5E98D0F497C3100F28951 /* psaux.h */ = {isa = PBXFileReference; fileEncoding = 4; lastKnownFileType = sourcecode.c.h; path = psaux.h; sourceTree = "<group>"; };
		BBE5E98E0F497C3100F28951 /* pshints.h */ = {isa = PBXFileReference; fileEncoding = 4; lastKnownFileType = sourcecode.c.h; path = pshints.h; sourceTree = "<group>"; };
		BBE5E9900F497C3100F28951 /* svbdf.h */ = {isa = PBXFileReference; fileEncoding = 4; lastKnownFileType = sourcecode.c.h; path = svbdf.h; sourceTree = "<group>"; };
		BBE5E9910F497C3100F28951 /* svcid.h */ = {isa = PBXFileReference; fileEncoding = 4; lastKnownFileType = sourcecode.c.h; path = svcid.h; sourceTree = "<group>"; };
		BBE5E9920F497C3100F28951 /* svgldict.h */ = {isa = PBXFileReference; fileEncoding = 4; lastKnownFileType = sourcecode.c.h; path = svgldict.h; sourceTree = "<group>"; };
		BBE5E9930F497C3100F28951 /* svgxval.h */ = {isa = PBXFileReference; fileEncoding = 4; lastKnownFileType = sourcecode.c.h; path = svgxval.h; sourceTree = "<group>"; };
		BBE5E9940F497C3100F28951 /* svkern.h */ = {isa = PBXFileReference; fileEncoding = 4; lastKnownFileType = sourcecode.c.h; path = svkern.h; sourceTree = "<group>"; };
		BBE5E9950F497C3100F28951 /* svmm.h */ = {isa = PBXFileReference; fileEncoding = 4; lastKnownFileType = sourcecode.c.h; path = svmm.h; sourceTree = "<group>"; };
		BBE5E9960F497C3100F28951 /* svotval.h */ = {isa = PBXFileReference; fileEncoding = 4; lastKnownFileType = sourcecode.c.h; path = svotval.h; sourceTree = "<group>"; };
		BBE5E9970F497C3100F28951 /* svpfr.h */ = {isa = PBXFileReference; fileEncoding = 4; lastKnownFileType = sourcecode.c.h; path = svpfr.h; sourceTree = "<group>"; };
		BBE5E9980F497C3100F28951 /* svpostnm.h */ = {isa = PBXFileReference; fileEncoding = 4; lastKnownFileType = sourcecode.c.h; path = svpostnm.h; sourceTree = "<group>"; };
		BBE5E9990F497C3100F28951 /* svpscmap.h */ = {isa = PBXFileReference; fileEncoding = 4; lastKnownFileType = sourcecode.c.h; path = svpscmap.h; sourceTree = "<group>"; };
		BBE5E99A0F497C3100F28951 /* svpsinfo.h */ = {isa = PBXFileReference; fileEncoding = 4; lastKnownFileType = sourcecode.c.h; path = svpsinfo.h; sourceTree = "<group>"; };
		BBE5E99B0F497C3100F28951 /* svsfnt.h */ = {isa = PBXFileReference; fileEncoding = 4; lastKnownFileType = sourcecode.c.h; path = svsfnt.h; sourceTree = "<group>"; };
		BBE5E99C0F497C3100F28951 /* svttcmap.h */ = {isa = PBXFileReference; fileEncoding = 4; lastKnownFileType = sourcecode.c.h; path = svttcmap.h; sourceTree = "<group>"; };
		BBE5E99D0F497C3100F28951 /* svtteng.h */ = {isa = PBXFileReference; fileEncoding = 4; lastKnownFileType = sourcecode.c.h; path = svtteng.h; sourceTree = "<group>"; };
		BBE5E99E0F497C3100F28951 /* svttglyf.h */ = {isa = PBXFileReference; fileEncoding = 4; lastKnownFileType = sourcecode.c.h; path = svttglyf.h; sourceTree = "<group>"; };
		BBE5E99F0F497C3100F28951 /* svwinfnt.h */ = {isa = PBXFileReference; fileEncoding = 4; lastKnownFileType = sourcecode.c.h; path = svwinfnt.h; sourceTree = "<group>"; };
		BBE5E9A00F497C3100F28951 /* svxf86nm.h */ = {isa = PBXFileReference; fileEncoding = 4; lastKnownFileType = sourcecode.c.h; path = svxf86nm.h; sourceTree = "<group>"; };
		BBE5E9A10F497C3100F28951 /* sfnt.h */ = {isa = PBXFileReference; fileEncoding = 4; lastKnownFileType = sourcecode.c.h; path = sfnt.h; sourceTree = "<group>"; };
		BBE5E9A20F497C3100F28951 /* t1types.h */ = {isa = PBXFileReference; fileEncoding = 4; lastKnownFileType = sourcecode.c.h; path = t1types.h; sourceTree = "<group>"; };
		BBE5E9A30F497C3100F28951 /* tttypes.h */ = {isa = PBXFileReference; fileEncoding = 4; lastKnownFileType = sourcecode.c.h; path = tttypes.h; sourceTree = "<group>"; };
		BBE5E9A40F497C3100F28951 /* t1tables.h */ = {isa = PBXFileReference; fileEncoding = 4; lastKnownFileType = sourcecode.c.h; path = t1tables.h; sourceTree = "<group>"; };
		BBE5E9A50F497C3100F28951 /* ttnameid.h */ = {isa = PBXFileReference; fileEncoding = 4; lastKnownFileType = sourcecode.c.h; path = ttnameid.h; sourceTree = "<group>"; };
		BBE5E9A60F497C3100F28951 /* tttables.h */ = {isa = PBXFileReference; fileEncoding = 4; lastKnownFileType = sourcecode.c.h; path = tttables.h; sourceTree = "<group>"; };
		BBE5E9A70F497C3100F28951 /* tttags.h */ = {isa = PBXFileReference; fileEncoding = 4; lastKnownFileType = sourcecode.c.h; path = tttags.h; sourceTree = "<group>"; };
		BBE5E9A80F497C3100F28951 /* ttunpat.h */ = {isa = PBXFileReference; fileEncoding = 4; lastKnownFileType = sourcecode.c.h; path = ttunpat.h; sourceTree = "<group>"; };
		BBE5E9A90F497C3100F28951 /* ft2build.h */ = {isa = PBXFileReference; fileEncoding = 4; lastKnownFileType = sourcecode.c.h; path = ft2build.h; sourceTree = "<group>"; };
		BBE5E9AB0F497C3100F28951 /* libFreeType_iphone_universal.a */ = {isa = PBXFileReference; lastKnownFileType = archive.ar; path = libFreeType_iphone_universal.a; sourceTree = "<group>"; };
		BBE5E9AE0F497C3100F28951 /* FreeImage.h */ = {isa = PBXFileReference; fileEncoding = 4; lastKnownFileType = sourcecode.c.h; path = FreeImage.h; sourceTree = "<group>"; };
		BBE5E9B00F497C3100F28951 /* libFreeImage_iphone_universal.a */ = {isa = PBXFileReference; lastKnownFileType = archive.ar; path = libFreeImage_iphone_universal.a; sourceTree = "<group>"; };
		BBE5E9F10F497D5F00F28951 /* glu.h */ = {isa = PBXFileReference; fileEncoding = 4; lastKnownFileType = sourcecode.c.h; path = glu.h; sourceTree = "<group>"; };
		BBE5E9F20F497D5F00F28951 /* gluos.h */ = {isa = PBXFileReference; fileEncoding = 4; lastKnownFileType = sourcecode.c.h; path = gluos.h; sourceTree = "<group>"; };
		BBE5E9F30F497D5F00F28951 /* libGLU.a */ = {isa = PBXFileReference; lastKnownFileType = archive.ar; path = libGLU.a; sourceTree = "<group>"; };
		BBE5E9F40F497D5F00F28951 /* libGLU_arm.a */ = {isa = PBXFileReference; lastKnownFileType = archive.ar; path = libGLU_arm.a; sourceTree = "<group>"; };
		BBE5EAB70F49AD8400F28951 /* AudioToolbox.framework */ = {isa = PBXFileReference; lastKnownFileType = wrapper.framework; name = AudioToolbox.framework; path = System/Library/Frameworks/AudioToolbox.framework; sourceTree = SDKROOT; };
		E414C1521029D4EE00636E01 /* ofxMSAShape3D.h */ = {isa = PBXFileReference; fileEncoding = 4; lastKnownFileType = sourcecode.c.h; name = ofxMSAShape3D.h; path = addons/ofxMSAShape3D.h; sourceTree = "<group>"; };
		E4E7C6FE10299BC700983B8D /* CGPointUtils.h */ = {isa = PBXFileReference; fileEncoding = 4; lastKnownFileType = sourcecode.c.h; name = CGPointUtils.h; path = src/CGPointUtils.h; sourceTree = SOURCE_ROOT; };
		E4E7C6FF10299BC700983B8D /* CGPointUtils.m */ = {isa = PBXFileReference; fileEncoding = 4; lastKnownFileType = sourcecode.c.objc; name = CGPointUtils.m; path = src/CGPointUtils.m; sourceTree = SOURCE_ROOT; };
		E4E7C70010299BC700983B8D /* Color.h */ = {isa = PBXFileReference; fileEncoding = 4; lastKnownFileType = sourcecode.c.h; name = Color.h; path = src/Color.h; sourceTree = SOURCE_ROOT; };
		E4E7C70110299BC700983B8D /* Color.mm */ = {isa = PBXFileReference; fileEncoding = 4; lastKnownFileType = sourcecode.cpp.objcpp; name = Color.mm; path = src/Color.mm; sourceTree = SOURCE_ROOT; };
		E4E7C70210299BC700983B8D /* colorScheme.h */ = {isa = PBXFileReference; fileEncoding = 4; lastKnownFileType = sourcecode.c.h; name = colorScheme.h; path = src/colorScheme.h; sourceTree = SOURCE_ROOT; };
		E4E7C70310299BC700983B8D /* colorScheme.mm */ = {isa = PBXFileReference; fileEncoding = 4; lastKnownFileType = sourcecode.cpp.objcpp; name = colorScheme.mm; path = src/colorScheme.mm; sourceTree = SOURCE_ROOT; };
		E4E7C70410299BC700983B8D /* ConnectionNode.h */ = {isa = PBXFileReference; fileEncoding = 4; lastKnownFileType = sourcecode.c.h; name = ConnectionNode.h; path = src/ConnectionNode.h; sourceTree = SOURCE_ROOT; };
		E4E7C70510299BC700983B8D /* ConnectionNode.mm */ = {isa = PBXFileReference; fileEncoding = 4; lastKnownFileType = sourcecode.cpp.objcpp; name = ConnectionNode.mm; path = src/ConnectionNode.mm; sourceTree = SOURCE_ROOT; };
		E4E7C70610299BC700983B8D /* CustomEventResponder.h */ = {isa = PBXFileReference; fileEncoding = 4; lastKnownFileType = sourcecode.c.h; name = CustomEventResponder.h; path = src/CustomEventResponder.h; sourceTree = SOURCE_ROOT; };
		E4E7C70710299BC700983B8D /* CustomEventResponder.mm */ = {isa = PBXFileReference; fileEncoding = 4; lastKnownFileType = sourcecode.cpp.objcpp; name = CustomEventResponder.mm; path = src/CustomEventResponder.mm; sourceTree = SOURCE_ROOT; };
		E4E7C70810299BC700983B8D /* DrawSprite.cpp */ = {isa = PBXFileReference; fileEncoding = 4; lastKnownFileType = sourcecode.cpp.cpp; name = DrawSprite.cpp; path = src/DrawSprite.cpp; sourceTree = SOURCE_ROOT; };
		E4E7C70910299BC700983B8D /* DrawSprite.h */ = {isa = PBXFileReference; fileEncoding = 4; lastKnownFileType = sourcecode.c.h; name = DrawSprite.h; path = src/DrawSprite.h; sourceTree = SOURCE_ROOT; };
		E4E7C70A10299BC700983B8D /* editor_screen.h */ = {isa = PBXFileReference; fileEncoding = 4; lastKnownFileType = sourcecode.c.h; name = editor_screen.h; path = src/editor_screen.h; sourceTree = SOURCE_ROOT; };
		E4E7C70B10299BC700983B8D /* editor_screen.m */ = {isa = PBXFileReference; fileEncoding = 4; lastKnownFileType = sourcecode.c.objc; name = editor_screen.m; path = src/editor_screen.m; sourceTree = SOURCE_ROOT; };
		E4E7C70C10299BC700983B8D /* EditorScreen.h */ = {isa = PBXFileReference; fileEncoding = 4; lastKnownFileType = sourcecode.c.h; name = EditorScreen.h; path = src/EditorScreen.h; sourceTree = SOURCE_ROOT; };
		E4E7C70D10299BC700983B8D /* EditorScreen.mm */ = {isa = PBXFileReference; fileEncoding = 4; lastKnownFileType = sourcecode.cpp.objcpp; name = EditorScreen.mm; path = src/EditorScreen.mm; sourceTree = SOURCE_ROOT; };
		E4E7C70E10299BC700983B8D /* Events.h */ = {isa = PBXFileReference; fileEncoding = 4; lastKnownFileType = sourcecode.c.h; name = Events.h; path = src/Events.h; sourceTree = SOURCE_ROOT; };
		E4E7C70F10299BC700983B8D /* Events.mm */ = {isa = PBXFileReference; fileEncoding = 4; lastKnownFileType = sourcecode.cpp.objcpp; name = Events.mm; path = src/Events.mm; sourceTree = SOURCE_ROOT; };
		E4E7C71010299BC700983B8D /* GLButton.h */ = {isa = PBXFileReference; fileEncoding = 4; lastKnownFileType = sourcecode.c.h; name = GLButton.h; path = src/GLButton.h; sourceTree = SOURCE_ROOT; };
		E4E7C71110299BC700983B8D /* GLButton.mm */ = {isa = PBXFileReference; fileEncoding = 4; lastKnownFileType = sourcecode.cpp.objcpp; name = GLButton.mm; path = src/GLButton.mm; sourceTree = SOURCE_ROOT; };
		E4E7C71210299BC700983B8D /* GLColorPickerView.h */ = {isa = PBXFileReference; fileEncoding = 4; lastKnownFileType = sourcecode.c.h; name = GLColorPickerView.h; path = src/GLColorPickerView.h; sourceTree = SOURCE_ROOT; };
		E4E7C71310299BC700983B8D /* GLColorPickerView.mm */ = {isa = PBXFileReference; fileEncoding = 4; lastKnownFileType = sourcecode.cpp.objcpp; name = GLColorPickerView.mm; path = src/GLColorPickerView.mm; sourceTree = SOURCE_ROOT; };
		E4E7C71410299BC700983B8D /* glHelper.h */ = {isa = PBXFileReference; fileEncoding = 4; lastKnownFileType = sourcecode.c.h; name = glHelper.h; path = src/glHelper.h; sourceTree = SOURCE_ROOT; };
		E4E7C71510299BC700983B8D /* glHelper.mm */ = {isa = PBXFileReference; fileEncoding = 4; lastKnownFileType = sourcecode.cpp.objcpp; name = glHelper.mm; path = src/glHelper.mm; sourceTree = SOURCE_ROOT; };
		E4E7C71610299BC700983B8D /* globals.h */ = {isa = PBXFileReference; fileEncoding = 4; lastKnownFileType = sourcecode.c.h; name = globals.h; path = src/globals.h; sourceTree = SOURCE_ROOT; };
		E4E7C71710299BC700983B8D /* GLPickerView.h */ = {isa = PBXFileReference; explicitFileType = sourcecode.cpp.h; fileEncoding = 4; name = GLPickerView.h; path = src/GLPickerView.h; sourceTree = SOURCE_ROOT; };
		E4E7C71810299BC700983B8D /* GLPickerView.mm */ = {isa = PBXFileReference; fileEncoding = 4; lastKnownFileType = sourcecode.cpp.objcpp; name = GLPickerView.mm; path = src/GLPickerView.mm; sourceTree = SOURCE_ROOT; };
		E4E7C71910299BC700983B8D /* GLScrollView.h */ = {isa = PBXFileReference; fileEncoding = 4; lastKnownFileType = sourcecode.c.h; name = GLScrollView.h; path = src/GLScrollView.h; sourceTree = SOURCE_ROOT; };
		E4E7C71A10299BC700983B8D /* GLScrollView.mm */ = {isa = PBXFileReference; fileEncoding = 4; lastKnownFileType = sourcecode.cpp.objcpp; name = GLScrollView.mm; path = src/GLScrollView.mm; sourceTree = SOURCE_ROOT; };
		E4E7C71B10299BC700983B8D /* GLValuePickerView.h */ = {isa = PBXFileReference; fileEncoding = 4; lastKnownFileType = sourcecode.c.h; name = GLValuePickerView.h; path = src/GLValuePickerView.h; sourceTree = SOURCE_ROOT; };
		E4E7C71C10299BC700983B8D /* GLValuePickerView.mm */ = {isa = PBXFileReference; fileEncoding = 4; lastKnownFileType = sourcecode.cpp.objcpp; name = GLValuePickerView.mm; path = src/GLValuePickerView.mm; sourceTree = SOURCE_ROOT; };
		E4E7C71E10299BC700983B8D /* BaseInstruction.h */ = {isa = PBXFileReference; fileEncoding = 4; lastKnownFileType = sourcecode.c.h; name = BaseInstruction.h; path = src/instructions/BaseInstruction.h; sourceTree = SOURCE_ROOT; };
		E4E7C71F10299BC700983B8D /* BaseInstruction.mm */ = {isa = PBXFileReference; fileEncoding = 4; lastKnownFileType = sourcecode.cpp.objcpp; name = BaseInstruction.mm; path = src/instructions/BaseInstruction.mm; sourceTree = SOURCE_ROOT; };
		E4E7C72010299BC700983B8D /* ColorInstruction.h */ = {isa = PBXFileReference; fileEncoding = 4; lastKnownFileType = sourcecode.c.h; name = ColorInstruction.h; path = src/instructions/ColorInstruction.h; sourceTree = SOURCE_ROOT; };
		E4E7C72110299BC700983B8D /* ColorInstruction.mm */ = {isa = PBXFileReference; fileEncoding = 4; lastKnownFileType = sourcecode.cpp.objcpp; name = ColorInstruction.mm; path = src/instructions/ColorInstruction.mm; sourceTree = SOURCE_ROOT; };
		E4E7C72210299BC700983B8D /* ColorShiftInstruction.h */ = {isa = PBXFileReference; fileEncoding = 4; lastKnownFileType = sourcecode.c.h; name = ColorShiftInstruction.h; path = src/instructions/ColorShiftInstruction.h; sourceTree = SOURCE_ROOT; };
		E4E7C72310299BC700983B8D /* ColorShiftInstruction.mm */ = {isa = PBXFileReference; fileEncoding = 4; lastKnownFileType = sourcecode.cpp.objcpp; name = ColorShiftInstruction.mm; path = src/instructions/ColorShiftInstruction.mm; sourceTree = SOURCE_ROOT; };
		E4E7C72410299BC700983B8D /* ForeverLoop.h */ = {isa = PBXFileReference; fileEncoding = 4; lastKnownFileType = sourcecode.c.h; name = ForeverLoop.h; path = src/instructions/ForeverLoop.h; sourceTree = SOURCE_ROOT; };
		E4E7C72510299BC700983B8D /* ForeverLoop.mm */ = {isa = PBXFileReference; fileEncoding = 4; lastKnownFileType = sourcecode.cpp.objcpp; name = ForeverLoop.mm; path = src/instructions/ForeverLoop.mm; sourceTree = SOURCE_ROOT; };
		E4E7C72610299BC700983B8D /* LineWeightInstruction.h */ = {isa = PBXFileReference; fileEncoding = 4; lastKnownFileType = sourcecode.c.h; name = LineWeightInstruction.h; path = src/instructions/LineWeightInstruction.h; sourceTree = SOURCE_ROOT; };
		E4E7C72710299BC700983B8D /* LineWeightInstruction.mm */ = {isa = PBXFileReference; fileEncoding = 4; lastKnownFileType = sourcecode.cpp.objcpp; name = LineWeightInstruction.mm; path = src/instructions/LineWeightInstruction.mm; sourceTree = SOURCE_ROOT; };
		E4E7C72810299BC700983B8D /* MovePitchInstruction.h */ = {isa = PBXFileReference; fileEncoding = 4; lastKnownFileType = sourcecode.c.h; name = MovePitchInstruction.h; path = src/instructions/MovePitchInstruction.h; sourceTree = SOURCE_ROOT; };
		E4E7C72910299BC700983B8D /* MovePitchInstruction.mm */ = {isa = PBXFileReference; fileEncoding = 4; lastKnownFileType = sourcecode.cpp.objcpp; name = MovePitchInstruction.mm; path = src/instructions/MovePitchInstruction.mm; sourceTree = SOURCE_ROOT; };
		E4E7C72A10299BC700983B8D /* RepeatInstruction.h */ = {isa = PBXFileReference; fileEncoding = 4; lastKnownFileType = sourcecode.c.h; name = RepeatInstruction.h; path = src/instructions/RepeatInstruction.h; sourceTree = SOURCE_ROOT; };
		E4E7C72B10299BC700983B8D /* RepeatInstruction.mm */ = {isa = PBXFileReference; fileEncoding = 4; lastKnownFileType = sourcecode.cpp.objcpp; name = RepeatInstruction.mm; path = src/instructions/RepeatInstruction.mm; sourceTree = SOURCE_ROOT; };
		E4E7C72C10299BC700983B8D /* InstructionSet.h */ = {isa = PBXFileReference; fileEncoding = 4; lastKnownFileType = sourcecode.c.h; name = InstructionSet.h; path = src/InstructionSet.h; sourceTree = SOURCE_ROOT; };
		E4E7C72D10299BC700983B8D /* InstructionSet.mm */ = {isa = PBXFileReference; fileEncoding = 4; lastKnownFileType = sourcecode.cpp.objcpp; name = InstructionSet.mm; path = src/InstructionSet.mm; sourceTree = SOURCE_ROOT; };
		E4E7C72E10299BC700983B8D /* main.mm */ = {isa = PBXFileReference; fileEncoding = 4; lastKnownFileType = sourcecode.cpp.objcpp; name = main.mm; path = src/main.mm; sourceTree = SOURCE_ROOT; };
		E4E7C72F10299BC700983B8D /* MoveInstruction.h */ = {isa = PBXFileReference; fileEncoding = 4; lastKnownFileType = sourcecode.c.h; name = MoveInstruction.h; path = src/MoveInstruction.h; sourceTree = SOURCE_ROOT; };
		E4E7C73010299BC700983B8D /* MoveInstruction.mm */ = {isa = PBXFileReference; fileEncoding = 4; lastKnownFileType = sourcecode.cpp.objcpp; name = MoveInstruction.mm; path = src/MoveInstruction.mm; sourceTree = SOURCE_ROOT; };
		E4E7C73110299BC700983B8D /* MoveUpInstruction.h */ = {isa = PBXFileReference; fileEncoding = 4; lastKnownFileType = sourcecode.c.h; name = MoveUpInstruction.h; path = src/MoveUpInstruction.h; sourceTree = SOURCE_ROOT; };
		E4E7C73210299BC700983B8D /* MoveUpInstruction.mm */ = {isa = PBXFileReference; fileEncoding = 4; lastKnownFileType = sourcecode.cpp.objcpp; name = MoveUpInstruction.mm; path = src/MoveUpInstruction.mm; sourceTree = SOURCE_ROOT; };
		E4E7C73310299BC700983B8D /* testApp.h */ = {isa = PBXFileReference; fileEncoding = 4; lastKnownFileType = sourcecode.c.h; name = testApp.h; path = src/testApp.h; sourceTree = SOURCE_ROOT; };
		E4E7C73410299BC700983B8D /* testApp.mm */ = {isa = PBXFileReference; fileEncoding = 4; lastKnownFileType = sourcecode.cpp.objcpp; name = testApp.mm; path = src/testApp.mm; sourceTree = SOURCE_ROOT; };
		E4E7C73510299BC700983B8D /* TouchEvent.h */ = {isa = PBXFileReference; fileEncoding = 4; lastKnownFileType = sourcecode.c.h; name = TouchEvent.h; path = src/TouchEvent.h; sourceTree = SOURCE_ROOT; };
		E4E7C73610299BC700983B8D /* TouchEvent.mm */ = {isa = PBXFileReference; fileEncoding = 4; lastKnownFileType = sourcecode.cpp.objcpp; name = TouchEvent.mm; path = src/TouchEvent.mm; sourceTree = SOURCE_ROOT; };
		E4E7C73710299BC700983B8D /* turtle.h */ = {isa = PBXFileReference; fileEncoding = 4; lastKnownFileType = sourcecode.c.h; name = turtle.h; path = src/turtle.h; sourceTree = SOURCE_ROOT; };
		E4E7C73810299BC700983B8D /* turtle.mm */ = {isa = PBXFileReference; fileEncoding = 4; lastKnownFileType = sourcecode.cpp.objcpp; name = turtle.mm; path = src/turtle.mm; sourceTree = SOURCE_ROOT; };
		E4E7C73C10299BC700983B8D /* TransformUtils.h */ = {isa = PBXFileReference; fileEncoding = 4; lastKnownFileType = sourcecode.c.h; name = TransformUtils.h; path = src/utilities/TransformUtils.h; sourceTree = SOURCE_ROOT; };
		E4E7C73D10299BC700983B8D /* TransformUtils.mm */ = {isa = PBXFileReference; fileEncoding = 4; lastKnownFileType = sourcecode.cpp.objcpp; name = TransformUtils.mm; path = src/utilities/TransformUtils.mm; sourceTree = SOURCE_ROOT; };
		E4E7C73E10299BC700983B8D /* Vector2d.h */ = {isa = PBXFileReference; fileEncoding = 4; lastKnownFileType = sourcecode.c.h; name = Vector2d.h; path = src/Vector2d.h; sourceTree = SOURCE_ROOT; };
		E4E7C73F10299BC700983B8D /* Vector2d.m */ = {isa = PBXFileReference; fileEncoding = 4; lastKnownFileType = sourcecode.c.objc; name = Vector2d.m; path = src/Vector2d.m; sourceTree = SOURCE_ROOT; };
		E4E7C74010299BC700983B8D /* vmath.cpp */ = {isa = PBXFileReference; fileEncoding = 4; lastKnownFileType = sourcecode.cpp.cpp; name = vmath.cpp; path = src/vmath.cpp; sourceTree = SOURCE_ROOT; };
		E4E7C74110299BC700983B8D /* vmath.h */ = {isa = PBXFileReference; fileEncoding = 4; lastKnownFileType = sourcecode.c.h; name = vmath.h; path = src/vmath.h; sourceTree = SOURCE_ROOT; };
		E4E7C76310299BD400983B8D /* StartInstruction.h */ = {isa = PBXFileReference; fileEncoding = 4; lastKnownFileType = sourcecode.c.h; path = StartInstruction.h; sourceTree = SOURCE_ROOT; };
		E4E7C76410299BD400983B8D /* StartInstruction.mm */ = {isa = PBXFileReference; fileEncoding = 4; lastKnownFileType = sourcecode.cpp.objcpp; path = StartInstruction.mm; sourceTree = SOURCE_ROOT; };
		E4E7C85E10299D9500983B8D /* UIKit.framework */ = {isa = PBXFileReference; lastKnownFileType = wrapper.framework; name = UIKit.framework; path = System/Library/Frameworks/UIKit.framework; sourceTree = SDKROOT; };
		E4E7C89C10299F2100983B8D /* MoveArbInstruction.h */ = {isa = PBXFileReference; fileEncoding = 4; lastKnownFileType = sourcecode.c.h; path = MoveArbInstruction.h; sourceTree = SOURCE_ROOT; };
		E4E7C89D10299F2100983B8D /* MoveArbInstruction.mm */ = {isa = PBXFileReference; fileEncoding = 4; lastKnownFileType = sourcecode.cpp.objcpp; path = MoveArbInstruction.mm; sourceTree = SOURCE_ROOT; };
		E4E7C89E10299F2100983B8D /* MoveLeftInstruction.h */ = {isa = PBXFileReference; fileEncoding = 4; lastKnownFileType = sourcecode.c.h; path = MoveLeftInstruction.h; sourceTree = SOURCE_ROOT; };
		E4E7C89F10299F2100983B8D /* MoveLeftInstruction.mm */ = {isa = PBXFileReference; fileEncoding = 4; lastKnownFileType = sourcecode.cpp.objcpp; path = MoveLeftInstruction.mm; sourceTree = SOURCE_ROOT; };
		E4E7C9541029A5F300983B8D /* ProFont.ttf */ = {isa = PBXFileReference; lastKnownFileType = file; path = ProFont.ttf; sourceTree = "<group>"; };
/* End PBXFileReference section */

/* Begin PBXFrameworksBuildPhase section */
		1D60588F0D05DD3D006BFB54 /* Frameworks */ = {
			isa = PBXFrameworksBuildPhase;
			buildActionMask = 2147483647;
			files = (
				1D60589F0D05DD5A006BFB54 /* Foundation.framework in Frameworks */,
				288765FD0DF74451002DB57D /* CoreGraphics.framework in Frameworks */,
				BB16EBD20F2B2A9500518274 /* OpenGLES.framework in Frameworks */,
				BB16EBD90F2B2AB500518274 /* QuartzCore.framework in Frameworks */,
				BBE5E9B10F497C3100F28951 /* libFreeType_iphone_universal.a in Frameworks */,
				BBE5E9B20F497C3100F28951 /* libFreeImage_iphone_universal.a in Frameworks */,
				BBE5E9F50F497D5F00F28951 /* libGLU.a in Frameworks */,
				BBE5E9F60F497D5F00F28951 /* libGLU_arm.a in Frameworks */,
				BBE5EAB80F49AD8400F28951 /* AudioToolbox.framework in Frameworks */,
				E4E7C85F10299D9500983B8D /* UIKit.framework in Frameworks */,
			);
			runOnlyForDeploymentPostprocessing = 0;
		};
/* End PBXFrameworksBuildPhase section */

/* Begin PBXGroup section */
		19C28FACFE9D520D11CA2CBB /* Products */ = {
			isa = PBXGroup;
			children = (
				1D6058910D05DD3D006BFB54 /* logofighter.app */,
			);
			name = Products;
			sourceTree = "<group>";
		};
		29B97314FDCFA39411CA2CEA /* CustomTemplate */ = {
			isa = PBXGroup;
			children = (
				E4E7C76310299BD400983B8D /* StartInstruction.h */,
				E4E7C76410299BD400983B8D /* StartInstruction.mm */,
				E4E7C89C10299F2100983B8D /* MoveArbInstruction.h */,
				E4E7C89D10299F2100983B8D /* MoveArbInstruction.mm */,
				E4E7C89E10299F2100983B8D /* MoveLeftInstruction.h */,
				E4E7C89F10299F2100983B8D /* MoveLeftInstruction.mm */,
				BB16F3A50F2B73B000518274 /* src */,
				BBD1C2750F39143F007FCFB3 /* data */,
				BB16F26B0F2B646B00518274 /* addons */,
				BB16E9940F2B1E6900518274 /* openFrameworks */,
				BB16E9930F2B1E5900518274 /* libs */,
				19C28FACFE9D520D11CA2CBB /* Products */,
			);
			name = CustomTemplate;
			sourceTree = "<group>";
		};
		29B97315FDCFA39411CA2CEA /* Other Sources */ = {
			isa = PBXGroup;
			children = (
				32CA4F630368D1EE00C91783 /* iPhone_Prefix.pch */,
			);
			name = "Other Sources";
			sourceTree = "<group>";
		};
		29B97323FDCFA39411CA2CEA /* core frameworks */ = {
			isa = PBXGroup;
			children = (
				E4E7C85E10299D9500983B8D /* UIKit.framework */,
				288765FC0DF74451002DB57D /* CoreGraphics.framework */,
				1D30AB110D05D00D00671497 /* Foundation.framework */,
				BBE5EAB70F49AD8400F28951 /* AudioToolbox.framework */,
				BB16EBD80F2B2AB500518274 /* QuartzCore.framework */,
				BB16EBD10F2B2A9500518274 /* OpenGLES.framework */,
			);
			name = "core frameworks";
			sourceTree = "<group>";
		};
		5E0C6AD90FD1DBF300801469 /* fonts */ = {
			isa = PBXGroup;
			children = (
				E4E7C9541029A5F300983B8D /* ProFont.ttf */,
				5E0C6B0A0FD1DDC500801469 /* Avenir_Medium.ttf */,
				5E0C6ADA0FD1DBF300801469 /* InterBla */,
				5E0C6ADB0FD1DBF300801469 /* Interstate */,
			);
			name = fonts;
			path = ../iphone_turtle/data/fonts;
			sourceTree = SOURCE_ROOT;
		};
		5E5600FA100A6BFD00E0681A /* data */ = {
			isa = PBXGroup;
			children = (
				5ED76C4E1017E81400126A8B /* bob.png */,
				5ED76AEB1016AEAF00126A8B /* bob2.png */,
				5ED76A6110167CD400126A8B /* bob.png */,
				5E1CF79010123AD200C9C20D /* color_picker.png */,
				5EE77D40100C22100035A344 /* control_atlas.png */,
				5E5600FB100A6BFD00E0681A /* move_atlas.png */,
			);
			name = data;
			sourceTree = "<group>";
		};
		BB16E9930F2B1E5900518274 /* libs */ = {
			isa = PBXGroup;
			children = (
				BBE5E94E0F497BD800F28951 /* core */,
			);
			name = libs;
			sourceTree = "<group>";
		};
		BB16E9940F2B1E6900518274 /* openFrameworks */ = {
			isa = PBXGroup;
			children = (
				BB16E9950F2B1E6900518274 /* app */,
				BB16E99C0F2B1E6900518274 /* communication */,
				BB16E9A30F2B1E6900518274 /* events */,
				BB16E9A60F2B1E6900518274 /* graphics */,
				BB16E9B10F2B1E6900518274 /* ofMain.h */,
				BB16E9B20F2B1E6900518274 /* sound */,
				BB16E9B70F2B1E6900518274 /* utils */,
				BB16E9BE0F2B1E6900518274 /* video */,
			);
			name = openFrameworks;
			path = ../../../libs/openFrameworks;
			sourceTree = SOURCE_ROOT;
		};
		BB16E9950F2B1E6900518274 /* app */ = {
			isa = PBXGroup;
			children = (
				BB16E9960F2B1E6900518274 /* ofAppBaseWindow.h */,
				BB16E9980F2B1E6900518274 /* ofAppGlutWindow.h */,
				BB16E9970F2B1E6900518274 /* ofAppGlutWindow.cpp */,
				BB16E9990F2B1E6900518274 /* ofAppRunner.cpp */,
				BB16E99A0F2B1E6900518274 /* ofAppRunner.h */,
				BB16E99B0F2B1E6900518274 /* ofBaseApp.h */,
			);
			path = app;
			sourceTree = "<group>";
		};
		BB16E99C0F2B1E6900518274 /* communication */ = {
			isa = PBXGroup;
			children = (
				BB16E99D0F2B1E6900518274 /* ofArduino.cpp */,
				BB16E99E0F2B1E6900518274 /* ofArduino.h */,
				BB16E99F0F2B1E6900518274 /* ofSerial.cpp */,
				BB16E9A00F2B1E6900518274 /* ofSerial.h */,
				BB16E9A10F2B1E6900518274 /* ofStandardFirmata.cpp */,
				BB16E9A20F2B1E6900518274 /* ofStandardFirmata.h */,
			);
			path = communication;
			sourceTree = "<group>";
		};
		BB16E9A30F2B1E6900518274 /* events */ = {
			isa = PBXGroup;
			children = (
				BB16E9A40F2B1E6900518274 /* ofEvents.h */,
				BB16E9A50F2B1E6900518274 /* ofEventUtils.h */,
			);
			path = events;
			sourceTree = "<group>";
		};
		BB16E9A60F2B1E6900518274 /* graphics */ = {
			isa = PBXGroup;
			children = (
				BB16E9A70F2B1E6900518274 /* ofBitmapFont.cpp */,
				BB16E9A80F2B1E6900518274 /* ofBitmapFont.h */,
				BB16E9A90F2B1E6900518274 /* ofGraphics.cpp */,
				BB16E9AA0F2B1E6900518274 /* ofGraphics.h */,
				BB16E9AB0F2B1E6900518274 /* ofImage.cpp */,
				BB16E9AC0F2B1E6900518274 /* ofImage.h */,
				BB16E9AD0F2B1E6900518274 /* ofTexture.cpp */,
				BB16E9AE0F2B1E6900518274 /* ofTexture.h */,
				BB16E9AF0F2B1E6900518274 /* ofTrueTypeFont.cpp */,
				BB16E9B00F2B1E6900518274 /* ofTrueTypeFont.h */,
			);
			path = graphics;
			sourceTree = "<group>";
		};
		BB16E9B20F2B1E6900518274 /* sound */ = {
			isa = PBXGroup;
			children = (
				BB16E9B30F2B1E6900518274 /* ofSoundPlayer.cpp */,
				BB16E9B40F2B1E6900518274 /* ofSoundPlayer.h */,
				BB16E9B50F2B1E6900518274 /* ofSoundStream.cpp */,
				BB16E9B60F2B1E6900518274 /* ofSoundStream.h */,
			);
			path = sound;
			sourceTree = "<group>";
		};
		BB16E9B70F2B1E6900518274 /* utils */ = {
			isa = PBXGroup;
			children = (
				BB16E9B80F2B1E6900518274 /* ofConstants.h */,
				BB16E9B90F2B1E6900518274 /* ofMath.cpp */,
				BB16E9BA0F2B1E6900518274 /* ofMath.h */,
				BB16E9BB0F2B1E6900518274 /* ofTypes.h */,
				BB16E9BC0F2B1E6900518274 /* ofUtils.cpp */,
				BB16E9BD0F2B1E6900518274 /* ofUtils.h */,
			);
			path = utils;
			sourceTree = "<group>";
		};
		BB16E9BE0F2B1E6900518274 /* video */ = {
			isa = PBXGroup;
			children = (
				BB16E9BF0F2B1E6900518274 /* ofQtUtils.cpp */,
				BB16E9C00F2B1E6900518274 /* ofQtUtils.h */,
				BB16E9C10F2B1E6900518274 /* ofUCUtils.cpp */,
				BB16E9C20F2B1E6900518274 /* ofUCUtils.h */,
				BB16E9C30F2B1E6900518274 /* ofV4LUtils.h */,
				BB16E9C40F2B1E6900518274 /* ofVideoGrabber.cpp */,
				BB16E9C50F2B1E6900518274 /* ofVideoGrabber.h */,
				BB16E9C60F2B1E6900518274 /* ofVideoPlayer.cpp */,
				BB16E9C70F2B1E6900518274 /* ofVideoPlayer.h */,
			);
			path = video;
			sourceTree = "<group>";
		};
		BB16F26B0F2B646B00518274 /* addons */ = {
			isa = PBXGroup;
			children = (
				BB4B3DE30F7AFE100030C0C6 /* ofxiPhone */,
				BB4B3E270F7AFE100030C0C6 /* ofxMultiTouch */,
				BB4B3E2E0F7AFE100030C0C6 /* ofxAccelerometer */,
			);
			name = addons;
			sourceTree = "<group>";
		};
		BB16F3A50F2B73B000518274 /* src */ = {
			isa = PBXGroup;
			children = (
				E414C1511029D4EE00636E01 /* addons */,
				E414C1521029D4EE00636E01 /* ofxMSAShape3D.h */,
				E4E7C6FE10299BC700983B8D /* CGPointUtils.h */,
				E4E7C6FF10299BC700983B8D /* CGPointUtils.m */,
				E4E7C70010299BC700983B8D /* Color.h */,
				E4E7C70110299BC700983B8D /* Color.mm */,
				E4E7C70210299BC700983B8D /* colorScheme.h */,
				E4E7C70310299BC700983B8D /* colorScheme.mm */,
				E4E7C70410299BC700983B8D /* ConnectionNode.h */,
				E4E7C70510299BC700983B8D /* ConnectionNode.mm */,
				E4E7C70610299BC700983B8D /* CustomEventResponder.h */,
				E4E7C70710299BC700983B8D /* CustomEventResponder.mm */,
				E4E7C70810299BC700983B8D /* DrawSprite.cpp */,
				E4E7C70910299BC700983B8D /* DrawSprite.h */,
				E4E7C70A10299BC700983B8D /* editor_screen.h */,
				E4E7C70B10299BC700983B8D /* editor_screen.m */,
				E4E7C70C10299BC700983B8D /* EditorScreen.h */,
				E4E7C70D10299BC700983B8D /* EditorScreen.mm */,
				E4E7C70E10299BC700983B8D /* Events.h */,
				E4E7C70F10299BC700983B8D /* Events.mm */,
				E4E7C71010299BC700983B8D /* GLButton.h */,
				E4E7C71110299BC700983B8D /* GLButton.mm */,
				E4E7C71210299BC700983B8D /* GLColorPickerView.h */,
				E4E7C71310299BC700983B8D /* GLColorPickerView.mm */,
				E4E7C71410299BC700983B8D /* glHelper.h */,
				E4E7C71510299BC700983B8D /* glHelper.mm */,
				E4E7C71610299BC700983B8D /* globals.h */,
				E4E7C71710299BC700983B8D /* GLPickerView.h */,
				E4E7C71810299BC700983B8D /* GLPickerView.mm */,
				E4E7C71910299BC700983B8D /* GLScrollView.h */,
				E4E7C71A10299BC700983B8D /* GLScrollView.mm */,
				E4E7C71B10299BC700983B8D /* GLValuePickerView.h */,
				E4E7C71C10299BC700983B8D /* GLValuePickerView.mm */,
				E4E7C71D10299BC700983B8D /* instructions */,
				E4E7C72C10299BC700983B8D /* InstructionSet.h */,
				E4E7C72D10299BC700983B8D /* InstructionSet.mm */,
				E4E7C72E10299BC700983B8D /* main.mm */,
				E4E7C72F10299BC700983B8D /* MoveInstruction.h */,
				E4E7C73010299BC700983B8D /* MoveInstruction.mm */,
				E4E7C73110299BC700983B8D /* MoveUpInstruction.h */,
				E4E7C73210299BC700983B8D /* MoveUpInstruction.mm */,
				E4E7C73310299BC700983B8D /* testApp.h */,
				E4E7C73410299BC700983B8D /* testApp.mm */,
				E4E7C73510299BC700983B8D /* TouchEvent.h */,
				E4E7C73610299BC700983B8D /* TouchEvent.mm */,
				E4E7C73710299BC700983B8D /* turtle.h */,
				E4E7C73810299BC700983B8D /* turtle.mm */,
				E4E7C73B10299BC700983B8D /* utilities */,
				E4E7C73E10299BC700983B8D /* Vector2d.h */,
				E4E7C73F10299BC700983B8D /* Vector2d.m */,
				E4E7C74010299BC700983B8D /* vmath.cpp */,
				E4E7C74110299BC700983B8D /* vmath.h */,
			);
			path = src;
			sourceTree = "<group>";
		};
		BB3F144E0F4C6BF200A33527 /* core libraries */ = {
			isa = PBXGroup;
			children = (
				BBE5E9EF0F497D5F00F28951 /* gluIphone */,
				BBE5E9520F497C3100F28951 /* freetype */,
				BBE5E9AC0F497C3100F28951 /* freeimage */,
				29B97315FDCFA39411CA2CEA /* Other Sources */,
			);
			name = "core libraries";
			sourceTree = "<group>";
		};
		BB4B3DE30F7AFE100030C0C6 /* ofxiPhone */ = {
			isa = PBXGroup;
			children = (
				BB4B3DE40F7AFE100030C0C6 /* changelog.txt */,
				BB4B3E160F7AFE100030C0C6 /* LICENSE.txt */,
				BB4B3E170F7AFE100030C0C6 /* ofxiPhone.h */,
				BB4B3E180F7AFE100030C0C6 /* src */,
			);
			name = ofxiPhone;
			path = ../../../addons/ofxiPhone;
			sourceTree = SOURCE_ROOT;
		};
		BB4B3E180F7AFE100030C0C6 /* src */ = {
			isa = PBXGroup;
			children = (
				BB4B3E190F7AFE100030C0C6 /* EAGLView.h */,
				BB4B3E1A0F7AFE100030C0C6 /* EAGLView.mm */,
				BB4B3E1B0F7AFE100030C0C6 /* iPhoneAppDelegate.h */,
				BB4B3E1C0F7AFE100030C0C6 /* iPhoneAppDelegate.mm */,
				BB4B3E1D0F7AFE100030C0C6 /* iPhoneGlobals.h */,
				BB4B3E1E0F7AFE100030C0C6 /* iPhoneGlobals.mm */,
				BB4B3E1F0F7AFE100030C0C6 /* iPhoneSoundPlayer.mm */,
				BB4B3E200F7AFE100030C0C6 /* iPhoneSoundStream.mm */,
				BB4B3E210F7AFE100030C0C6 /* MSARootViewController.h */,
				BB4B3E220F7AFE100030C0C6 /* MSARootViewController.mm */,
				BB4B3E230F7AFE100030C0C6 /* ofAppiPhoneWindow.h */,
				BB4B3E240F7AFE100030C0C6 /* ofAppiPhoneWindow.mm */,
				BB4B3E250F7AFE100030C0C6 /* ofxiPhoneAccelerometer.mm */,
				BB4B3E260F7AFE100030C0C6 /* ofxiPhoneUtils.mm */,
			);
			path = src;
			sourceTree = "<group>";
		};
		BB4B3E270F7AFE100030C0C6 /* ofxMultiTouch */ = {
			isa = PBXGroup;
			children = (
				BB4B3E280F7AFE100030C0C6 /* changelog.txt */,
				BB4B3E290F7AFE100030C0C6 /* LICENSE.txt */,
				BB4B3E2A0F7AFE100030C0C6 /* src */,
			);
			name = ofxMultiTouch;
			path = ../../../addons/ofxMultiTouch;
			sourceTree = SOURCE_ROOT;
		};
		BB4B3E2A0F7AFE100030C0C6 /* src */ = {
			isa = PBXGroup;
			children = (
				BB4B3E2B0F7AFE100030C0C6 /* ofxMultiTouch.cpp */,
				BB4B3E2C0F7AFE100030C0C6 /* ofxMultiTouch.h */,
				BB4B3E2D0F7AFE100030C0C6 /* ofxMultiTouchListener.h */,
			);
			path = src;
			sourceTree = "<group>";
		};
		BB4B3E2E0F7AFE100030C0C6 /* ofxAccelerometer */ = {
			isa = PBXGroup;
			children = (
				BB4B3E2F0F7AFE100030C0C6 /* changelog.txt */,
				BB4B3E300F7AFE100030C0C6 /* LICENSE.txt */,
				BB4B3E310F7AFE100030C0C6 /* src */,
			);
			name = ofxAccelerometer;
			path = ../../../addons/ofxAccelerometer;
			sourceTree = SOURCE_ROOT;
		};
		BB4B3E310F7AFE100030C0C6 /* src */ = {
			isa = PBXGroup;
			children = (
				BB4B3E320F7AFE100030C0C6 /* ofxAccelerometer.cpp */,
				BB4B3E330F7AFE100030C0C6 /* ofxAccelerometer.h */,
			);
			path = src;
			sourceTree = "<group>";
		};
		BBD1C2750F39143F007FCFB3 /* data */ = {
			isa = PBXGroup;
			children = (
				5E5600FA100A6BFD00E0681A /* data */,
				5E0C6AD90FD1DBF300801469 /* fonts */,
				8D1107310486CEB800E47090 /* Info.plist */,
				BBD1C2770F39143F007FCFB3 /* Icon.png */,
				BBD1C2760F39143F007FCFB3 /* Default.png */,
			);
			path = data;
			sourceTree = "<group>";
		};
		BBE5E94E0F497BD800F28951 /* core */ = {
			isa = PBXGroup;
			children = (
				BB3F144E0F4C6BF200A33527 /* core libraries */,
				29B97323FDCFA39411CA2CEA /* core frameworks */,
			);
			name = core;
			sourceTree = "<group>";
		};
		BBE5E9520F497C3100F28951 /* freetype */ = {
			isa = PBXGroup;
			children = (
				BBE5E9530F497C3100F28951 /* include */,
				BBE5E9AA0F497C3100F28951 /* lib */,
			);
			name = freetype;
			path = ../../../libs/freetype;
			sourceTree = SOURCE_ROOT;
		};
		BBE5E9530F497C3100F28951 /* include */ = {
			isa = PBXGroup;
			children = (
				BBE5E9540F497C3100F28951 /* freetype */,
				BBE5E9A90F497C3100F28951 /* ft2build.h */,
			);
			path = include;
			sourceTree = "<group>";
		};
		BBE5E9540F497C3100F28951 /* freetype */ = {
			isa = PBXGroup;
			children = (
				BBE5E9550F497C3100F28951 /* config */,
				BBE5E95B0F497C3100F28951 /* freetype.h */,
				BBE5E95C0F497C3100F28951 /* ftbbox.h */,
				BBE5E95D0F497C3100F28951 /* ftbdf.h */,
				BBE5E95E0F497C3100F28951 /* ftbitmap.h */,
				BBE5E95F0F497C3100F28951 /* ftcache.h */,
				BBE5E9600F497C3100F28951 /* ftchapters.h */,
				BBE5E9610F497C3100F28951 /* ftcid.h */,
				BBE5E9620F497C3100F28951 /* fterrdef.h */,
				BBE5E9630F497C3100F28951 /* fterrors.h */,
				BBE5E9640F497C3100F28951 /* ftgasp.h */,
				BBE5E9650F497C3100F28951 /* ftglyph.h */,
				BBE5E9660F497C3100F28951 /* ftgxval.h */,
				BBE5E9670F497C3100F28951 /* ftgzip.h */,
				BBE5E9680F497C3100F28951 /* ftimage.h */,
				BBE5E9690F497C3100F28951 /* ftincrem.h */,
				BBE5E96A0F497C3100F28951 /* ftlcdfil.h */,
				BBE5E96B0F497C3100F28951 /* ftlist.h */,
				BBE5E96C0F497C3100F28951 /* ftlzw.h */,
				BBE5E96D0F497C3100F28951 /* ftmac.h */,
				BBE5E96E0F497C3100F28951 /* ftmm.h */,
				BBE5E96F0F497C3100F28951 /* ftmodapi.h */,
				BBE5E9700F497C3100F28951 /* ftmoderr.h */,
				BBE5E9710F497C3100F28951 /* ftotval.h */,
				BBE5E9720F497C3100F28951 /* ftoutln.h */,
				BBE5E9730F497C3100F28951 /* ftpfr.h */,
				BBE5E9740F497C3100F28951 /* ftrender.h */,
				BBE5E9750F497C3100F28951 /* ftsizes.h */,
				BBE5E9760F497C3100F28951 /* ftsnames.h */,
				BBE5E9770F497C3100F28951 /* ftstroke.h */,
				BBE5E9780F497C3100F28951 /* ftsynth.h */,
				BBE5E9790F497C3100F28951 /* ftsystem.h */,
				BBE5E97A0F497C3100F28951 /* fttrigon.h */,
				BBE5E97B0F497C3100F28951 /* fttypes.h */,
				BBE5E97C0F497C3100F28951 /* ftwinfnt.h */,
				BBE5E97D0F497C3100F28951 /* ftxf86.h */,
				BBE5E97E0F497C3100F28951 /* internal */,
				BBE5E9A40F497C3100F28951 /* t1tables.h */,
				BBE5E9A50F497C3100F28951 /* ttnameid.h */,
				BBE5E9A60F497C3100F28951 /* tttables.h */,
				BBE5E9A70F497C3100F28951 /* tttags.h */,
				BBE5E9A80F497C3100F28951 /* ttunpat.h */,
			);
			path = freetype;
			sourceTree = "<group>";
		};
		BBE5E9550F497C3100F28951 /* config */ = {
			isa = PBXGroup;
			children = (
				BBE5E9560F497C3100F28951 /* ftconfig.h */,
				BBE5E9570F497C3100F28951 /* ftheader.h */,
				BBE5E9580F497C3100F28951 /* ftmodule.h */,
				BBE5E9590F497C3100F28951 /* ftoption.h */,
				BBE5E95A0F497C3100F28951 /* ftstdlib.h */,
			);
			path = config;
			sourceTree = "<group>";
		};
		BBE5E97E0F497C3100F28951 /* internal */ = {
			isa = PBXGroup;
			children = (
				BBE5E97F0F497C3100F28951 /* autohint.h */,
				BBE5E9800F497C3100F28951 /* ftcalc.h */,
				BBE5E9810F497C3100F28951 /* ftdebug.h */,
				BBE5E9820F497C3100F28951 /* ftdriver.h */,
				BBE5E9830F497C3100F28951 /* ftgloadr.h */,
				BBE5E9840F497C3100F28951 /* ftmemory.h */,
				BBE5E9850F497C3100F28951 /* ftobjs.h */,
				BBE5E9860F497C3100F28951 /* ftrfork.h */,
				BBE5E9870F497C3100F28951 /* ftserv.h */,
				BBE5E9880F497C3100F28951 /* ftstream.h */,
				BBE5E9890F497C3100F28951 /* fttrace.h */,
				BBE5E98A0F497C3100F28951 /* ftvalid.h */,
				BBE5E98B0F497C3100F28951 /* internal.h */,
				BBE5E98C0F497C3100F28951 /* pcftypes.h */,
				BBE5E98D0F497C3100F28951 /* psaux.h */,
				BBE5E98E0F497C3100F28951 /* pshints.h */,
				BBE5E98F0F497C3100F28951 /* services */,
				BBE5E9A10F497C3100F28951 /* sfnt.h */,
				BBE5E9A20F497C3100F28951 /* t1types.h */,
				BBE5E9A30F497C3100F28951 /* tttypes.h */,
			);
			path = internal;
			sourceTree = "<group>";
		};
		BBE5E98F0F497C3100F28951 /* services */ = {
			isa = PBXGroup;
			children = (
				BBE5E9900F497C3100F28951 /* svbdf.h */,
				BBE5E9910F497C3100F28951 /* svcid.h */,
				BBE5E9920F497C3100F28951 /* svgldict.h */,
				BBE5E9930F497C3100F28951 /* svgxval.h */,
				BBE5E9940F497C3100F28951 /* svkern.h */,
				BBE5E9950F497C3100F28951 /* svmm.h */,
				BBE5E9960F497C3100F28951 /* svotval.h */,
				BBE5E9970F497C3100F28951 /* svpfr.h */,
				BBE5E9980F497C3100F28951 /* svpostnm.h */,
				BBE5E9990F497C3100F28951 /* svpscmap.h */,
				BBE5E99A0F497C3100F28951 /* svpsinfo.h */,
				BBE5E99B0F497C3100F28951 /* svsfnt.h */,
				BBE5E99C0F497C3100F28951 /* svttcmap.h */,
				BBE5E99D0F497C3100F28951 /* svtteng.h */,
				BBE5E99E0F497C3100F28951 /* svttglyf.h */,
				BBE5E99F0F497C3100F28951 /* svwinfnt.h */,
				BBE5E9A00F497C3100F28951 /* svxf86nm.h */,
			);
			path = services;
			sourceTree = "<group>";
		};
		BBE5E9AA0F497C3100F28951 /* lib */ = {
			isa = PBXGroup;
			children = (
				BBE5E9AB0F497C3100F28951 /* libFreeType_iphone_universal.a */,
			);
			path = lib;
			sourceTree = "<group>";
		};
		BBE5E9AC0F497C3100F28951 /* freeimage */ = {
			isa = PBXGroup;
			children = (
				BBE5E9AD0F497C3100F28951 /* include */,
				BBE5E9AF0F497C3100F28951 /* lib */,
			);
			name = freeimage;
			path = ../../../libs/freeimage;
			sourceTree = SOURCE_ROOT;
		};
		BBE5E9AD0F497C3100F28951 /* include */ = {
			isa = PBXGroup;
			children = (
				BBE5E9AE0F497C3100F28951 /* FreeImage.h */,
			);
			path = include;
			sourceTree = "<group>";
		};
		BBE5E9AF0F497C3100F28951 /* lib */ = {
			isa = PBXGroup;
			children = (
				BBE5E9B00F497C3100F28951 /* libFreeImage_iphone_universal.a */,
			);
			path = lib;
			sourceTree = "<group>";
		};
		BBE5E9EF0F497D5F00F28951 /* gluIphone */ = {
			isa = PBXGroup;
			children = (
				BBE5E9F00F497D5F00F28951 /* include */,
				BBE5E9F30F497D5F00F28951 /* libGLU.a */,
				BBE5E9F40F497D5F00F28951 /* libGLU_arm.a */,
			);
			name = gluIphone;
			path = ../../../libs/gluIphone;
			sourceTree = SOURCE_ROOT;
		};
		BBE5E9F00F497D5F00F28951 /* include */ = {
			isa = PBXGroup;
			children = (
				BBE5E9F10F497D5F00F28951 /* glu.h */,
				BBE5E9F20F497D5F00F28951 /* gluos.h */,
			);
			path = include;
			sourceTree = "<group>";
		};
		E414C1511029D4EE00636E01 /* addons */ = {
			isa = PBXGroup;
			children = (
			);
			path = addons;
			sourceTree = "<group>";
		};
		E4E7C71D10299BC700983B8D /* instructions */ = {
			isa = PBXGroup;
			children = (
				E4E7C71E10299BC700983B8D /* BaseInstruction.h */,
				E4E7C71F10299BC700983B8D /* BaseInstruction.mm */,
				E4E7C72010299BC700983B8D /* ColorInstruction.h */,
				E4E7C72110299BC700983B8D /* ColorInstruction.mm */,
				E4E7C72210299BC700983B8D /* ColorShiftInstruction.h */,
				E4E7C72310299BC700983B8D /* ColorShiftInstruction.mm */,
				E4E7C72410299BC700983B8D /* ForeverLoop.h */,
				E4E7C72510299BC700983B8D /* ForeverLoop.mm */,
				E4E7C72610299BC700983B8D /* LineWeightInstruction.h */,
				E4E7C72710299BC700983B8D /* LineWeightInstruction.mm */,
				E4E7C72810299BC700983B8D /* MovePitchInstruction.h */,
				E4E7C72910299BC700983B8D /* MovePitchInstruction.mm */,
				E4E7C72A10299BC700983B8D /* RepeatInstruction.h */,
				E4E7C72B10299BC700983B8D /* RepeatInstruction.mm */,
			);
			name = instructions;
			path = src/instructions;
			sourceTree = SOURCE_ROOT;
		};
		E4E7C73B10299BC700983B8D /* utilities */ = {
			isa = PBXGroup;
			children = (
				E4E7C73C10299BC700983B8D /* TransformUtils.h */,
				E4E7C73D10299BC700983B8D /* TransformUtils.mm */,
			);
			name = utilities;
			path = src/utilities;
			sourceTree = SOURCE_ROOT;
		};
/* End PBXGroup section */

/* Begin PBXNativeTarget section */
		1D6058900D05DD3D006BFB54 /* iPhone oF */ = {
			isa = PBXNativeTarget;
			buildConfigurationList = 1D6058960D05DD3E006BFB54 /* Build configuration list for PBXNativeTarget "iPhone oF" */;
			buildPhases = (
				1D60588D0D05DD3D006BFB54 /* Resources */,
				1D60588E0D05DD3D006BFB54 /* Sources */,
				1D60588F0D05DD3D006BFB54 /* Frameworks */,
			);
			buildRules = (
			);
			dependencies = (
			);
			name = "iPhone oF";
			productName = iPhone;
			productReference = 1D6058910D05DD3D006BFB54 /* logofighter.app */;
			productType = "com.apple.product-type.application";
		};
/* End PBXNativeTarget section */

/* Begin PBXProject section */
		29B97313FDCFA39411CA2CEA /* Project object */ = {
			isa = PBXProject;
			buildConfigurationList = C01FCF4E08A954540054247B /* Build configuration list for PBXProject "logo_fighter" */;
			compatibilityVersion = "Xcode 3.1";
			hasScannedForEncodings = 1;
			mainGroup = 29B97314FDCFA39411CA2CEA /* CustomTemplate */;
			projectDirPath = "";
			projectRoot = "";
			targets = (
				1D6058900D05DD3D006BFB54 /* iPhone oF */,
			);
		};
/* End PBXProject section */

/* Begin PBXResourcesBuildPhase section */
		1D60588D0D05DD3D006BFB54 /* Resources */ = {
			isa = PBXResourcesBuildPhase;
			buildActionMask = 2147483647;
			files = (
				BBD1C2780F39143F007FCFB3 /* Default.png in Resources */,
				BBD1C2790F39143F007FCFB3 /* Icon.png in Resources */,
				5E0C6ADC0FD1DBF300801469 /* InterBla in Resources */,
				5E0C6ADD0FD1DBF300801469 /* Interstate in Resources */,
				5E0C6B0B0FD1DDC500801469 /* Avenir_Medium.ttf in Resources */,
				5E5600FC100A6BFD00E0681A /* move_atlas.png in Resources */,
				5EE77D41100C22100035A344 /* control_atlas.png in Resources */,
				5E1CF79110123AD200C9C20D /* color_picker.png in Resources */,
				5ED76A6210167CD400126A8B /* bob.png in Resources */,
				5ED76AEC1016AEAF00126A8B /* bob2.png in Resources */,
				5ED76C4F1017E81400126A8B /* bob.png in Resources */,
				E4E7C9551029A5F300983B8D /* ProFont.ttf in Resources */,
			);
			runOnlyForDeploymentPostprocessing = 0;
		};
/* End PBXResourcesBuildPhase section */

/* Begin PBXSourcesBuildPhase section */
		1D60588E0D05DD3D006BFB54 /* Sources */ = {
			isa = PBXSourcesBuildPhase;
			buildActionMask = 2147483647;
			files = (
				BB16E9C90F2B1E6900518274 /* ofAppRunner.cpp in Sources */,
				BB16E9D40F2B1E6900518274 /* ofMath.cpp in Sources */,
				BB16E9D50F2B1E6900518274 /* ofUtils.cpp in Sources */,
				BB16EDCB0F2B368400518274 /* ofGraphics.cpp in Sources */,
				BB91E5520F4085C900AD1FB1 /* ofTexture.cpp in Sources */,
				BBE5E9F90F497D9200F28951 /* ofImage.cpp in Sources */,
				BBE5E9FA0F497D9500F28951 /* ofTrueTypeFont.cpp in Sources */,
				BB4B3E4D0F7AFE100030C0C6 /* EAGLView.mm in Sources */,
				BB4B3E4E0F7AFE100030C0C6 /* iPhoneAppDelegate.mm in Sources */,
				BB4B3E4F0F7AFE100030C0C6 /* iPhoneGlobals.mm in Sources */,
				BB4B3E500F7AFE100030C0C6 /* iPhoneSoundPlayer.mm in Sources */,
				BB4B3E510F7AFE100030C0C6 /* iPhoneSoundStream.mm in Sources */,
				BB4B3E520F7AFE100030C0C6 /* MSARootViewController.mm in Sources */,
				BB4B3E530F7AFE100030C0C6 /* ofAppiPhoneWindow.mm in Sources */,
				BB4B3E540F7AFE100030C0C6 /* ofxiPhoneAccelerometer.mm in Sources */,
				BB4B3E550F7AFE100030C0C6 /* ofxiPhoneUtils.mm in Sources */,
				BB4B3E580F7AFE100030C0C6 /* ofxMultiTouch.cpp in Sources */,
				BB4B3E5B0F7AFE100030C0C6 /* ofxAccelerometer.cpp in Sources */,
				E4E7C74210299BC700983B8D /* CGPointUtils.m in Sources */,
				E4E7C74310299BC700983B8D /* Color.mm in Sources */,
				E4E7C74410299BC700983B8D /* colorScheme.mm in Sources */,
				E4E7C74510299BC700983B8D /* ConnectionNode.mm in Sources */,
				E4E7C74610299BC700983B8D /* CustomEventResponder.mm in Sources */,
				E4E7C74710299BC700983B8D /* DrawSprite.cpp in Sources */,
				E4E7C74810299BC700983B8D /* editor_screen.m in Sources */,
				E4E7C74910299BC700983B8D /* EditorScreen.mm in Sources */,
				E4E7C74A10299BC700983B8D /* Events.mm in Sources */,
				E4E7C74B10299BC700983B8D /* GLButton.mm in Sources */,
				E4E7C74C10299BC700983B8D /* GLColorPickerView.mm in Sources */,
				E4E7C74D10299BC700983B8D /* glHelper.mm in Sources */,
				E4E7C74E10299BC700983B8D /* GLPickerView.mm in Sources */,
				E4E7C74F10299BC700983B8D /* GLScrollView.mm in Sources */,
				E4E7C75010299BC700983B8D /* GLValuePickerView.mm in Sources */,
				E4E7C75110299BC700983B8D /* BaseInstruction.mm in Sources */,
				E4E7C75210299BC700983B8D /* ColorInstruction.mm in Sources */,
				E4E7C75310299BC700983B8D /* ColorShiftInstruction.mm in Sources */,
				E4E7C75410299BC700983B8D /* ForeverLoop.mm in Sources */,
				E4E7C75510299BC700983B8D /* LineWeightInstruction.mm in Sources */,
				E4E7C75610299BC700983B8D /* MovePitchInstruction.mm in Sources */,
				E4E7C75710299BC700983B8D /* RepeatInstruction.mm in Sources */,
				E4E7C75810299BC700983B8D /* InstructionSet.mm in Sources */,
				E4E7C75910299BC700983B8D /* main.mm in Sources */,
				E4E7C75A10299BC700983B8D /* MoveInstruction.mm in Sources */,
				E4E7C75B10299BC700983B8D /* MoveUpInstruction.mm in Sources */,
				E4E7C75C10299BC700983B8D /* testApp.mm in Sources */,
				E4E7C75D10299BC700983B8D /* TouchEvent.mm in Sources */,
				E4E7C75E10299BC700983B8D /* turtle.mm in Sources */,
				E4E7C76010299BC700983B8D /* TransformUtils.mm in Sources */,
				E4E7C76110299BC700983B8D /* Vector2d.m in Sources */,
				E4E7C76210299BC700983B8D /* vmath.cpp in Sources */,
				E4E7C76510299BD400983B8D /* StartInstruction.mm in Sources */,
				E4E7C8A010299F2100983B8D /* MoveArbInstruction.mm in Sources */,
				E4E7C8A110299F2100983B8D /* MoveLeftInstruction.mm in Sources */,
			);
			runOnlyForDeploymentPostprocessing = 0;
		};
/* End PBXSourcesBuildPhase section */

/* Begin XCBuildConfiguration section */
		1D6058940D05DD3E006BFB54 /* Debug */ = {
			isa = XCBuildConfiguration;
			buildSettings = {
				ALWAYS_SEARCH_USER_PATHS = NO;
				"CODE_SIGN_IDENTITY[sdk=iphoneos2.1]" = "Don't Code Sign";
				COPY_PHASE_STRIP = NO;
				GCC_DYNAMIC_NO_PIC = NO;
				GCC_OPTIMIZATION_LEVEL = 0;
				GCC_PRECOMPILE_PREFIX_HEADER = YES;
				GCC_PREFIX_HEADER = iPhone_Prefix.pch;
				GCC_THUMB_SUPPORT = NO;
				HEADER_SEARCH_PATHS = "../../../libs/freetype/**";
				INFOPLIST_FILE = Info.plist;
				LIBRARY_SEARCH_PATHS = (
					"$(inherited)",
					"\"$(SRCROOT)/../../../libs/freetype/lib\"",
					"\"$(SRCROOT)/../../../libs/freeimage/lib\"",
					"\"$(SRCROOT)/../../../libs/gluIphone\"",
				);
				PRODUCT_NAME = logofighter;
			};
			name = Debug;
		};
		1D6058950D05DD3E006BFB54 /* Release */ = {
			isa = XCBuildConfiguration;
			buildSettings = {
				ALWAYS_SEARCH_USER_PATHS = NO;
				CODE_SIGN_ENTITLEMENTS = "";
				"CODE_SIGN_IDENTITY[sdk=iphoneos2.1]" = "Don't Code Sign";
				COPY_PHASE_STRIP = YES;
				GCC_PRECOMPILE_PREFIX_HEADER = YES;
				GCC_PREFIX_HEADER = iPhone_Prefix.pch;
				GCC_THUMB_SUPPORT = NO;
				HEADER_SEARCH_PATHS = "../../../libs/freetype/**";
				INFOPLIST_FILE = Info.plist;
				LIBRARY_SEARCH_PATHS = (
					"$(inherited)",
					"\"$(SRCROOT)/../../../libs/freetype/lib\"",
					"\"$(SRCROOT)/../../../libs/freeimage/lib\"",
					"\"$(SRCROOT)/../../../libs/gluIphone\"",
				);
				PRODUCT_NAME = logofighter;
			};
			name = Release;
		};
		BBD1C20A0F391092007FCFB3 /* Distribution */ = {
			isa = XCBuildConfiguration;
			buildSettings = {
				ARCHS = "$(ARCHS_STANDARD_32_BIT)";
				"CODE_SIGN_IDENTITY[sdk=iphoneos*]" = "Don't Code Sign";
				GCC_C_LANGUAGE_STANDARD = "compiler-default";
				GCC_OBJC_CALL_CXX_CDTORS = YES;
				GCC_WARN_ABOUT_POINTER_SIGNEDNESS = NO;
				GCC_WARN_ABOUT_RETURN_TYPE = NO;
				GCC_WARN_ALLOW_INCOMPLETE_PROTOCOL = NO;
				GCC_WARN_UNUSED_VARIABLE = YES;
				PREBINDING = NO;
				SDKROOT = iphoneos2.1;
			};
			name = Distribution;
		};
		BBD1C20B0F391092007FCFB3 /* Distribution */ = {
			isa = XCBuildConfiguration;
			buildSettings = {
				ALWAYS_SEARCH_USER_PATHS = NO;
				"CODE_SIGN_IDENTITY[sdk=iphoneos2.1]" = "Don't Code Sign";
				COPY_PHASE_STRIP = YES;
				GCC_PRECOMPILE_PREFIX_HEADER = YES;
				GCC_PREFIX_HEADER = iPhone_Prefix.pch;
				GCC_THUMB_SUPPORT = NO;
				HEADER_SEARCH_PATHS = "../../../libs/freetype/**";
				INFOPLIST_FILE = Info.plist;
				LIBRARY_SEARCH_PATHS = (
					"$(inherited)",
					"\"$(SRCROOT)/../../../libs/freetype/lib\"",
					"\"$(SRCROOT)/../../../libs/freeimage/lib\"",
					"\"$(SRCROOT)/../../../libs/gluIphone\"",
				);
				PRODUCT_NAME = logofighter;
			};
			name = Distribution;
		};
		C01FCF4F08A954540054247B /* Debug */ = {
			isa = XCBuildConfiguration;
			buildSettings = {
				ARCHS = "$(ARCHS_STANDARD_32_BIT)";
				"CODE_SIGN_IDENTITY[sdk=iphoneos*]" = "Don't Code Sign";
				COMPRESS_PNG_FILES = NO;
				GCC_C_LANGUAGE_STANDARD = "compiler-default";
				GCC_OBJC_CALL_CXX_CDTORS = YES;
				GCC_WARN_ABOUT_POINTER_SIGNEDNESS = NO;
				GCC_WARN_ABOUT_RETURN_TYPE = NO;
				GCC_WARN_ALLOW_INCOMPLETE_PROTOCOL = NO;
				GCC_WARN_UNUSED_VARIABLE = YES;
				ONLY_ACTIVE_ARCH = YES;
				PREBINDING = NO;
				SDKROOT = iphoneos2.1;
			};
			name = Debug;
		};
		C01FCF5008A954540054247B /* Release */ = {
			isa = XCBuildConfiguration;
			buildSettings = {
				ARCHS = "$(ARCHS_STANDARD_32_BIT)";
				"CODE_SIGN_IDENTITY[sdk=iphoneos*]" = "Don't Code Sign";
				GCC_C_LANGUAGE_STANDARD = "compiler-default";
				GCC_OBJC_CALL_CXX_CDTORS = YES;
				GCC_WARN_ABOUT_POINTER_SIGNEDNESS = NO;
				GCC_WARN_ABOUT_RETURN_TYPE = NO;
				GCC_WARN_ALLOW_INCOMPLETE_PROTOCOL = NO;
				GCC_WARN_UNUSED_VARIABLE = YES;
				PREBINDING = NO;
				SDKROOT = iphoneos2.1;
			};
			name = Release;
		};
/* End XCBuildConfiguration section */

/* Begin XCConfigurationList section */
		1D6058960D05DD3E006BFB54 /* Build configuration list for PBXNativeTarget "iPhone oF" */ = {
			isa = XCConfigurationList;
			buildConfigurations = (
				1D6058940D05DD3E006BFB54 /* Debug */,
				1D6058950D05DD3E006BFB54 /* Release */,
				BBD1C20B0F391092007FCFB3 /* Distribution */,
			);
			defaultConfigurationIsVisible = 0;
			defaultConfigurationName = Release;
		};
		C01FCF4E08A954540054247B /* Build configuration list for PBXProject "logo_fighter" */ = {
			isa = XCConfigurationList;
			buildConfigurations = (
				C01FCF4F08A954540054247B /* Debug */,
				C01FCF5008A954540054247B /* Release */,
				BBD1C20A0F391092007FCFB3 /* Distribution */,
			);
			defaultConfigurationIsVisible = 0;
			defaultConfigurationName = Release;
		};
/* End XCConfigurationList section */
	};
	rootObject = 29B97313FDCFA39411CA2CEA /* Project object */;
}
